
Microsoft Visual Studio Solution File, Format Version 12.00
# Visual Studio Version 16
VisualStudioVersion = 16.0.30204.135
MinimumVisualStudioVersion = 10.0.40219.1
Project("{2150E333-8FDC-42A3-9474-1A3956D46DE8}") = "Applications", "Applications", "{2DFBA4A7-D183-41DB-931F-3C6B51A44A9A}"
EndProject
Project("{2150E333-8FDC-42A3-9474-1A3956D46DE8}") = "Services", "Services", "{82B33B29-EAAB-4B27-B595-3F62E0814278}"
EndProject
Project("{2150E333-8FDC-42A3-9474-1A3956D46DE8}") = "Domain", "Domain", "{10EFFB09-355A-4361-8560-1CB1D602755F}"
EndProject
Project("{2150E333-8FDC-42A3-9474-1A3956D46DE8}") = "Data", "Data", "{EF5BBBBE-8652-4DDA-A10B-AAA89EC8CC64}"
EndProject
Project("{2150E333-8FDC-42A3-9474-1A3956D46DE8}") = "Common", "Common", "{CF0BF53F-B5DB-40EB-A16A-EE4E9235C318}"
EndProject
Project("{2150E333-8FDC-42A3-9474-1A3956D46DE8}") = "Tests", "Tests", "{D5861737-A0F8-4268-BD0F-5DBCAACAAF30}"
EndProject
Project("{2150E333-8FDC-42A3-9474-1A3956D46DE8}") = "Shared", "Shared", "{C9D5D2BC-188E-4D19-BEEE-967463B1EB44}"
EndProject
Project("{2150E333-8FDC-42A3-9474-1A3956D46DE8}") = "Abstractions", "Abstractions", "{E33EFC8F-FBBF-438A-827B-1114F13AB9EF}"
EndProject
Project("{9A19103F-16F7-4668-BE54-9A1E7A4F7556}") = "Apps.Shared.Abstractions.Services", "Applications\Shared\Abstractions\Services\Apps.Shared.Abstractions.Services.csproj", "{E3F487E6-9424-4EE9-9CB9-5D548E1EFF86}"
EndProject
Project("{9A19103F-16F7-4668-BE54-9A1E7A4F7556}") = "Apps.Shared.Abstractions.ViewModels", "Applications\Shared\Abstractions\ViewModels\Apps.Shared.Abstractions.ViewModels.csproj", "{F2EC2C00-C21E-405B-A73C-570381F67AEB}"
EndProject
Project("{9A19103F-16F7-4668-BE54-9A1E7A4F7556}") = "Apps.Shared.Services", "Applications\Shared\Services\Apps.Shared.Services.csproj", "{9932134C-F26B-4898-9133-CA3770130107}"
EndProject
Project("{9A19103F-16F7-4668-BE54-9A1E7A4F7556}") = "Apps.Shared.ViewModels", "Applications\Shared\ViewModels\Apps.Shared.ViewModels.csproj", "{BEDA1683-EE81-4109-A518-0C96C8091A17}"
EndProject
Project("{9A19103F-16F7-4668-BE54-9A1E7A4F7556}") = "Apps.Web.BlazorServer", "Applications\Web\BlazorServer\Apps.Web.BlazorServer.csproj", "{5F3A5115-4841-4334-8B64-DC6CA9C5D507}"
EndProject
Project("{2150E333-8FDC-42A3-9474-1A3956D46DE8}") = "Web", "Web", "{0EFDA57B-7FED-4CF7-8DAC-64FAF5D3106F}"
EndProject
Project("{2150E333-8FDC-42A3-9474-1A3956D46DE8}") = "Shared", "Shared", "{61B132CC-F8C5-4F75-B382-2AABCCA40E09}"
EndProject
Project("{9A19103F-16F7-4668-BE54-9A1E7A4F7556}") = "Apps.Web.SharedUI.Blazor", "Applications\Web\SharedUI.Blazor\Apps.Web.SharedUI.Blazor.csproj", "{7FEE6407-7323-44A2-8707-5FD34F0A11DD}"
EndProject
Project("{9A19103F-16F7-4668-BE54-9A1E7A4F7556}") = "Apps.Web.BlazorClient", "Applications\Web\BlazorClient\Apps.Web.BlazorClient.csproj", "{00706016-D722-44AB-93CA-D38165ADEB6C}"
EndProject
Project("{9A19103F-16F7-4668-BE54-9A1E7A4F7556}") = "Apps.Web.BlazorServerDirect", "Applications\Web\BlazorServerDirect\Apps.Web.BlazorServerDirect.csproj", "{50AD7B02-A7DB-40E5-BABE-51B8E2BAC9D9}"
EndProject
Project("{9A19103F-16F7-4668-BE54-9A1E7A4F7556}") = "Services.Unified", "Services\Unified\Services.Unified.csproj", "{4D160A2C-410F-49A6-B926-A5F5374CB589}"
EndProject
Project("{9A19103F-16F7-4668-BE54-9A1E7A4F7556}") = "Data.Entity", "Data\Entity\Data.Entity.csproj", "{5493F723-FE17-42F3-862E-6A5C493156E4}"
EndProject
Project("{9A19103F-16F7-4668-BE54-9A1E7A4F7556}") = "Data.Entity.Utils", "Data\Entity.Utils\Data.Entity.Utils.csproj", "{4DE756B9-1EBA-4AB5-B384-CE5324B3C03C}"
EndProject
Project("{9A19103F-16F7-4668-BE54-9A1E7A4F7556}") = "Data.Query", "Data\Query\Data.Query.csproj", "{F0D96B35-599F-497A-87CB-A3EC94CD7AF0}"
EndProject
Project("{9A19103F-16F7-4668-BE54-9A1E7A4F7556}") = "Data.Repository", "Data\Repository\Data.Repository.csproj", "{43AE589E-2CD0-4383-AF91-8B62DFC09085}"
EndProject
Project("{9A19103F-16F7-4668-BE54-9A1E7A4F7556}") = "Data.Repository.Interfaces", "Data\Repository.Interfaces\Data.Repository.Interfaces.csproj", "{E23D7140-50C3-49A1-8D02-B1764134B2AC}"
EndProject
Project("{9A19103F-16F7-4668-BE54-9A1E7A4F7556}") = "Domain.Abstractions", "Domain\Abstractions\Domain.Abstractions.csproj", "{20993D7E-60CD-47E3-9E1C-1EB90D9A6B95}"
EndProject
Project("{9A19103F-16F7-4668-BE54-9A1E7A4F7556}") = "Domain.Extensions", "Domain\Extensions\Domain.Extensions.csproj", "{212F1BDC-7287-4FEB-A655-F97CC760FC3C}"
EndProject
Project("{9A19103F-16F7-4668-BE54-9A1E7A4F7556}") = "Domain.Models", "Domain\Models\Domain.Models.csproj", "{2F97759E-375E-4FC7-BFAB-50D8C4EBB46E}"
EndProject
Project("{9A19103F-16F7-4668-BE54-9A1E7A4F7556}") = "Common.DTO", "Common\DTO\Common.DTO.csproj", "{B6235234-9C0D-4495-83A4-2928422944B7}"
EndProject
Project("{9A19103F-16F7-4668-BE54-9A1E7A4F7556}") = "Common.Extentions.DependencyInjection", "Common\Extentions.DependencyInjection\Common.Extentions.DependencyInjection.csproj", "{A523806C-A469-4D8F-8E46-FFF84E1CF933}"
EndProject
Project("{9A19103F-16F7-4668-BE54-9A1E7A4F7556}") = "Services.Abstractions", "Services\Abstractions\Services.Abstractions.csproj", "{90CCF158-260C-4A5B-8925-12CF6101B670}"
EndProject
Project("{9A19103F-16F7-4668-BE54-9A1E7A4F7556}") = "Services.GraphTypes", "Services\GraphTypes\Services.GraphTypes.csproj", "{E35AD521-9D37-4BF9-A214-45C02DFBB3B0}"
EndProject
Project("{9A19103F-16F7-4668-BE54-9A1E7A4F7556}") = "Common.DTO.Abstractions", "Common\DTO.Abstractions\Common.DTO.Abstractions.csproj", "{D1042F23-5555-4D24-8E79-1BE60BF0B9FB}"
EndProject
Project("{9A19103F-16F7-4668-BE54-9A1E7A4F7556}") = "SDK.Abstractions", "Common\SDK.Abstractions\SDK.Abstractions.csproj", "{BDA736C9-7922-49D5-A4B8-A4C35B70423E}"
EndProject
Project("{9A19103F-16F7-4668-BE54-9A1E7A4F7556}") = "SDK", "Common\SDK\SDK.csproj", "{32DE7225-DFA0-40F4-8378-9B44FB7B9CA3}"
EndProject
Project("{9A19103F-16F7-4668-BE54-9A1E7A4F7556}") = "SDK.Extensions", "Common\SDK.Extensions\SDK.Extensions.csproj", "{F1E77D14-6C5C-4A4C-A7D9-639382C722F8}"
EndProject
Project("{9A19103F-16F7-4668-BE54-9A1E7A4F7556}") = "Apps.Shared.ViewModels.Mappers.Domain", "Applications\Shared\ViewModels.Mappers\Domain\Apps.Shared.ViewModels.Mappers.Domain.csproj", "{31B993C9-2B40-4E9E-B91B-C1A6A5B3B99D}"
EndProject
Project("{9A19103F-16F7-4668-BE54-9A1E7A4F7556}") = "Apps.Shared.ViewModels.Mappers.DTO", "Applications\Shared\ViewModels.Mappers\DTO\Apps.Shared.ViewModels.Mappers.DTO.csproj", "{E52928FB-1ED2-4D0A-838F-7514F2035BEA}"
EndProject
Project("{9A19103F-16F7-4668-BE54-9A1E7A4F7556}") = "Apps.Shared.StaticAssets", "Applications\Shared\StaticAssets\Apps.Shared.StaticAssets.csproj", "{D70AEEF9-38DA-44A5-88E1-1E5870BF2994}"
EndProject
Global
	GlobalSection(SolutionConfigurationPlatforms) = preSolution
		Debug|Any CPU = Debug|Any CPU
		Release|Any CPU = Release|Any CPU
	EndGlobalSection
	GlobalSection(ProjectConfigurationPlatforms) = postSolution
		{E3F487E6-9424-4EE9-9CB9-5D548E1EFF86}.Debug|Any CPU.ActiveCfg = Debug|Any CPU
		{E3F487E6-9424-4EE9-9CB9-5D548E1EFF86}.Debug|Any CPU.Build.0 = Debug|Any CPU
		{E3F487E6-9424-4EE9-9CB9-5D548E1EFF86}.Release|Any CPU.ActiveCfg = Release|Any CPU
		{E3F487E6-9424-4EE9-9CB9-5D548E1EFF86}.Release|Any CPU.Build.0 = Release|Any CPU
		{F2EC2C00-C21E-405B-A73C-570381F67AEB}.Debug|Any CPU.ActiveCfg = Debug|Any CPU
		{F2EC2C00-C21E-405B-A73C-570381F67AEB}.Debug|Any CPU.Build.0 = Debug|Any CPU
		{F2EC2C00-C21E-405B-A73C-570381F67AEB}.Release|Any CPU.ActiveCfg = Release|Any CPU
		{F2EC2C00-C21E-405B-A73C-570381F67AEB}.Release|Any CPU.Build.0 = Release|Any CPU
		{9932134C-F26B-4898-9133-CA3770130107}.Debug|Any CPU.ActiveCfg = Debug|Any CPU
		{9932134C-F26B-4898-9133-CA3770130107}.Debug|Any CPU.Build.0 = Debug|Any CPU
		{9932134C-F26B-4898-9133-CA3770130107}.Release|Any CPU.ActiveCfg = Release|Any CPU
		{9932134C-F26B-4898-9133-CA3770130107}.Release|Any CPU.Build.0 = Release|Any CPU
		{BEDA1683-EE81-4109-A518-0C96C8091A17}.Debug|Any CPU.ActiveCfg = Debug|Any CPU
		{BEDA1683-EE81-4109-A518-0C96C8091A17}.Debug|Any CPU.Build.0 = Debug|Any CPU
		{BEDA1683-EE81-4109-A518-0C96C8091A17}.Release|Any CPU.ActiveCfg = Release|Any CPU
		{BEDA1683-EE81-4109-A518-0C96C8091A17}.Release|Any CPU.Build.0 = Release|Any CPU
		{5F3A5115-4841-4334-8B64-DC6CA9C5D507}.Debug|Any CPU.ActiveCfg = Debug|Any CPU
		{5F3A5115-4841-4334-8B64-DC6CA9C5D507}.Debug|Any CPU.Build.0 = Debug|Any CPU
		{5F3A5115-4841-4334-8B64-DC6CA9C5D507}.Release|Any CPU.ActiveCfg = Release|Any CPU
		{5F3A5115-4841-4334-8B64-DC6CA9C5D507}.Release|Any CPU.Build.0 = Release|Any CPU
		{7FEE6407-7323-44A2-8707-5FD34F0A11DD}.Debug|Any CPU.ActiveCfg = Debug|Any CPU
		{7FEE6407-7323-44A2-8707-5FD34F0A11DD}.Debug|Any CPU.Build.0 = Debug|Any CPU
		{7FEE6407-7323-44A2-8707-5FD34F0A11DD}.Release|Any CPU.ActiveCfg = Release|Any CPU
		{7FEE6407-7323-44A2-8707-5FD34F0A11DD}.Release|Any CPU.Build.0 = Release|Any CPU
		{00706016-D722-44AB-93CA-D38165ADEB6C}.Debug|Any CPU.ActiveCfg = Debug|Any CPU
		{00706016-D722-44AB-93CA-D38165ADEB6C}.Debug|Any CPU.Build.0 = Debug|Any CPU
		{00706016-D722-44AB-93CA-D38165ADEB6C}.Release|Any CPU.ActiveCfg = Release|Any CPU
		{00706016-D722-44AB-93CA-D38165ADEB6C}.Release|Any CPU.Build.0 = Release|Any CPU
		{50AD7B02-A7DB-40E5-BABE-51B8E2BAC9D9}.Debug|Any CPU.ActiveCfg = Debug|Any CPU
		{50AD7B02-A7DB-40E5-BABE-51B8E2BAC9D9}.Debug|Any CPU.Build.0 = Debug|Any CPU
		{50AD7B02-A7DB-40E5-BABE-51B8E2BAC9D9}.Release|Any CPU.ActiveCfg = Release|Any CPU
		{50AD7B02-A7DB-40E5-BABE-51B8E2BAC9D9}.Release|Any CPU.Build.0 = Release|Any CPU
		{4D160A2C-410F-49A6-B926-A5F5374CB589}.Debug|Any CPU.ActiveCfg = Debug|Any CPU
		{4D160A2C-410F-49A6-B926-A5F5374CB589}.Debug|Any CPU.Build.0 = Debug|Any CPU
		{4D160A2C-410F-49A6-B926-A5F5374CB589}.Release|Any CPU.ActiveCfg = Release|Any CPU
		{4D160A2C-410F-49A6-B926-A5F5374CB589}.Release|Any CPU.Build.0 = Release|Any CPU
		{5493F723-FE17-42F3-862E-6A5C493156E4}.Debug|Any CPU.ActiveCfg = Debug|Any CPU
		{5493F723-FE17-42F3-862E-6A5C493156E4}.Debug|Any CPU.Build.0 = Debug|Any CPU
		{5493F723-FE17-42F3-862E-6A5C493156E4}.Release|Any CPU.ActiveCfg = Release|Any CPU
		{5493F723-FE17-42F3-862E-6A5C493156E4}.Release|Any CPU.Build.0 = Release|Any CPU
		{4DE756B9-1EBA-4AB5-B384-CE5324B3C03C}.Debug|Any CPU.ActiveCfg = Debug|Any CPU
		{4DE756B9-1EBA-4AB5-B384-CE5324B3C03C}.Debug|Any CPU.Build.0 = Debug|Any CPU
		{4DE756B9-1EBA-4AB5-B384-CE5324B3C03C}.Release|Any CPU.ActiveCfg = Release|Any CPU
		{4DE756B9-1EBA-4AB5-B384-CE5324B3C03C}.Release|Any CPU.Build.0 = Release|Any CPU
		{F0D96B35-599F-497A-87CB-A3EC94CD7AF0}.Debug|Any CPU.ActiveCfg = Debug|Any CPU
		{F0D96B35-599F-497A-87CB-A3EC94CD7AF0}.Debug|Any CPU.Build.0 = Debug|Any CPU
		{F0D96B35-599F-497A-87CB-A3EC94CD7AF0}.Release|Any CPU.ActiveCfg = Release|Any CPU
		{F0D96B35-599F-497A-87CB-A3EC94CD7AF0}.Release|Any CPU.Build.0 = Release|Any CPU
		{43AE589E-2CD0-4383-AF91-8B62DFC09085}.Debug|Any CPU.ActiveCfg = Debug|Any CPU
		{43AE589E-2CD0-4383-AF91-8B62DFC09085}.Debug|Any CPU.Build.0 = Debug|Any CPU
		{43AE589E-2CD0-4383-AF91-8B62DFC09085}.Release|Any CPU.ActiveCfg = Release|Any CPU
		{43AE589E-2CD0-4383-AF91-8B62DFC09085}.Release|Any CPU.Build.0 = Release|Any CPU
		{E23D7140-50C3-49A1-8D02-B1764134B2AC}.Debug|Any CPU.ActiveCfg = Debug|Any CPU
		{E23D7140-50C3-49A1-8D02-B1764134B2AC}.Debug|Any CPU.Build.0 = Debug|Any CPU
		{E23D7140-50C3-49A1-8D02-B1764134B2AC}.Release|Any CPU.ActiveCfg = Release|Any CPU
		{E23D7140-50C3-49A1-8D02-B1764134B2AC}.Release|Any CPU.Build.0 = Release|Any CPU
		{20993D7E-60CD-47E3-9E1C-1EB90D9A6B95}.Debug|Any CPU.ActiveCfg = Debug|Any CPU
		{20993D7E-60CD-47E3-9E1C-1EB90D9A6B95}.Debug|Any CPU.Build.0 = Debug|Any CPU
		{20993D7E-60CD-47E3-9E1C-1EB90D9A6B95}.Release|Any CPU.ActiveCfg = Release|Any CPU
		{20993D7E-60CD-47E3-9E1C-1EB90D9A6B95}.Release|Any CPU.Build.0 = Release|Any CPU
		{212F1BDC-7287-4FEB-A655-F97CC760FC3C}.Debug|Any CPU.ActiveCfg = Debug|Any CPU
		{212F1BDC-7287-4FEB-A655-F97CC760FC3C}.Debug|Any CPU.Build.0 = Debug|Any CPU
		{212F1BDC-7287-4FEB-A655-F97CC760FC3C}.Release|Any CPU.ActiveCfg = Release|Any CPU
		{212F1BDC-7287-4FEB-A655-F97CC760FC3C}.Release|Any CPU.Build.0 = Release|Any CPU
		{2F97759E-375E-4FC7-BFAB-50D8C4EBB46E}.Debug|Any CPU.ActiveCfg = Debug|Any CPU
		{2F97759E-375E-4FC7-BFAB-50D8C4EBB46E}.Debug|Any CPU.Build.0 = Debug|Any CPU
		{2F97759E-375E-4FC7-BFAB-50D8C4EBB46E}.Release|Any CPU.ActiveCfg = Release|Any CPU
		{2F97759E-375E-4FC7-BFAB-50D8C4EBB46E}.Release|Any CPU.Build.0 = Release|Any CPU
		{B6235234-9C0D-4495-83A4-2928422944B7}.Debug|Any CPU.ActiveCfg = Debug|Any CPU
		{B6235234-9C0D-4495-83A4-2928422944B7}.Debug|Any CPU.Build.0 = Debug|Any CPU
		{B6235234-9C0D-4495-83A4-2928422944B7}.Release|Any CPU.ActiveCfg = Release|Any CPU
		{B6235234-9C0D-4495-83A4-2928422944B7}.Release|Any CPU.Build.0 = Release|Any CPU
		{A523806C-A469-4D8F-8E46-FFF84E1CF933}.Debug|Any CPU.ActiveCfg = Debug|Any CPU
		{A523806C-A469-4D8F-8E46-FFF84E1CF933}.Debug|Any CPU.Build.0 = Debug|Any CPU
		{A523806C-A469-4D8F-8E46-FFF84E1CF933}.Release|Any CPU.ActiveCfg = Release|Any CPU
		{A523806C-A469-4D8F-8E46-FFF84E1CF933}.Release|Any CPU.Build.0 = Release|Any CPU
		{90CCF158-260C-4A5B-8925-12CF6101B670}.Debug|Any CPU.ActiveCfg = Debug|Any CPU
		{90CCF158-260C-4A5B-8925-12CF6101B670}.Debug|Any CPU.Build.0 = Debug|Any CPU
		{90CCF158-260C-4A5B-8925-12CF6101B670}.Release|Any CPU.ActiveCfg = Release|Any CPU
		{90CCF158-260C-4A5B-8925-12CF6101B670}.Release|Any CPU.Build.0 = Release|Any CPU
		{E35AD521-9D37-4BF9-A214-45C02DFBB3B0}.Debug|Any CPU.ActiveCfg = Debug|Any CPU
		{E35AD521-9D37-4BF9-A214-45C02DFBB3B0}.Debug|Any CPU.Build.0 = Debug|Any CPU
		{E35AD521-9D37-4BF9-A214-45C02DFBB3B0}.Release|Any CPU.ActiveCfg = Release|Any CPU
		{E35AD521-9D37-4BF9-A214-45C02DFBB3B0}.Release|Any CPU.Build.0 = Release|Any CPU
		{D1042F23-5555-4D24-8E79-1BE60BF0B9FB}.Debug|Any CPU.ActiveCfg = Debug|Any CPU
		{D1042F23-5555-4D24-8E79-1BE60BF0B9FB}.Debug|Any CPU.Build.0 = Debug|Any CPU
		{D1042F23-5555-4D24-8E79-1BE60BF0B9FB}.Release|Any CPU.ActiveCfg = Release|Any CPU
		{D1042F23-5555-4D24-8E79-1BE60BF0B9FB}.Release|Any CPU.Build.0 = Release|Any CPU
		{BDA736C9-7922-49D5-A4B8-A4C35B70423E}.Debug|Any CPU.ActiveCfg = Debug|Any CPU
		{BDA736C9-7922-49D5-A4B8-A4C35B70423E}.Debug|Any CPU.Build.0 = Debug|Any CPU
		{BDA736C9-7922-49D5-A4B8-A4C35B70423E}.Release|Any CPU.ActiveCfg = Release|Any CPU
		{BDA736C9-7922-49D5-A4B8-A4C35B70423E}.Release|Any CPU.Build.0 = Release|Any CPU
		{32DE7225-DFA0-40F4-8378-9B44FB7B9CA3}.Debug|Any CPU.ActiveCfg = Debug|Any CPU
		{32DE7225-DFA0-40F4-8378-9B44FB7B9CA3}.Debug|Any CPU.Build.0 = Debug|Any CPU
		{32DE7225-DFA0-40F4-8378-9B44FB7B9CA3}.Release|Any CPU.ActiveCfg = Release|Any CPU
		{32DE7225-DFA0-40F4-8378-9B44FB7B9CA3}.Release|Any CPU.Build.0 = Release|Any CPU
		{F1E77D14-6C5C-4A4C-A7D9-639382C722F8}.Debug|Any CPU.ActiveCfg = Debug|Any CPU
		{F1E77D14-6C5C-4A4C-A7D9-639382C722F8}.Debug|Any CPU.Build.0 = Debug|Any CPU
		{F1E77D14-6C5C-4A4C-A7D9-639382C722F8}.Release|Any CPU.ActiveCfg = Release|Any CPU
		{F1E77D14-6C5C-4A4C-A7D9-639382C722F8}.Release|Any CPU.Build.0 = Release|Any CPU
		{31B993C9-2B40-4E9E-B91B-C1A6A5B3B99D}.Debug|Any CPU.ActiveCfg = Debug|Any CPU
		{31B993C9-2B40-4E9E-B91B-C1A6A5B3B99D}.Debug|Any CPU.Build.0 = Debug|Any CPU
		{31B993C9-2B40-4E9E-B91B-C1A6A5B3B99D}.Release|Any CPU.ActiveCfg = Release|Any CPU
		{31B993C9-2B40-4E9E-B91B-C1A6A5B3B99D}.Release|Any CPU.Build.0 = Release|Any CPU
		{E52928FB-1ED2-4D0A-838F-7514F2035BEA}.Debug|Any CPU.ActiveCfg = Debug|Any CPU
		{E52928FB-1ED2-4D0A-838F-7514F2035BEA}.Debug|Any CPU.Build.0 = Debug|Any CPU
		{E52928FB-1ED2-4D0A-838F-7514F2035BEA}.Release|Any CPU.ActiveCfg = Release|Any CPU
		{E52928FB-1ED2-4D0A-838F-7514F2035BEA}.Release|Any CPU.Build.0 = Release|Any CPU
		{D70AEEF9-38DA-44A5-88E1-1E5870BF2994}.Debug|Any CPU.ActiveCfg = Debug|Any CPU
		{D70AEEF9-38DA-44A5-88E1-1E5870BF2994}.Debug|Any CPU.Build.0 = Debug|Any CPU
		{D70AEEF9-38DA-44A5-88E1-1E5870BF2994}.Release|Any CPU.ActiveCfg = Release|Any CPU
		{D70AEEF9-38DA-44A5-88E1-1E5870BF2994}.Release|Any CPU.Build.0 = Release|Any CPU
	EndGlobalSection
	GlobalSection(SolutionProperties) = preSolution
		HideSolutionNode = FALSE
	EndGlobalSection
	GlobalSection(NestedProjects) = preSolution
		{C9D5D2BC-188E-4D19-BEEE-967463B1EB44} = {2DFBA4A7-D183-41DB-931F-3C6B51A44A9A}
		{E33EFC8F-FBBF-438A-827B-1114F13AB9EF} = {C9D5D2BC-188E-4D19-BEEE-967463B1EB44}
		{E3F487E6-9424-4EE9-9CB9-5D548E1EFF86} = {E33EFC8F-FBBF-438A-827B-1114F13AB9EF}
		{F2EC2C00-C21E-405B-A73C-570381F67AEB} = {E33EFC8F-FBBF-438A-827B-1114F13AB9EF}
		{9932134C-F26B-4898-9133-CA3770130107} = {C9D5D2BC-188E-4D19-BEEE-967463B1EB44}
		{BEDA1683-EE81-4109-A518-0C96C8091A17} = {C9D5D2BC-188E-4D19-BEEE-967463B1EB44}
		{5F3A5115-4841-4334-8B64-DC6CA9C5D507} = {0EFDA57B-7FED-4CF7-8DAC-64FAF5D3106F}
		{0EFDA57B-7FED-4CF7-8DAC-64FAF5D3106F} = {2DFBA4A7-D183-41DB-931F-3C6B51A44A9A}
		{61B132CC-F8C5-4F75-B382-2AABCCA40E09} = {0EFDA57B-7FED-4CF7-8DAC-64FAF5D3106F}
		{7FEE6407-7323-44A2-8707-5FD34F0A11DD} = {61B132CC-F8C5-4F75-B382-2AABCCA40E09}
		{00706016-D722-44AB-93CA-D38165ADEB6C} = {0EFDA57B-7FED-4CF7-8DAC-64FAF5D3106F}
		{50AD7B02-A7DB-40E5-BABE-51B8E2BAC9D9} = {0EFDA57B-7FED-4CF7-8DAC-64FAF5D3106F}
		{4D160A2C-410F-49A6-B926-A5F5374CB589} = {82B33B29-EAAB-4B27-B595-3F62E0814278}
		{5493F723-FE17-42F3-862E-6A5C493156E4} = {EF5BBBBE-8652-4DDA-A10B-AAA89EC8CC64}
		{4DE756B9-1EBA-4AB5-B384-CE5324B3C03C} = {EF5BBBBE-8652-4DDA-A10B-AAA89EC8CC64}
		{F0D96B35-599F-497A-87CB-A3EC94CD7AF0} = {EF5BBBBE-8652-4DDA-A10B-AAA89EC8CC64}
		{43AE589E-2CD0-4383-AF91-8B62DFC09085} = {EF5BBBBE-8652-4DDA-A10B-AAA89EC8CC64}
		{E23D7140-50C3-49A1-8D02-B1764134B2AC} = {EF5BBBBE-8652-4DDA-A10B-AAA89EC8CC64}
		{20993D7E-60CD-47E3-9E1C-1EB90D9A6B95} = {10EFFB09-355A-4361-8560-1CB1D602755F}
		{212F1BDC-7287-4FEB-A655-F97CC760FC3C} = {10EFFB09-355A-4361-8560-1CB1D602755F}
		{2F97759E-375E-4FC7-BFAB-50D8C4EBB46E} = {10EFFB09-355A-4361-8560-1CB1D602755F}
		{B6235234-9C0D-4495-83A4-2928422944B7} = {CF0BF53F-B5DB-40EB-A16A-EE4E9235C318}
		{A523806C-A469-4D8F-8E46-FFF84E1CF933} = {CF0BF53F-B5DB-40EB-A16A-EE4E9235C318}
		{90CCF158-260C-4A5B-8925-12CF6101B670} = {82B33B29-EAAB-4B27-B595-3F62E0814278}
		{E35AD521-9D37-4BF9-A214-45C02DFBB3B0} = {82B33B29-EAAB-4B27-B595-3F62E0814278}
		{D1042F23-5555-4D24-8E79-1BE60BF0B9FB} = {CF0BF53F-B5DB-40EB-A16A-EE4E9235C318}
		{BDA736C9-7922-49D5-A4B8-A4C35B70423E} = {CF0BF53F-B5DB-40EB-A16A-EE4E9235C318}
		{32DE7225-DFA0-40F4-8378-9B44FB7B9CA3} = {CF0BF53F-B5DB-40EB-A16A-EE4E9235C318}
		{F1E77D14-6C5C-4A4C-A7D9-639382C722F8} = {CF0BF53F-B5DB-40EB-A16A-EE4E9235C318}
		{31B993C9-2B40-4E9E-B91B-C1A6A5B3B99D} = {C9D5D2BC-188E-4D19-BEEE-967463B1EB44}
		{E52928FB-1ED2-4D0A-838F-7514F2035BEA} = {C9D5D2BC-188E-4D19-BEEE-967463B1EB44}
		{D70AEEF9-38DA-44A5-88E1-1E5870BF2994} = {C9D5D2BC-188E-4D19-BEEE-967463B1EB44}
	EndGlobalSection
	GlobalSection(ExtensibilityGlobals) = postSolution
		SolutionGuid = {69AF41FE-9631-4A69-BFFB-7ABBEC0ED55C}
	EndGlobalSection
EndGlobal
