
Microsoft Visual Studio Solution File, Format Version 12.00
# Visual Studio Version 16
VisualStudioVersion = 16.0.30204.135
MinimumVisualStudioVersion = 10.0.40219.1
Project("{2150E333-8FDC-42A3-9474-1A3956D46DE8}") = "Applications", "Applications", "{4F9C7CE3-E657-43CA-AAD1-12BCECD9A7E7}"
EndProject
Project("{2150E333-8FDC-42A3-9474-1A3956D46DE8}") = "Shared", "Shared", "{8E77692A-F993-4371-AAAA-649921ABE8A9}"
EndProject
Project("{2150E333-8FDC-42A3-9474-1A3956D46DE8}") = "Abstractions", "Abstractions", "{72F595FD-F83F-4208-9993-6814A8453901}"
EndProject
Project("{9A19103F-16F7-4668-BE54-9A1E7A4F7556}") = "Apps.Shared.Abstractions.ViewModels", "Applications\Shared\Abstractions\ViewModels\Apps.Shared.Abstractions.ViewModels.csproj", "{52DBC038-0A09-49AD-B487-706DB21A0BB3}"
EndProject
Project("{9A19103F-16F7-4668-BE54-9A1E7A4F7556}") = "Apps.Shared.Abstractions.Services", "Applications\Shared\Abstractions\Services\Apps.Shared.Abstractions.Services.csproj", "{AB32ED1A-4122-4A3F-B2A4-4DE39E41C667}"
EndProject
Project("{9A19103F-16F7-4668-BE54-9A1E7A4F7556}") = "Apps.Shared.Services", "Applications\Shared\Services\Apps.Shared.Services.csproj", "{89161C62-D063-4936-BFCC-A7AFBA15560B}"
EndProject
Project("{9A19103F-16F7-4668-BE54-9A1E7A4F7556}") = "Apps.Shared.ViewModels", "Applications\Shared\ViewModels\Apps.Shared.ViewModels.csproj", "{908E14CF-DC42-40F3-B494-C62369539C7F}"
EndProject
Project("{9A19103F-16F7-4668-BE54-9A1E7A4F7556}") = "Apps.Web.MVC", "Applications\Web\MVC\Apps.Web.MVC.csproj", "{909219B5-26F5-4C78-87B8-6A57A5AB5D9B}"
EndProject
Project("{9A19103F-16F7-4668-BE54-9A1E7A4F7556}") = "Apps.Web.MVCDirect", "Applications\Web\MVCDirect\Apps.Web.MVCDirect.csproj", "{AB8CA57B-8A2B-4DFD-BB84-B259A28C9F81}"
EndProject
Project("{2150E333-8FDC-42A3-9474-1A3956D46DE8}") = "Services", "Services", "{5DB88D86-B571-435B-B268-5816E0D3BCA5}"
EndProject
Project("{9A19103F-16F7-4668-BE54-9A1E7A4F7556}") = "Services.Unified", "Services\Unified\Services.Unified.csproj", "{9301FCF6-C1A8-43BC-8CDA-DCD62FCAFE03}"
EndProject
Project("{2150E333-8FDC-42A3-9474-1A3956D46DE8}") = "Common", "Common", "{48B7E335-A1E9-4FD8-8D75-6EB2BAC7C767}"
EndProject
Project("{2150E333-8FDC-42A3-9474-1A3956D46DE8}") = "Domain", "Domain", "{E0C88E56-3971-4708-AA02-556BC18FB870}"
EndProject
Project("{2150E333-8FDC-42A3-9474-1A3956D46DE8}") = "Data", "Data", "{4539D401-41F8-46CF-94A1-D2B91B66AB6F}"
EndProject
Project("{2150E333-8FDC-42A3-9474-1A3956D46DE8}") = "Tests", "Tests", "{FA528DD0-3BB0-4D6B-A6ED-44C786979948}"
EndProject
Project("{2150E333-8FDC-42A3-9474-1A3956D46DE8}") = "Web", "Web", "{83A48A84-F4EA-49A2-9396-22CC664D18CA}"
EndProject
Project("{2150E333-8FDC-42A3-9474-1A3956D46DE8}") = "Shared", "Shared", "{201C2006-A3EA-4DE1-8B5B-125527AFDA28}"
EndProject
Project("{9A19103F-16F7-4668-BE54-9A1E7A4F7556}") = "Apps.Web.SharedUI", "Applications\Web\SharedUI\Apps.Web.SharedUI.csproj", "{AAE91AEF-81F8-496F-961A-29A3696FC6CE}"
EndProject
Project("{9A19103F-16F7-4668-BE54-9A1E7A4F7556}") = "TheSharpFactory.Data.Entity", "Data\TheSharpFactory.Data.Entity\TheSharpFactory.Data.Entity.csproj", "{DC0D8E3C-811B-47CF-A282-A4AB65B7FAF8}"
EndProject
Project("{9A19103F-16F7-4668-BE54-9A1E7A4F7556}") = "TheSharpFactory.Data.Entity.Utils", "Data\TheSharpFactory.Data.Entity.Utils\TheSharpFactory.Data.Entity.Utils.csproj", "{F18DE27B-980C-43AB-B032-0DFB172BC85B}"
EndProject
Project("{9A19103F-16F7-4668-BE54-9A1E7A4F7556}") = "TheSharpFactory.Data.Query", "Data\TheSharpFactory.Data.Query\TheSharpFactory.Data.Query.csproj", "{4836AF66-78AF-4C8B-B42D-522A6C1B6E01}"
EndProject
Project("{9A19103F-16F7-4668-BE54-9A1E7A4F7556}") = "TheSharpFactory.Data.Repository", "Data\TheSharpFactory.Data.Repository\TheSharpFactory.Data.Repository.csproj", "{37D7015A-4BE4-48F1-AEE7-DBF28465EF02}"
EndProject
Project("{9A19103F-16F7-4668-BE54-9A1E7A4F7556}") = "TheSharpFactory.Data.Repository.Interfaces", "Data\TheSharpFactory.Data.Repository.Interfaces\TheSharpFactory.Data.Repository.Interfaces.csproj", "{AD19296C-09E0-46E5-B199-DB0959110FEC}"
EndProject
Global
	GlobalSection(SolutionConfigurationPlatforms) = preSolution
		Debug|Any CPU = Debug|Any CPU
		Release|Any CPU = Release|Any CPU
	EndGlobalSection
	GlobalSection(ProjectConfigurationPlatforms) = postSolution
		{52DBC038-0A09-49AD-B487-706DB21A0BB3}.Debug|Any CPU.ActiveCfg = Debug|Any CPU
		{52DBC038-0A09-49AD-B487-706DB21A0BB3}.Debug|Any CPU.Build.0 = Debug|Any CPU
		{52DBC038-0A09-49AD-B487-706DB21A0BB3}.Release|Any CPU.ActiveCfg = Release|Any CPU
		{52DBC038-0A09-49AD-B487-706DB21A0BB3}.Release|Any CPU.Build.0 = Release|Any CPU
		{AB32ED1A-4122-4A3F-B2A4-4DE39E41C667}.Debug|Any CPU.ActiveCfg = Debug|Any CPU
		{AB32ED1A-4122-4A3F-B2A4-4DE39E41C667}.Debug|Any CPU.Build.0 = Debug|Any CPU
		{AB32ED1A-4122-4A3F-B2A4-4DE39E41C667}.Release|Any CPU.ActiveCfg = Release|Any CPU
		{AB32ED1A-4122-4A3F-B2A4-4DE39E41C667}.Release|Any CPU.Build.0 = Release|Any CPU
		{89161C62-D063-4936-BFCC-A7AFBA15560B}.Debug|Any CPU.ActiveCfg = Debug|Any CPU
		{89161C62-D063-4936-BFCC-A7AFBA15560B}.Debug|Any CPU.Build.0 = Debug|Any CPU
		{89161C62-D063-4936-BFCC-A7AFBA15560B}.Release|Any CPU.ActiveCfg = Release|Any CPU
		{89161C62-D063-4936-BFCC-A7AFBA15560B}.Release|Any CPU.Build.0 = Release|Any CPU
		{908E14CF-DC42-40F3-B494-C62369539C7F}.Debug|Any CPU.ActiveCfg = Debug|Any CPU
		{908E14CF-DC42-40F3-B494-C62369539C7F}.Debug|Any CPU.Build.0 = Debug|Any CPU
		{908E14CF-DC42-40F3-B494-C62369539C7F}.Release|Any CPU.ActiveCfg = Release|Any CPU
		{908E14CF-DC42-40F3-B494-C62369539C7F}.Release|Any CPU.Build.0 = Release|Any CPU
		{909219B5-26F5-4C78-87B8-6A57A5AB5D9B}.Debug|Any CPU.ActiveCfg = Debug|Any CPU
		{909219B5-26F5-4C78-87B8-6A57A5AB5D9B}.Debug|Any CPU.Build.0 = Debug|Any CPU
		{909219B5-26F5-4C78-87B8-6A57A5AB5D9B}.Release|Any CPU.ActiveCfg = Release|Any CPU
		{909219B5-26F5-4C78-87B8-6A57A5AB5D9B}.Release|Any CPU.Build.0 = Release|Any CPU
		{AB8CA57B-8A2B-4DFD-BB84-B259A28C9F81}.Debug|Any CPU.ActiveCfg = Debug|Any CPU
		{AB8CA57B-8A2B-4DFD-BB84-B259A28C9F81}.Debug|Any CPU.Build.0 = Debug|Any CPU
		{AB8CA57B-8A2B-4DFD-BB84-B259A28C9F81}.Release|Any CPU.ActiveCfg = Release|Any CPU
		{AB8CA57B-8A2B-4DFD-BB84-B259A28C9F81}.Release|Any CPU.Build.0 = Release|Any CPU
		{9301FCF6-C1A8-43BC-8CDA-DCD62FCAFE03}.Debug|Any CPU.ActiveCfg = Debug|Any CPU
		{9301FCF6-C1A8-43BC-8CDA-DCD62FCAFE03}.Debug|Any CPU.Build.0 = Debug|Any CPU
		{9301FCF6-C1A8-43BC-8CDA-DCD62FCAFE03}.Release|Any CPU.ActiveCfg = Release|Any CPU
		{9301FCF6-C1A8-43BC-8CDA-DCD62FCAFE03}.Release|Any CPU.Build.0 = Release|Any CPU
		{AAE91AEF-81F8-496F-961A-29A3696FC6CE}.Debug|Any CPU.ActiveCfg = Debug|Any CPU
		{AAE91AEF-81F8-496F-961A-29A3696FC6CE}.Debug|Any CPU.Build.0 = Debug|Any CPU
		{AAE91AEF-81F8-496F-961A-29A3696FC6CE}.Release|Any CPU.ActiveCfg = Release|Any CPU
		{AAE91AEF-81F8-496F-961A-29A3696FC6CE}.Release|Any CPU.Build.0 = Release|Any CPU
		{DC0D8E3C-811B-47CF-A282-A4AB65B7FAF8}.Debug|Any CPU.ActiveCfg = Debug|Any CPU
		{DC0D8E3C-811B-47CF-A282-A4AB65B7FAF8}.Debug|Any CPU.Build.0 = Debug|Any CPU
		{DC0D8E3C-811B-47CF-A282-A4AB65B7FAF8}.Release|Any CPU.ActiveCfg = Release|Any CPU
		{DC0D8E3C-811B-47CF-A282-A4AB65B7FAF8}.Release|Any CPU.Build.0 = Release|Any CPU
		{F18DE27B-980C-43AB-B032-0DFB172BC85B}.Debug|Any CPU.ActiveCfg = Debug|Any CPU
		{F18DE27B-980C-43AB-B032-0DFB172BC85B}.Debug|Any CPU.Build.0 = Debug|Any CPU
		{F18DE27B-980C-43AB-B032-0DFB172BC85B}.Release|Any CPU.ActiveCfg = Release|Any CPU
		{F18DE27B-980C-43AB-B032-0DFB172BC85B}.Release|Any CPU.Build.0 = Release|Any CPU
		{4836AF66-78AF-4C8B-B42D-522A6C1B6E01}.Debug|Any CPU.ActiveCfg = Debug|Any CPU
		{4836AF66-78AF-4C8B-B42D-522A6C1B6E01}.Debug|Any CPU.Build.0 = Debug|Any CPU
		{4836AF66-78AF-4C8B-B42D-522A6C1B6E01}.Release|Any CPU.ActiveCfg = Release|Any CPU
		{4836AF66-78AF-4C8B-B42D-522A6C1B6E01}.Release|Any CPU.Build.0 = Release|Any CPU
		{37D7015A-4BE4-48F1-AEE7-DBF28465EF02}.Debug|Any CPU.ActiveCfg = Debug|Any CPU
		{37D7015A-4BE4-48F1-AEE7-DBF28465EF02}.Debug|Any CPU.Build.0 = Debug|Any CPU
		{37D7015A-4BE4-48F1-AEE7-DBF28465EF02}.Release|Any CPU.ActiveCfg = Release|Any CPU
		{37D7015A-4BE4-48F1-AEE7-DBF28465EF02}.Release|Any CPU.Build.0 = Release|Any CPU
		{AD19296C-09E0-46E5-B199-DB0959110FEC}.Debug|Any CPU.ActiveCfg = Debug|Any CPU
		{AD19296C-09E0-46E5-B199-DB0959110FEC}.Debug|Any CPU.Build.0 = Debug|Any CPU
		{AD19296C-09E0-46E5-B199-DB0959110FEC}.Release|Any CPU.ActiveCfg = Release|Any CPU
		{AD19296C-09E0-46E5-B199-DB0959110FEC}.Release|Any CPU.Build.0 = Release|Any CPU
	EndGlobalSection
	GlobalSection(SolutionProperties) = preSolution
		HideSolutionNode = FALSE
	EndGlobalSection
	GlobalSection(NestedProjects) = preSolution
		{8E77692A-F993-4371-AAAA-649921ABE8A9} = {4F9C7CE3-E657-43CA-AAD1-12BCECD9A7E7}
		{72F595FD-F83F-4208-9993-6814A8453901} = {8E77692A-F993-4371-AAAA-649921ABE8A9}
		{52DBC038-0A09-49AD-B487-706DB21A0BB3} = {72F595FD-F83F-4208-9993-6814A8453901}
		{AB32ED1A-4122-4A3F-B2A4-4DE39E41C667} = {72F595FD-F83F-4208-9993-6814A8453901}
		{89161C62-D063-4936-BFCC-A7AFBA15560B} = {8E77692A-F993-4371-AAAA-649921ABE8A9}
		{908E14CF-DC42-40F3-B494-C62369539C7F} = {8E77692A-F993-4371-AAAA-649921ABE8A9}
		{909219B5-26F5-4C78-87B8-6A57A5AB5D9B} = {83A48A84-F4EA-49A2-9396-22CC664D18CA}
		{AB8CA57B-8A2B-4DFD-BB84-B259A28C9F81} = {83A48A84-F4EA-49A2-9396-22CC664D18CA}
		{9301FCF6-C1A8-43BC-8CDA-DCD62FCAFE03} = {5DB88D86-B571-435B-B268-5816E0D3BCA5}
		{83A48A84-F4EA-49A2-9396-22CC664D18CA} = {4F9C7CE3-E657-43CA-AAD1-12BCECD9A7E7}
		{201C2006-A3EA-4DE1-8B5B-125527AFDA28} = {83A48A84-F4EA-49A2-9396-22CC664D18CA}
		{AAE91AEF-81F8-496F-961A-29A3696FC6CE} = {201C2006-A3EA-4DE1-8B5B-125527AFDA28}
		{DC0D8E3C-811B-47CF-A282-A4AB65B7FAF8} = {4539D401-41F8-46CF-94A1-D2B91B66AB6F}
		{F18DE27B-980C-43AB-B032-0DFB172BC85B} = {4539D401-41F8-46CF-94A1-D2B91B66AB6F}
		{4836AF66-78AF-4C8B-B42D-522A6C1B6E01} = {4539D401-41F8-46CF-94A1-D2B91B66AB6F}
		{37D7015A-4BE4-48F1-AEE7-DBF28465EF02} = {4539D401-41F8-46CF-94A1-D2B91B66AB6F}
		{AD19296C-09E0-46E5-B199-DB0959110FEC} = {4539D401-41F8-46CF-94A1-D2B91B66AB6F}
	EndGlobalSection
	GlobalSection(ExtensibilityGlobals) = postSolution
		SolutionGuid = {314361D5-16D2-4C98-978C-D99C4887E5A4}
	EndGlobalSection
EndGlobal
