
Microsoft Visual Studio Solution File, Format Version 12.00
# Visual Studio Version 16
VisualStudioVersion = 16.0.30204.135
MinimumVisualStudioVersion = 10.0.40219.1
Project("{2150E333-8FDC-42A3-9474-1A3956D46DE8}") = "Applications", "Applications", "{FBB3C7E0-E8AE-4EE9-99E1-FE32AC1F03B5}"
EndProject
Project("{2150E333-8FDC-42A3-9474-1A3956D46DE8}") = "Services", "Services", "{CB5CE8AD-2CF7-4972-B728-8B977DD9140F}"
EndProject
Project("{2150E333-8FDC-42A3-9474-1A3956D46DE8}") = "Domain", "Domain", "{361B3B5D-7817-4237-B20F-4976713D346F}"
EndProject
Project("{2150E333-8FDC-42A3-9474-1A3956D46DE8}") = "Data", "Data", "{4C0EDEC4-EECA-43CF-BDB1-7644F39E425E}"
EndProject
Project("{2150E333-8FDC-42A3-9474-1A3956D46DE8}") = "Common", "Common", "{4DC8F943-4EC3-469B-AEBE-5E974474111F}"
EndProject
Project("{2150E333-8FDC-42A3-9474-1A3956D46DE8}") = "Tests", "Tests", "{081C0E0F-5FD2-42E7-94BE-92ACB3AA6CD7}"
EndProject
Project("{2150E333-8FDC-42A3-9474-1A3956D46DE8}") = "Shared", "Shared", "{AF20A28C-2C89-448D-8DB6-A3771BCCBB54}"
EndProject
Project("{2150E333-8FDC-42A3-9474-1A3956D46DE8}") = "Abstractions", "Abstractions", "{6B671D22-DFC9-4AB4-89E6-223CCCF708BE}"
EndProject
Project("{9A19103F-16F7-4668-BE54-9A1E7A4F7556}") = "Apps.Shared.Abstractions.Services", "Applications\Shared\Abstractions\Services\Apps.Shared.Abstractions.Services.csproj", "{17E8155C-317D-4912-B972-DFE6D5E2D8F2}"
EndProject
Project("{9A19103F-16F7-4668-BE54-9A1E7A4F7556}") = "Apps.Shared.Abstractions.ViewModels", "Applications\Shared\Abstractions\ViewModels\Apps.Shared.Abstractions.ViewModels.csproj", "{591098D5-68DF-4F11-A890-01558DF20241}"
EndProject
Project("{2150E333-8FDC-42A3-9474-1A3956D46DE8}") = "Web", "Web", "{6F31457E-BFD0-4100-82BB-FE41A504E637}"
EndProject
Project("{2150E333-8FDC-42A3-9474-1A3956D46DE8}") = "Shared", "Shared", "{BFE33CE2-CA9B-48DF-B95F-BAF0FF8BEF35}"
EndProject
Project("{9A19103F-16F7-4668-BE54-9A1E7A4F7556}") = "Apps.Web.SharedUI.Blazor", "Applications\Web\SharedUI.Blazor\Apps.Web.SharedUI.Blazor.csproj", "{EBBE56B5-8275-424B-983C-EC2DFA7EAD00}"
EndProject
Project("{9A19103F-16F7-4668-BE54-9A1E7A4F7556}") = "Apps.Web.BlazorClient", "Applications\Web\BlazorClient\Apps.Web.BlazorClient.csproj", "{0A4322D1-5E55-4D03-BD30-352378DD30C2}"
EndProject
Project("{9A19103F-16F7-4668-BE54-9A1E7A4F7556}") = "Services.Unified", "Services\Unified\Services.Unified.csproj", "{CB61D80B-CFA0-4605-80D9-61050EF8919F}"
EndProject
Project("{2150E333-8FDC-42A3-9474-1A3956D46DE8}") = "Hybrid", "Hybrid", "{6C972E8B-1859-4704-A92C-9B592448223D}"
EndProject
Project("{9A19103F-16F7-4668-BE54-9A1E7A4F7556}") = "Data.Entity", "Data\Entity\Data.Entity.csproj", "{861C582C-D80E-47FC-AB56-B53A96AD6A06}"
EndProject
Project("{9A19103F-16F7-4668-BE54-9A1E7A4F7556}") = "Data.Entity.Utils", "Data\Entity.Utils\Data.Entity.Utils.csproj", "{A6B579A8-9247-4D51-B9FD-38F94367F009}"
EndProject
Project("{9A19103F-16F7-4668-BE54-9A1E7A4F7556}") = "Data.Query", "Data\Query\Data.Query.csproj", "{C9244C32-201D-44F9-B377-E0DCAF4F7DE7}"
EndProject
Project("{9A19103F-16F7-4668-BE54-9A1E7A4F7556}") = "Data.Repository", "Data\Repository\Data.Repository.csproj", "{8934043E-E324-4D08-AD5D-C0FB5D0E5E1E}"
EndProject
Project("{9A19103F-16F7-4668-BE54-9A1E7A4F7556}") = "Data.Repository.Interfaces", "Data\Repository.Interfaces\Data.Repository.Interfaces.csproj", "{D68CE93D-9C7C-4F26-9C4A-F77BC4751DE3}"
EndProject
Project("{9A19103F-16F7-4668-BE54-9A1E7A4F7556}") = "Domain.Abstractions", "Domain\Abstractions\Domain.Abstractions.csproj", "{559EED13-5CD5-4BCC-ABE5-06949428F20A}"
EndProject
Project("{9A19103F-16F7-4668-BE54-9A1E7A4F7556}") = "Domain.Extensions", "Domain\Extensions\Domain.Extensions.csproj", "{0932A549-54D1-4F83-9856-70F33B136977}"
EndProject
Project("{9A19103F-16F7-4668-BE54-9A1E7A4F7556}") = "Domain.Models", "Domain\Models\Domain.Models.csproj", "{02878913-AF6C-4FFE-AB27-4E936215F765}"
EndProject
Project("{9A19103F-16F7-4668-BE54-9A1E7A4F7556}") = "Common.DTO", "Common\DTO\Common.DTO.csproj", "{7E9C617A-D5AC-4FA8-A25A-100473BF924A}"
EndProject
Project("{9A19103F-16F7-4668-BE54-9A1E7A4F7556}") = "Common.Extentions.DependencyInjection", "Common\Extentions.DependencyInjection\Common.Extentions.DependencyInjection.csproj", "{9F10F0B1-F77F-4665-AD32-B0F23CD1F2D7}"
EndProject
Project("{9A19103F-16F7-4668-BE54-9A1E7A4F7556}") = "Services.Abstractions", "Services\Abstractions\Services.Abstractions.csproj", "{90D5EC9E-5359-4532-8F30-FFD2910FABC2}"
EndProject
Project("{9A19103F-16F7-4668-BE54-9A1E7A4F7556}") = "Services.GraphTypes", "Services\GraphTypes\Services.GraphTypes.csproj", "{06BC3E63-B3A6-4936-82D5-713F26AEB975}"
EndProject
Project("{9A19103F-16F7-4668-BE54-9A1E7A4F7556}") = "Common.DTO.Abstractions", "Common\DTO.Abstractions\Common.DTO.Abstractions.csproj", "{935C6D93-FBF3-4AA5-906D-B39D9C359006}"
EndProject
Project("{9A19103F-16F7-4668-BE54-9A1E7A4F7556}") = "SDK.Abstractions", "Common\SDK.Abstractions\SDK.Abstractions.csproj", "{889DDE4E-F7ED-4DEB-B2D4-97D56B4C6898}"
EndProject
Project("{9A19103F-16F7-4668-BE54-9A1E7A4F7556}") = "SDK", "Common\SDK\SDK.csproj", "{011B2959-8269-4DFB-B0FC-EB149F7BC40B}"
EndProject
Project("{9A19103F-16F7-4668-BE54-9A1E7A4F7556}") = "SDK.Extensions", "Common\SDK.Extensions\SDK.Extensions.csproj", "{0B3F12F8-4BFB-4B10-96B9-C468579ADAB3}"
EndProject
Project("{9A19103F-16F7-4668-BE54-9A1E7A4F7556}") = "Apps.Shared.ViewModels.Mappers.DTO", "Applications\Shared\ViewModels.Mappers\DTO\Apps.Shared.ViewModels.Mappers.DTO.csproj", "{34544A8E-39AB-4AEA-B2BC-826354C8BAC6}"
EndProject
Project("{9A19103F-16F7-4668-BE54-9A1E7A4F7556}") = "Apps.Shared.Services", "Applications\Shared\Services\Apps.Shared.Services.csproj", "{F0CE7BF2-2F8E-465B-ACC2-2A2E23E37EF3}"
EndProject
Project("{9A19103F-16F7-4668-BE54-9A1E7A4F7556}") = "Apps.Shared.StaticAssets", "Applications\Shared\StaticAssets\Apps.Shared.StaticAssets.csproj", "{C2AA4758-FAC2-4C27-80E8-5B60C112F353}"
EndProject
Project("{9A19103F-16F7-4668-BE54-9A1E7A4F7556}") = "Apps.Shared.ViewModels", "Applications\Shared\ViewModels\Apps.Shared.ViewModels.csproj", "{117A6DE8-C230-4454-9F2E-A11670BF221A}"
EndProject
Project("{9A19103F-16F7-4668-BE54-9A1E7A4F7556}") = "Apps.Hybrid.Desktop.ElectronWeb", "Applications\Hybrid\Desktop.ElectronWeb\Apps.Hybrid.Desktop.ElectronWeb.csproj", "{806A98AE-B6EF-4BBF-9259-DF901A9C4EAB}"
EndProject
Global
	GlobalSection(SolutionConfigurationPlatforms) = preSolution
		Debug|Any CPU = Debug|Any CPU
		Release|Any CPU = Release|Any CPU
	EndGlobalSection
	GlobalSection(ProjectConfigurationPlatforms) = postSolution
		{17E8155C-317D-4912-B972-DFE6D5E2D8F2}.Debug|Any CPU.ActiveCfg = Debug|Any CPU
		{17E8155C-317D-4912-B972-DFE6D5E2D8F2}.Debug|Any CPU.Build.0 = Debug|Any CPU
		{17E8155C-317D-4912-B972-DFE6D5E2D8F2}.Release|Any CPU.ActiveCfg = Release|Any CPU
		{17E8155C-317D-4912-B972-DFE6D5E2D8F2}.Release|Any CPU.Build.0 = Release|Any CPU
		{591098D5-68DF-4F11-A890-01558DF20241}.Debug|Any CPU.ActiveCfg = Debug|Any CPU
		{591098D5-68DF-4F11-A890-01558DF20241}.Debug|Any CPU.Build.0 = Debug|Any CPU
		{591098D5-68DF-4F11-A890-01558DF20241}.Release|Any CPU.ActiveCfg = Release|Any CPU
		{591098D5-68DF-4F11-A890-01558DF20241}.Release|Any CPU.Build.0 = Release|Any CPU
		{EBBE56B5-8275-424B-983C-EC2DFA7EAD00}.Debug|Any CPU.ActiveCfg = Debug|Any CPU
		{EBBE56B5-8275-424B-983C-EC2DFA7EAD00}.Debug|Any CPU.Build.0 = Debug|Any CPU
		{EBBE56B5-8275-424B-983C-EC2DFA7EAD00}.Release|Any CPU.ActiveCfg = Release|Any CPU
		{EBBE56B5-8275-424B-983C-EC2DFA7EAD00}.Release|Any CPU.Build.0 = Release|Any CPU
		{0A4322D1-5E55-4D03-BD30-352378DD30C2}.Debug|Any CPU.ActiveCfg = Debug|Any CPU
		{0A4322D1-5E55-4D03-BD30-352378DD30C2}.Debug|Any CPU.Build.0 = Debug|Any CPU
		{0A4322D1-5E55-4D03-BD30-352378DD30C2}.Release|Any CPU.ActiveCfg = Release|Any CPU
		{0A4322D1-5E55-4D03-BD30-352378DD30C2}.Release|Any CPU.Build.0 = Release|Any CPU
		{CB61D80B-CFA0-4605-80D9-61050EF8919F}.Debug|Any CPU.ActiveCfg = Debug|Any CPU
		{CB61D80B-CFA0-4605-80D9-61050EF8919F}.Debug|Any CPU.Build.0 = Debug|Any CPU
		{CB61D80B-CFA0-4605-80D9-61050EF8919F}.Release|Any CPU.ActiveCfg = Release|Any CPU
		{CB61D80B-CFA0-4605-80D9-61050EF8919F}.Release|Any CPU.Build.0 = Release|Any CPU
		{861C582C-D80E-47FC-AB56-B53A96AD6A06}.Debug|Any CPU.ActiveCfg = Debug|Any CPU
		{861C582C-D80E-47FC-AB56-B53A96AD6A06}.Debug|Any CPU.Build.0 = Debug|Any CPU
		{861C582C-D80E-47FC-AB56-B53A96AD6A06}.Release|Any CPU.ActiveCfg = Release|Any CPU
		{861C582C-D80E-47FC-AB56-B53A96AD6A06}.Release|Any CPU.Build.0 = Release|Any CPU
		{A6B579A8-9247-4D51-B9FD-38F94367F009}.Debug|Any CPU.ActiveCfg = Debug|Any CPU
		{A6B579A8-9247-4D51-B9FD-38F94367F009}.Debug|Any CPU.Build.0 = Debug|Any CPU
		{A6B579A8-9247-4D51-B9FD-38F94367F009}.Release|Any CPU.ActiveCfg = Release|Any CPU
		{A6B579A8-9247-4D51-B9FD-38F94367F009}.Release|Any CPU.Build.0 = Release|Any CPU
		{C9244C32-201D-44F9-B377-E0DCAF4F7DE7}.Debug|Any CPU.ActiveCfg = Debug|Any CPU
		{C9244C32-201D-44F9-B377-E0DCAF4F7DE7}.Debug|Any CPU.Build.0 = Debug|Any CPU
		{C9244C32-201D-44F9-B377-E0DCAF4F7DE7}.Release|Any CPU.ActiveCfg = Release|Any CPU
		{C9244C32-201D-44F9-B377-E0DCAF4F7DE7}.Release|Any CPU.Build.0 = Release|Any CPU
		{8934043E-E324-4D08-AD5D-C0FB5D0E5E1E}.Debug|Any CPU.ActiveCfg = Debug|Any CPU
		{8934043E-E324-4D08-AD5D-C0FB5D0E5E1E}.Debug|Any CPU.Build.0 = Debug|Any CPU
		{8934043E-E324-4D08-AD5D-C0FB5D0E5E1E}.Release|Any CPU.ActiveCfg = Release|Any CPU
		{8934043E-E324-4D08-AD5D-C0FB5D0E5E1E}.Release|Any CPU.Build.0 = Release|Any CPU
		{D68CE93D-9C7C-4F26-9C4A-F77BC4751DE3}.Debug|Any CPU.ActiveCfg = Debug|Any CPU
		{D68CE93D-9C7C-4F26-9C4A-F77BC4751DE3}.Debug|Any CPU.Build.0 = Debug|Any CPU
		{D68CE93D-9C7C-4F26-9C4A-F77BC4751DE3}.Release|Any CPU.ActiveCfg = Release|Any CPU
		{D68CE93D-9C7C-4F26-9C4A-F77BC4751DE3}.Release|Any CPU.Build.0 = Release|Any CPU
		{559EED13-5CD5-4BCC-ABE5-06949428F20A}.Debug|Any CPU.ActiveCfg = Debug|Any CPU
		{559EED13-5CD5-4BCC-ABE5-06949428F20A}.Debug|Any CPU.Build.0 = Debug|Any CPU
		{559EED13-5CD5-4BCC-ABE5-06949428F20A}.Release|Any CPU.ActiveCfg = Release|Any CPU
		{559EED13-5CD5-4BCC-ABE5-06949428F20A}.Release|Any CPU.Build.0 = Release|Any CPU
		{0932A549-54D1-4F83-9856-70F33B136977}.Debug|Any CPU.ActiveCfg = Debug|Any CPU
		{0932A549-54D1-4F83-9856-70F33B136977}.Debug|Any CPU.Build.0 = Debug|Any CPU
		{0932A549-54D1-4F83-9856-70F33B136977}.Release|Any CPU.ActiveCfg = Release|Any CPU
		{0932A549-54D1-4F83-9856-70F33B136977}.Release|Any CPU.Build.0 = Release|Any CPU
		{02878913-AF6C-4FFE-AB27-4E936215F765}.Debug|Any CPU.ActiveCfg = Debug|Any CPU
		{02878913-AF6C-4FFE-AB27-4E936215F765}.Debug|Any CPU.Build.0 = Debug|Any CPU
		{02878913-AF6C-4FFE-AB27-4E936215F765}.Release|Any CPU.ActiveCfg = Release|Any CPU
		{02878913-AF6C-4FFE-AB27-4E936215F765}.Release|Any CPU.Build.0 = Release|Any CPU
		{7E9C617A-D5AC-4FA8-A25A-100473BF924A}.Debug|Any CPU.ActiveCfg = Debug|Any CPU
		{7E9C617A-D5AC-4FA8-A25A-100473BF924A}.Debug|Any CPU.Build.0 = Debug|Any CPU
		{7E9C617A-D5AC-4FA8-A25A-100473BF924A}.Release|Any CPU.ActiveCfg = Release|Any CPU
		{7E9C617A-D5AC-4FA8-A25A-100473BF924A}.Release|Any CPU.Build.0 = Release|Any CPU
		{9F10F0B1-F77F-4665-AD32-B0F23CD1F2D7}.Debug|Any CPU.ActiveCfg = Debug|Any CPU
		{9F10F0B1-F77F-4665-AD32-B0F23CD1F2D7}.Debug|Any CPU.Build.0 = Debug|Any CPU
		{9F10F0B1-F77F-4665-AD32-B0F23CD1F2D7}.Release|Any CPU.ActiveCfg = Release|Any CPU
		{9F10F0B1-F77F-4665-AD32-B0F23CD1F2D7}.Release|Any CPU.Build.0 = Release|Any CPU
		{90D5EC9E-5359-4532-8F30-FFD2910FABC2}.Debug|Any CPU.ActiveCfg = Debug|Any CPU
		{90D5EC9E-5359-4532-8F30-FFD2910FABC2}.Debug|Any CPU.Build.0 = Debug|Any CPU
		{90D5EC9E-5359-4532-8F30-FFD2910FABC2}.Release|Any CPU.ActiveCfg = Release|Any CPU
		{90D5EC9E-5359-4532-8F30-FFD2910FABC2}.Release|Any CPU.Build.0 = Release|Any CPU
		{06BC3E63-B3A6-4936-82D5-713F26AEB975}.Debug|Any CPU.ActiveCfg = Debug|Any CPU
		{06BC3E63-B3A6-4936-82D5-713F26AEB975}.Debug|Any CPU.Build.0 = Debug|Any CPU
		{06BC3E63-B3A6-4936-82D5-713F26AEB975}.Release|Any CPU.ActiveCfg = Release|Any CPU
		{06BC3E63-B3A6-4936-82D5-713F26AEB975}.Release|Any CPU.Build.0 = Release|Any CPU
		{935C6D93-FBF3-4AA5-906D-B39D9C359006}.Debug|Any CPU.ActiveCfg = Debug|Any CPU
		{935C6D93-FBF3-4AA5-906D-B39D9C359006}.Debug|Any CPU.Build.0 = Debug|Any CPU
		{935C6D93-FBF3-4AA5-906D-B39D9C359006}.Release|Any CPU.ActiveCfg = Release|Any CPU
		{935C6D93-FBF3-4AA5-906D-B39D9C359006}.Release|Any CPU.Build.0 = Release|Any CPU
		{889DDE4E-F7ED-4DEB-B2D4-97D56B4C6898}.Debug|Any CPU.ActiveCfg = Debug|Any CPU
		{889DDE4E-F7ED-4DEB-B2D4-97D56B4C6898}.Debug|Any CPU.Build.0 = Debug|Any CPU
		{889DDE4E-F7ED-4DEB-B2D4-97D56B4C6898}.Release|Any CPU.ActiveCfg = Release|Any CPU
		{889DDE4E-F7ED-4DEB-B2D4-97D56B4C6898}.Release|Any CPU.Build.0 = Release|Any CPU
		{011B2959-8269-4DFB-B0FC-EB149F7BC40B}.Debug|Any CPU.ActiveCfg = Debug|Any CPU
		{011B2959-8269-4DFB-B0FC-EB149F7BC40B}.Debug|Any CPU.Build.0 = Debug|Any CPU
		{011B2959-8269-4DFB-B0FC-EB149F7BC40B}.Release|Any CPU.ActiveCfg = Release|Any CPU
		{011B2959-8269-4DFB-B0FC-EB149F7BC40B}.Release|Any CPU.Build.0 = Release|Any CPU
		{0B3F12F8-4BFB-4B10-96B9-C468579ADAB3}.Debug|Any CPU.ActiveCfg = Debug|Any CPU
		{0B3F12F8-4BFB-4B10-96B9-C468579ADAB3}.Debug|Any CPU.Build.0 = Debug|Any CPU
		{0B3F12F8-4BFB-4B10-96B9-C468579ADAB3}.Release|Any CPU.ActiveCfg = Release|Any CPU
		{0B3F12F8-4BFB-4B10-96B9-C468579ADAB3}.Release|Any CPU.Build.0 = Release|Any CPU
		{34544A8E-39AB-4AEA-B2BC-826354C8BAC6}.Debug|Any CPU.ActiveCfg = Debug|Any CPU
		{34544A8E-39AB-4AEA-B2BC-826354C8BAC6}.Debug|Any CPU.Build.0 = Debug|Any CPU
		{34544A8E-39AB-4AEA-B2BC-826354C8BAC6}.Release|Any CPU.ActiveCfg = Release|Any CPU
		{34544A8E-39AB-4AEA-B2BC-826354C8BAC6}.Release|Any CPU.Build.0 = Release|Any CPU
		{F0CE7BF2-2F8E-465B-ACC2-2A2E23E37EF3}.Debug|Any CPU.ActiveCfg = Debug|Any CPU
		{F0CE7BF2-2F8E-465B-ACC2-2A2E23E37EF3}.Debug|Any CPU.Build.0 = Debug|Any CPU
		{F0CE7BF2-2F8E-465B-ACC2-2A2E23E37EF3}.Release|Any CPU.ActiveCfg = Release|Any CPU
		{F0CE7BF2-2F8E-465B-ACC2-2A2E23E37EF3}.Release|Any CPU.Build.0 = Release|Any CPU
		{C2AA4758-FAC2-4C27-80E8-5B60C112F353}.Debug|Any CPU.ActiveCfg = Debug|Any CPU
		{C2AA4758-FAC2-4C27-80E8-5B60C112F353}.Debug|Any CPU.Build.0 = Debug|Any CPU
		{C2AA4758-FAC2-4C27-80E8-5B60C112F353}.Release|Any CPU.ActiveCfg = Release|Any CPU
		{C2AA4758-FAC2-4C27-80E8-5B60C112F353}.Release|Any CPU.Build.0 = Release|Any CPU
		{117A6DE8-C230-4454-9F2E-A11670BF221A}.Debug|Any CPU.ActiveCfg = Debug|Any CPU
		{117A6DE8-C230-4454-9F2E-A11670BF221A}.Debug|Any CPU.Build.0 = Debug|Any CPU
		{117A6DE8-C230-4454-9F2E-A11670BF221A}.Release|Any CPU.ActiveCfg = Release|Any CPU
		{117A6DE8-C230-4454-9F2E-A11670BF221A}.Release|Any CPU.Build.0 = Release|Any CPU
		{806A98AE-B6EF-4BBF-9259-DF901A9C4EAB}.Debug|Any CPU.ActiveCfg = Debug|Any CPU
		{806A98AE-B6EF-4BBF-9259-DF901A9C4EAB}.Debug|Any CPU.Build.0 = Debug|Any CPU
		{806A98AE-B6EF-4BBF-9259-DF901A9C4EAB}.Release|Any CPU.ActiveCfg = Release|Any CPU
		{806A98AE-B6EF-4BBF-9259-DF901A9C4EAB}.Release|Any CPU.Build.0 = Release|Any CPU
	EndGlobalSection
	GlobalSection(SolutionProperties) = preSolution
		HideSolutionNode = FALSE
	EndGlobalSection
	GlobalSection(NestedProjects) = preSolution
		{AF20A28C-2C89-448D-8DB6-A3771BCCBB54} = {FBB3C7E0-E8AE-4EE9-99E1-FE32AC1F03B5}
		{6B671D22-DFC9-4AB4-89E6-223CCCF708BE} = {AF20A28C-2C89-448D-8DB6-A3771BCCBB54}
		{17E8155C-317D-4912-B972-DFE6D5E2D8F2} = {6B671D22-DFC9-4AB4-89E6-223CCCF708BE}
		{591098D5-68DF-4F11-A890-01558DF20241} = {6B671D22-DFC9-4AB4-89E6-223CCCF708BE}
		{6F31457E-BFD0-4100-82BB-FE41A504E637} = {FBB3C7E0-E8AE-4EE9-99E1-FE32AC1F03B5}
		{BFE33CE2-CA9B-48DF-B95F-BAF0FF8BEF35} = {6F31457E-BFD0-4100-82BB-FE41A504E637}
		{EBBE56B5-8275-424B-983C-EC2DFA7EAD00} = {BFE33CE2-CA9B-48DF-B95F-BAF0FF8BEF35}
		{0A4322D1-5E55-4D03-BD30-352378DD30C2} = {6F31457E-BFD0-4100-82BB-FE41A504E637}
		{CB61D80B-CFA0-4605-80D9-61050EF8919F} = {CB5CE8AD-2CF7-4972-B728-8B977DD9140F}
		{6C972E8B-1859-4704-A92C-9B592448223D} = {FBB3C7E0-E8AE-4EE9-99E1-FE32AC1F03B5}
		{861C582C-D80E-47FC-AB56-B53A96AD6A06} = {4C0EDEC4-EECA-43CF-BDB1-7644F39E425E}
		{A6B579A8-9247-4D51-B9FD-38F94367F009} = {4C0EDEC4-EECA-43CF-BDB1-7644F39E425E}
		{C9244C32-201D-44F9-B377-E0DCAF4F7DE7} = {4C0EDEC4-EECA-43CF-BDB1-7644F39E425E}
		{8934043E-E324-4D08-AD5D-C0FB5D0E5E1E} = {4C0EDEC4-EECA-43CF-BDB1-7644F39E425E}
		{D68CE93D-9C7C-4F26-9C4A-F77BC4751DE3} = {4C0EDEC4-EECA-43CF-BDB1-7644F39E425E}
		{559EED13-5CD5-4BCC-ABE5-06949428F20A} = {361B3B5D-7817-4237-B20F-4976713D346F}
		{0932A549-54D1-4F83-9856-70F33B136977} = {361B3B5D-7817-4237-B20F-4976713D346F}
		{02878913-AF6C-4FFE-AB27-4E936215F765} = {361B3B5D-7817-4237-B20F-4976713D346F}
		{7E9C617A-D5AC-4FA8-A25A-100473BF924A} = {4DC8F943-4EC3-469B-AEBE-5E974474111F}
		{9F10F0B1-F77F-4665-AD32-B0F23CD1F2D7} = {4DC8F943-4EC3-469B-AEBE-5E974474111F}
		{90D5EC9E-5359-4532-8F30-FFD2910FABC2} = {CB5CE8AD-2CF7-4972-B728-8B977DD9140F}
		{06BC3E63-B3A6-4936-82D5-713F26AEB975} = {CB5CE8AD-2CF7-4972-B728-8B977DD9140F}
		{935C6D93-FBF3-4AA5-906D-B39D9C359006} = {4DC8F943-4EC3-469B-AEBE-5E974474111F}
		{889DDE4E-F7ED-4DEB-B2D4-97D56B4C6898} = {4DC8F943-4EC3-469B-AEBE-5E974474111F}
		{011B2959-8269-4DFB-B0FC-EB149F7BC40B} = {4DC8F943-4EC3-469B-AEBE-5E974474111F}
		{0B3F12F8-4BFB-4B10-96B9-C468579ADAB3} = {4DC8F943-4EC3-469B-AEBE-5E974474111F}
		{34544A8E-39AB-4AEA-B2BC-826354C8BAC6} = {AF20A28C-2C89-448D-8DB6-A3771BCCBB54}
		{F0CE7BF2-2F8E-465B-ACC2-2A2E23E37EF3} = {AF20A28C-2C89-448D-8DB6-A3771BCCBB54}
		{C2AA4758-FAC2-4C27-80E8-5B60C112F353} = {AF20A28C-2C89-448D-8DB6-A3771BCCBB54}
		{117A6DE8-C230-4454-9F2E-A11670BF221A} = {AF20A28C-2C89-448D-8DB6-A3771BCCBB54}
		{806A98AE-B6EF-4BBF-9259-DF901A9C4EAB} = {6C972E8B-1859-4704-A92C-9B592448223D}
	EndGlobalSection
	GlobalSection(ExtensibilityGlobals) = postSolution
		SolutionGuid = {E1046926-B6D0-48BE-850C-66CD3FF62744}
	EndGlobalSection
EndGlobal
