
Microsoft Visual Studio Solution File, Format Version 12.00
# Visual Studio Version 16
VisualStudioVersion = 16.0.30104.148
MinimumVisualStudioVersion = 10.0.40219.1
Project("{2150E333-8FDC-42A3-9474-1A3956D46DE8}") = "Data", "Data", "{4C85D1A3-0A68-4CA1-B027-2CCCC3708971}"
EndProject
Project("{2150E333-8FDC-42A3-9474-1A3956D46DE8}") = "Domain", "Domain", "{CB81E6DA-1323-460B-B53E-02D320C68CAC}"
EndProject
Project("{2150E333-8FDC-42A3-9474-1A3956D46DE8}") = "Services", "Services", "{08C3104B-3564-47A3-8044-8FEC93A2A713}"
EndProject
Project("{2150E333-8FDC-42A3-9474-1A3956D46DE8}") = "Tests", "Tests", "{198CDB60-5C98-47A7-95BA-D0F63B210AFE}"
EndProject
Project("{2150E333-8FDC-42A3-9474-1A3956D46DE8}") = "Solution Items", "Solution Items", "{B93B9E52-5E6E-4293-8027-31167E493300}"
	ProjectSection(SolutionItems) = preProject
		.dockerignore = .dockerignore
		.editorconfig = .editorconfig
		azure-pipelines.yml = azure-pipelines.yml
	EndProjectSection
EndProject
Project("{2150E333-8FDC-42A3-9474-1A3956D46DE8}") = "Common", "Common", "{93EE32BD-1FDC-41D2-B7A5-F6D430205454}"
EndProject
Project("{9A19103F-16F7-4668-BE54-9A1E7A4F7556}") = "Data.Query", "Data\Query\Data.Query.csproj", "{AB244265-FF50-4704-BDFB-4F9733B374AC}"
EndProject
Project("{9A19103F-16F7-4668-BE54-9A1E7A4F7556}") = "Data.Entity", "Data\Entity\Data.Entity.csproj", "{86DA72B0-0876-4774-BA73-522164C7B33F}"
EndProject
Project("{9A19103F-16F7-4668-BE54-9A1E7A4F7556}") = "Data.Repository", "Data\Repository\Data.Repository.csproj", "{E6E00A5E-C3D8-4C7D-8B93-816DF358E11E}"
EndProject
Project("{9A19103F-16F7-4668-BE54-9A1E7A4F7556}") = "Data.Repository.Interfaces", "Data\Repository.Interfaces\Data.Repository.Interfaces.csproj", "{47FAF41A-6D0D-4C4C-B499-5B97F861ED01}"
EndProject
Project("{9A19103F-16F7-4668-BE54-9A1E7A4F7556}") = "Data.Entity.Utils", "Data\Entity.Utils\Data.Entity.Utils.csproj", "{C9C13F26-E5CE-489D-BF41-C2C36F82480C}"
EndProject
Project("{9A19103F-16F7-4668-BE54-9A1E7A4F7556}") = "Domain.Models", "Domain\Models\Domain.Models.csproj", "{E9DB20AE-EA13-4C57-998C-2C38B0D17395}"
EndProject
Project("{9A19103F-16F7-4668-BE54-9A1E7A4F7556}") = "Domain.Abstractions", "Domain\Abstractions\Domain.Abstractions.csproj", "{657FB290-EDC4-450F-9A80-18E1543703D9}"
EndProject
Project("{9A19103F-16F7-4668-BE54-9A1E7A4F7556}") = "Domain.Extensions", "Domain\Extensions\Domain.Extensions.csproj", "{F2EE4778-A0D5-44BA-BE20-5913B9962E3D}"
EndProject
Project("{9A19103F-16F7-4668-BE54-9A1E7A4F7556}") = "Common.DTO", "Common\DTO\Common.DTO.csproj", "{62285101-0C2B-4620-9D28-3774B15F77C6}"
EndProject
Project("{9A19103F-16F7-4668-BE54-9A1E7A4F7556}") = "Common.Extentions.DependencyInjection", "Common\Extentions.DependencyInjection\Common.Extentions.DependencyInjection.csproj", "{ED722584-627B-416D-9A3D-19A24E9DF6B5}"
EndProject
Project("{9A19103F-16F7-4668-BE54-9A1E7A4F7556}") = "Services.Abstractions", "Services\Abstractions\Services.Abstractions.csproj", "{1B6089DC-182B-4B8B-A249-1637ECE80806}"
EndProject
Project("{9A19103F-16F7-4668-BE54-9A1E7A4F7556}") = "SDK", "Common\SDK\SDK.csproj", "{B4A4B335-08BA-4401-A861-691E4F853ABC}"
EndProject
Project("{9A19103F-16F7-4668-BE54-9A1E7A4F7556}") = "SDK.Abstractions", "Common\SDK.Abstractions\SDK.Abstractions.csproj", "{097BE146-421A-4A21-8F25-5D9AE7D6B078}"
EndProject
Project("{9A19103F-16F7-4668-BE54-9A1E7A4F7556}") = "SDK.Extensions", "Common\SDK.Extensions\SDK.Extensions.csproj", "{F577149D-2AD6-4F2C-A717-CEC65CDB1FCD}"
EndProject
Project("{2150E333-8FDC-42A3-9474-1A3956D46DE8}") = "schemas", "schemas", "{896FB23F-946D-4D44-8B59-509C0B5958D9}"
	ProjectSection(SolutionItems) = preProject
		Schemas\berry.json = Schemas\berry.json
		Schemas\grpc-sdk.proto = Schemas\grpc-sdk.proto
		Schemas\grpc.proto = Schemas\grpc.proto
		Schemas\query.graphql = Schemas\query.graphql
		Schemas\TheSharpFactory.graphql = Schemas\TheSharpFactory.graphql
	EndProjectSection
EndProject
Project("{9A19103F-16F7-4668-BE54-9A1E7A4F7556}") = "Common.DTO.Abstractions", "Common\Common.DTO.Abstractions\Common.DTO.Abstractions.csproj", "{CF18325A-53FA-47F2-B454-03C5A5213ED3}"
EndProject
Project("{9A19103F-16F7-4668-BE54-9A1E7A4F7556}") = "Services.GraphTypes", "Services\GraphTypes\Services.GraphTypes.csproj", "{2052539A-D4CD-4DF6-9D20-9E5B5CD930DB}"
EndProject
Project("{9A19103F-16F7-4668-BE54-9A1E7A4F7556}") = "Services.Unified", "Services\Unified\Services.Unified.csproj", "{9EE19129-B9E5-4E4A-A6AD-A400490C44E3}"
EndProject
Global
	GlobalSection(SolutionConfigurationPlatforms) = preSolution
		Debug|Any CPU = Debug|Any CPU
		Debug|ARM = Debug|ARM
		Debug|iPhone = Debug|iPhone
		Debug|iPhoneSimulator = Debug|iPhoneSimulator
		Debug|x64 = Debug|x64
		Debug|x86 = Debug|x86
		Release|Any CPU = Release|Any CPU
		Release|ARM = Release|ARM
		Release|iPhone = Release|iPhone
		Release|iPhoneSimulator = Release|iPhoneSimulator
		Release|x64 = Release|x64
		Release|x86 = Release|x86
	EndGlobalSection
	GlobalSection(ProjectConfigurationPlatforms) = postSolution
		{AB244265-FF50-4704-BDFB-4F9733B374AC}.Debug|Any CPU.ActiveCfg = Debug|Any CPU
		{AB244265-FF50-4704-BDFB-4F9733B374AC}.Debug|Any CPU.Build.0 = Debug|Any CPU
		{AB244265-FF50-4704-BDFB-4F9733B374AC}.Debug|ARM.ActiveCfg = Debug|Any CPU
		{AB244265-FF50-4704-BDFB-4F9733B374AC}.Debug|ARM.Build.0 = Debug|Any CPU
		{AB244265-FF50-4704-BDFB-4F9733B374AC}.Debug|iPhone.ActiveCfg = Debug|Any CPU
		{AB244265-FF50-4704-BDFB-4F9733B374AC}.Debug|iPhone.Build.0 = Debug|Any CPU
		{AB244265-FF50-4704-BDFB-4F9733B374AC}.Debug|iPhoneSimulator.ActiveCfg = Debug|Any CPU
		{AB244265-FF50-4704-BDFB-4F9733B374AC}.Debug|iPhoneSimulator.Build.0 = Debug|Any CPU
		{AB244265-FF50-4704-BDFB-4F9733B374AC}.Debug|x64.ActiveCfg = Debug|Any CPU
		{AB244265-FF50-4704-BDFB-4F9733B374AC}.Debug|x64.Build.0 = Debug|Any CPU
		{AB244265-FF50-4704-BDFB-4F9733B374AC}.Debug|x86.ActiveCfg = Debug|Any CPU
		{AB244265-FF50-4704-BDFB-4F9733B374AC}.Debug|x86.Build.0 = Debug|Any CPU
		{AB244265-FF50-4704-BDFB-4F9733B374AC}.Release|Any CPU.ActiveCfg = Release|Any CPU
		{AB244265-FF50-4704-BDFB-4F9733B374AC}.Release|Any CPU.Build.0 = Release|Any CPU
		{AB244265-FF50-4704-BDFB-4F9733B374AC}.Release|ARM.ActiveCfg = Release|Any CPU
		{AB244265-FF50-4704-BDFB-4F9733B374AC}.Release|ARM.Build.0 = Release|Any CPU
		{AB244265-FF50-4704-BDFB-4F9733B374AC}.Release|iPhone.ActiveCfg = Release|Any CPU
		{AB244265-FF50-4704-BDFB-4F9733B374AC}.Release|iPhone.Build.0 = Release|Any CPU
		{AB244265-FF50-4704-BDFB-4F9733B374AC}.Release|iPhoneSimulator.ActiveCfg = Release|Any CPU
		{AB244265-FF50-4704-BDFB-4F9733B374AC}.Release|iPhoneSimulator.Build.0 = Release|Any CPU
		{AB244265-FF50-4704-BDFB-4F9733B374AC}.Release|x64.ActiveCfg = Release|Any CPU
		{AB244265-FF50-4704-BDFB-4F9733B374AC}.Release|x64.Build.0 = Release|Any CPU
		{AB244265-FF50-4704-BDFB-4F9733B374AC}.Release|x86.ActiveCfg = Release|Any CPU
		{AB244265-FF50-4704-BDFB-4F9733B374AC}.Release|x86.Build.0 = Release|Any CPU
		{86DA72B0-0876-4774-BA73-522164C7B33F}.Debug|Any CPU.ActiveCfg = Debug|Any CPU
		{86DA72B0-0876-4774-BA73-522164C7B33F}.Debug|Any CPU.Build.0 = Debug|Any CPU
		{86DA72B0-0876-4774-BA73-522164C7B33F}.Debug|ARM.ActiveCfg = Debug|Any CPU
		{86DA72B0-0876-4774-BA73-522164C7B33F}.Debug|ARM.Build.0 = Debug|Any CPU
		{86DA72B0-0876-4774-BA73-522164C7B33F}.Debug|iPhone.ActiveCfg = Debug|Any CPU
		{86DA72B0-0876-4774-BA73-522164C7B33F}.Debug|iPhone.Build.0 = Debug|Any CPU
		{86DA72B0-0876-4774-BA73-522164C7B33F}.Debug|iPhoneSimulator.ActiveCfg = Debug|Any CPU
		{86DA72B0-0876-4774-BA73-522164C7B33F}.Debug|iPhoneSimulator.Build.0 = Debug|Any CPU
		{86DA72B0-0876-4774-BA73-522164C7B33F}.Debug|x64.ActiveCfg = Debug|Any CPU
		{86DA72B0-0876-4774-BA73-522164C7B33F}.Debug|x64.Build.0 = Debug|Any CPU
		{86DA72B0-0876-4774-BA73-522164C7B33F}.Debug|x86.ActiveCfg = Debug|Any CPU
		{86DA72B0-0876-4774-BA73-522164C7B33F}.Debug|x86.Build.0 = Debug|Any CPU
		{86DA72B0-0876-4774-BA73-522164C7B33F}.Release|Any CPU.ActiveCfg = Release|Any CPU
		{86DA72B0-0876-4774-BA73-522164C7B33F}.Release|Any CPU.Build.0 = Release|Any CPU
		{86DA72B0-0876-4774-BA73-522164C7B33F}.Release|ARM.ActiveCfg = Release|Any CPU
		{86DA72B0-0876-4774-BA73-522164C7B33F}.Release|ARM.Build.0 = Release|Any CPU
		{86DA72B0-0876-4774-BA73-522164C7B33F}.Release|iPhone.ActiveCfg = Release|Any CPU
		{86DA72B0-0876-4774-BA73-522164C7B33F}.Release|iPhone.Build.0 = Release|Any CPU
		{86DA72B0-0876-4774-BA73-522164C7B33F}.Release|iPhoneSimulator.ActiveCfg = Release|Any CPU
		{86DA72B0-0876-4774-BA73-522164C7B33F}.Release|iPhoneSimulator.Build.0 = Release|Any CPU
		{86DA72B0-0876-4774-BA73-522164C7B33F}.Release|x64.ActiveCfg = Release|Any CPU
		{86DA72B0-0876-4774-BA73-522164C7B33F}.Release|x64.Build.0 = Release|Any CPU
		{86DA72B0-0876-4774-BA73-522164C7B33F}.Release|x86.ActiveCfg = Release|Any CPU
		{86DA72B0-0876-4774-BA73-522164C7B33F}.Release|x86.Build.0 = Release|Any CPU
		{E6E00A5E-C3D8-4C7D-8B93-816DF358E11E}.Debug|Any CPU.ActiveCfg = Debug|Any CPU
		{E6E00A5E-C3D8-4C7D-8B93-816DF358E11E}.Debug|Any CPU.Build.0 = Debug|Any CPU
		{E6E00A5E-C3D8-4C7D-8B93-816DF358E11E}.Debug|ARM.ActiveCfg = Debug|Any CPU
		{E6E00A5E-C3D8-4C7D-8B93-816DF358E11E}.Debug|ARM.Build.0 = Debug|Any CPU
		{E6E00A5E-C3D8-4C7D-8B93-816DF358E11E}.Debug|iPhone.ActiveCfg = Debug|Any CPU
		{E6E00A5E-C3D8-4C7D-8B93-816DF358E11E}.Debug|iPhone.Build.0 = Debug|Any CPU
		{E6E00A5E-C3D8-4C7D-8B93-816DF358E11E}.Debug|iPhoneSimulator.ActiveCfg = Debug|Any CPU
		{E6E00A5E-C3D8-4C7D-8B93-816DF358E11E}.Debug|iPhoneSimulator.Build.0 = Debug|Any CPU
		{E6E00A5E-C3D8-4C7D-8B93-816DF358E11E}.Debug|x64.ActiveCfg = Debug|Any CPU
		{E6E00A5E-C3D8-4C7D-8B93-816DF358E11E}.Debug|x64.Build.0 = Debug|Any CPU
		{E6E00A5E-C3D8-4C7D-8B93-816DF358E11E}.Debug|x86.ActiveCfg = Debug|Any CPU
		{E6E00A5E-C3D8-4C7D-8B93-816DF358E11E}.Debug|x86.Build.0 = Debug|Any CPU
		{E6E00A5E-C3D8-4C7D-8B93-816DF358E11E}.Release|Any CPU.ActiveCfg = Release|Any CPU
		{E6E00A5E-C3D8-4C7D-8B93-816DF358E11E}.Release|Any CPU.Build.0 = Release|Any CPU
		{E6E00A5E-C3D8-4C7D-8B93-816DF358E11E}.Release|ARM.ActiveCfg = Release|Any CPU
		{E6E00A5E-C3D8-4C7D-8B93-816DF358E11E}.Release|ARM.Build.0 = Release|Any CPU
		{E6E00A5E-C3D8-4C7D-8B93-816DF358E11E}.Release|iPhone.ActiveCfg = Release|Any CPU
		{E6E00A5E-C3D8-4C7D-8B93-816DF358E11E}.Release|iPhone.Build.0 = Release|Any CPU
		{E6E00A5E-C3D8-4C7D-8B93-816DF358E11E}.Release|iPhoneSimulator.ActiveCfg = Release|Any CPU
		{E6E00A5E-C3D8-4C7D-8B93-816DF358E11E}.Release|iPhoneSimulator.Build.0 = Release|Any CPU
		{E6E00A5E-C3D8-4C7D-8B93-816DF358E11E}.Release|x64.ActiveCfg = Release|Any CPU
		{E6E00A5E-C3D8-4C7D-8B93-816DF358E11E}.Release|x64.Build.0 = Release|Any CPU
		{E6E00A5E-C3D8-4C7D-8B93-816DF358E11E}.Release|x86.ActiveCfg = Release|Any CPU
		{E6E00A5E-C3D8-4C7D-8B93-816DF358E11E}.Release|x86.Build.0 = Release|Any CPU
		{47FAF41A-6D0D-4C4C-B499-5B97F861ED01}.Debug|Any CPU.ActiveCfg = Debug|Any CPU
		{47FAF41A-6D0D-4C4C-B499-5B97F861ED01}.Debug|Any CPU.Build.0 = Debug|Any CPU
		{47FAF41A-6D0D-4C4C-B499-5B97F861ED01}.Debug|ARM.ActiveCfg = Debug|Any CPU
		{47FAF41A-6D0D-4C4C-B499-5B97F861ED01}.Debug|ARM.Build.0 = Debug|Any CPU
		{47FAF41A-6D0D-4C4C-B499-5B97F861ED01}.Debug|iPhone.ActiveCfg = Debug|Any CPU
		{47FAF41A-6D0D-4C4C-B499-5B97F861ED01}.Debug|iPhone.Build.0 = Debug|Any CPU
		{47FAF41A-6D0D-4C4C-B499-5B97F861ED01}.Debug|iPhoneSimulator.ActiveCfg = Debug|Any CPU
		{47FAF41A-6D0D-4C4C-B499-5B97F861ED01}.Debug|iPhoneSimulator.Build.0 = Debug|Any CPU
		{47FAF41A-6D0D-4C4C-B499-5B97F861ED01}.Debug|x64.ActiveCfg = Debug|Any CPU
		{47FAF41A-6D0D-4C4C-B499-5B97F861ED01}.Debug|x64.Build.0 = Debug|Any CPU
		{47FAF41A-6D0D-4C4C-B499-5B97F861ED01}.Debug|x86.ActiveCfg = Debug|Any CPU
		{47FAF41A-6D0D-4C4C-B499-5B97F861ED01}.Debug|x86.Build.0 = Debug|Any CPU
		{47FAF41A-6D0D-4C4C-B499-5B97F861ED01}.Release|Any CPU.ActiveCfg = Release|Any CPU
		{47FAF41A-6D0D-4C4C-B499-5B97F861ED01}.Release|Any CPU.Build.0 = Release|Any CPU
		{47FAF41A-6D0D-4C4C-B499-5B97F861ED01}.Release|ARM.ActiveCfg = Release|Any CPU
		{47FAF41A-6D0D-4C4C-B499-5B97F861ED01}.Release|ARM.Build.0 = Release|Any CPU
		{47FAF41A-6D0D-4C4C-B499-5B97F861ED01}.Release|iPhone.ActiveCfg = Release|Any CPU
		{47FAF41A-6D0D-4C4C-B499-5B97F861ED01}.Release|iPhone.Build.0 = Release|Any CPU
		{47FAF41A-6D0D-4C4C-B499-5B97F861ED01}.Release|iPhoneSimulator.ActiveCfg = Release|Any CPU
		{47FAF41A-6D0D-4C4C-B499-5B97F861ED01}.Release|iPhoneSimulator.Build.0 = Release|Any CPU
		{47FAF41A-6D0D-4C4C-B499-5B97F861ED01}.Release|x64.ActiveCfg = Release|Any CPU
		{47FAF41A-6D0D-4C4C-B499-5B97F861ED01}.Release|x64.Build.0 = Release|Any CPU
		{47FAF41A-6D0D-4C4C-B499-5B97F861ED01}.Release|x86.ActiveCfg = Release|Any CPU
		{47FAF41A-6D0D-4C4C-B499-5B97F861ED01}.Release|x86.Build.0 = Release|Any CPU
		{C9C13F26-E5CE-489D-BF41-C2C36F82480C}.Debug|Any CPU.ActiveCfg = Debug|Any CPU
		{C9C13F26-E5CE-489D-BF41-C2C36F82480C}.Debug|Any CPU.Build.0 = Debug|Any CPU
		{C9C13F26-E5CE-489D-BF41-C2C36F82480C}.Debug|ARM.ActiveCfg = Debug|Any CPU
		{C9C13F26-E5CE-489D-BF41-C2C36F82480C}.Debug|ARM.Build.0 = Debug|Any CPU
		{C9C13F26-E5CE-489D-BF41-C2C36F82480C}.Debug|iPhone.ActiveCfg = Debug|Any CPU
		{C9C13F26-E5CE-489D-BF41-C2C36F82480C}.Debug|iPhone.Build.0 = Debug|Any CPU
		{C9C13F26-E5CE-489D-BF41-C2C36F82480C}.Debug|iPhoneSimulator.ActiveCfg = Debug|Any CPU
		{C9C13F26-E5CE-489D-BF41-C2C36F82480C}.Debug|iPhoneSimulator.Build.0 = Debug|Any CPU
		{C9C13F26-E5CE-489D-BF41-C2C36F82480C}.Debug|x64.ActiveCfg = Debug|Any CPU
		{C9C13F26-E5CE-489D-BF41-C2C36F82480C}.Debug|x64.Build.0 = Debug|Any CPU
		{C9C13F26-E5CE-489D-BF41-C2C36F82480C}.Debug|x86.ActiveCfg = Debug|Any CPU
		{C9C13F26-E5CE-489D-BF41-C2C36F82480C}.Debug|x86.Build.0 = Debug|Any CPU
		{C9C13F26-E5CE-489D-BF41-C2C36F82480C}.Release|Any CPU.ActiveCfg = Release|Any CPU
		{C9C13F26-E5CE-489D-BF41-C2C36F82480C}.Release|Any CPU.Build.0 = Release|Any CPU
		{C9C13F26-E5CE-489D-BF41-C2C36F82480C}.Release|ARM.ActiveCfg = Release|Any CPU
		{C9C13F26-E5CE-489D-BF41-C2C36F82480C}.Release|ARM.Build.0 = Release|Any CPU
		{C9C13F26-E5CE-489D-BF41-C2C36F82480C}.Release|iPhone.ActiveCfg = Release|Any CPU
		{C9C13F26-E5CE-489D-BF41-C2C36F82480C}.Release|iPhone.Build.0 = Release|Any CPU
		{C9C13F26-E5CE-489D-BF41-C2C36F82480C}.Release|iPhoneSimulator.ActiveCfg = Release|Any CPU
		{C9C13F26-E5CE-489D-BF41-C2C36F82480C}.Release|iPhoneSimulator.Build.0 = Release|Any CPU
		{C9C13F26-E5CE-489D-BF41-C2C36F82480C}.Release|x64.ActiveCfg = Release|Any CPU
		{C9C13F26-E5CE-489D-BF41-C2C36F82480C}.Release|x64.Build.0 = Release|Any CPU
		{C9C13F26-E5CE-489D-BF41-C2C36F82480C}.Release|x86.ActiveCfg = Release|Any CPU
		{C9C13F26-E5CE-489D-BF41-C2C36F82480C}.Release|x86.Build.0 = Release|Any CPU
		{E9DB20AE-EA13-4C57-998C-2C38B0D17395}.Debug|Any CPU.ActiveCfg = Debug|Any CPU
		{E9DB20AE-EA13-4C57-998C-2C38B0D17395}.Debug|Any CPU.Build.0 = Debug|Any CPU
		{E9DB20AE-EA13-4C57-998C-2C38B0D17395}.Debug|ARM.ActiveCfg = Debug|Any CPU
		{E9DB20AE-EA13-4C57-998C-2C38B0D17395}.Debug|ARM.Build.0 = Debug|Any CPU
		{E9DB20AE-EA13-4C57-998C-2C38B0D17395}.Debug|iPhone.ActiveCfg = Debug|Any CPU
		{E9DB20AE-EA13-4C57-998C-2C38B0D17395}.Debug|iPhone.Build.0 = Debug|Any CPU
		{E9DB20AE-EA13-4C57-998C-2C38B0D17395}.Debug|iPhoneSimulator.ActiveCfg = Debug|Any CPU
		{E9DB20AE-EA13-4C57-998C-2C38B0D17395}.Debug|iPhoneSimulator.Build.0 = Debug|Any CPU
		{E9DB20AE-EA13-4C57-998C-2C38B0D17395}.Debug|x64.ActiveCfg = Debug|Any CPU
		{E9DB20AE-EA13-4C57-998C-2C38B0D17395}.Debug|x64.Build.0 = Debug|Any CPU
		{E9DB20AE-EA13-4C57-998C-2C38B0D17395}.Debug|x86.ActiveCfg = Debug|Any CPU
		{E9DB20AE-EA13-4C57-998C-2C38B0D17395}.Debug|x86.Build.0 = Debug|Any CPU
		{E9DB20AE-EA13-4C57-998C-2C38B0D17395}.Release|Any CPU.ActiveCfg = Release|Any CPU
		{E9DB20AE-EA13-4C57-998C-2C38B0D17395}.Release|Any CPU.Build.0 = Release|Any CPU
		{E9DB20AE-EA13-4C57-998C-2C38B0D17395}.Release|ARM.ActiveCfg = Release|Any CPU
		{E9DB20AE-EA13-4C57-998C-2C38B0D17395}.Release|ARM.Build.0 = Release|Any CPU
		{E9DB20AE-EA13-4C57-998C-2C38B0D17395}.Release|iPhone.ActiveCfg = Release|Any CPU
		{E9DB20AE-EA13-4C57-998C-2C38B0D17395}.Release|iPhone.Build.0 = Release|Any CPU
		{E9DB20AE-EA13-4C57-998C-2C38B0D17395}.Release|iPhoneSimulator.ActiveCfg = Release|Any CPU
		{E9DB20AE-EA13-4C57-998C-2C38B0D17395}.Release|iPhoneSimulator.Build.0 = Release|Any CPU
		{E9DB20AE-EA13-4C57-998C-2C38B0D17395}.Release|x64.ActiveCfg = Release|Any CPU
		{E9DB20AE-EA13-4C57-998C-2C38B0D17395}.Release|x64.Build.0 = Release|Any CPU
		{E9DB20AE-EA13-4C57-998C-2C38B0D17395}.Release|x86.ActiveCfg = Release|Any CPU
		{E9DB20AE-EA13-4C57-998C-2C38B0D17395}.Release|x86.Build.0 = Release|Any CPU
		{657FB290-EDC4-450F-9A80-18E1543703D9}.Debug|Any CPU.ActiveCfg = Debug|Any CPU
		{657FB290-EDC4-450F-9A80-18E1543703D9}.Debug|Any CPU.Build.0 = Debug|Any CPU
		{657FB290-EDC4-450F-9A80-18E1543703D9}.Debug|ARM.ActiveCfg = Debug|Any CPU
		{657FB290-EDC4-450F-9A80-18E1543703D9}.Debug|ARM.Build.0 = Debug|Any CPU
		{657FB290-EDC4-450F-9A80-18E1543703D9}.Debug|iPhone.ActiveCfg = Debug|Any CPU
		{657FB290-EDC4-450F-9A80-18E1543703D9}.Debug|iPhone.Build.0 = Debug|Any CPU
		{657FB290-EDC4-450F-9A80-18E1543703D9}.Debug|iPhoneSimulator.ActiveCfg = Debug|Any CPU
		{657FB290-EDC4-450F-9A80-18E1543703D9}.Debug|iPhoneSimulator.Build.0 = Debug|Any CPU
		{657FB290-EDC4-450F-9A80-18E1543703D9}.Debug|x64.ActiveCfg = Debug|Any CPU
		{657FB290-EDC4-450F-9A80-18E1543703D9}.Debug|x64.Build.0 = Debug|Any CPU
		{657FB290-EDC4-450F-9A80-18E1543703D9}.Debug|x86.ActiveCfg = Debug|Any CPU
		{657FB290-EDC4-450F-9A80-18E1543703D9}.Debug|x86.Build.0 = Debug|Any CPU
		{657FB290-EDC4-450F-9A80-18E1543703D9}.Release|Any CPU.ActiveCfg = Release|Any CPU
		{657FB290-EDC4-450F-9A80-18E1543703D9}.Release|Any CPU.Build.0 = Release|Any CPU
		{657FB290-EDC4-450F-9A80-18E1543703D9}.Release|ARM.ActiveCfg = Release|Any CPU
		{657FB290-EDC4-450F-9A80-18E1543703D9}.Release|ARM.Build.0 = Release|Any CPU
		{657FB290-EDC4-450F-9A80-18E1543703D9}.Release|iPhone.ActiveCfg = Release|Any CPU
		{657FB290-EDC4-450F-9A80-18E1543703D9}.Release|iPhone.Build.0 = Release|Any CPU
		{657FB290-EDC4-450F-9A80-18E1543703D9}.Release|iPhoneSimulator.ActiveCfg = Release|Any CPU
		{657FB290-EDC4-450F-9A80-18E1543703D9}.Release|iPhoneSimulator.Build.0 = Release|Any CPU
		{657FB290-EDC4-450F-9A80-18E1543703D9}.Release|x64.ActiveCfg = Release|Any CPU
		{657FB290-EDC4-450F-9A80-18E1543703D9}.Release|x64.Build.0 = Release|Any CPU
		{657FB290-EDC4-450F-9A80-18E1543703D9}.Release|x86.ActiveCfg = Release|Any CPU
		{657FB290-EDC4-450F-9A80-18E1543703D9}.Release|x86.Build.0 = Release|Any CPU
		{F2EE4778-A0D5-44BA-BE20-5913B9962E3D}.Debug|Any CPU.ActiveCfg = Debug|Any CPU
		{F2EE4778-A0D5-44BA-BE20-5913B9962E3D}.Debug|Any CPU.Build.0 = Debug|Any CPU
		{F2EE4778-A0D5-44BA-BE20-5913B9962E3D}.Debug|ARM.ActiveCfg = Debug|Any CPU
		{F2EE4778-A0D5-44BA-BE20-5913B9962E3D}.Debug|ARM.Build.0 = Debug|Any CPU
		{F2EE4778-A0D5-44BA-BE20-5913B9962E3D}.Debug|iPhone.ActiveCfg = Debug|Any CPU
		{F2EE4778-A0D5-44BA-BE20-5913B9962E3D}.Debug|iPhone.Build.0 = Debug|Any CPU
		{F2EE4778-A0D5-44BA-BE20-5913B9962E3D}.Debug|iPhoneSimulator.ActiveCfg = Debug|Any CPU
		{F2EE4778-A0D5-44BA-BE20-5913B9962E3D}.Debug|iPhoneSimulator.Build.0 = Debug|Any CPU
		{F2EE4778-A0D5-44BA-BE20-5913B9962E3D}.Debug|x64.ActiveCfg = Debug|Any CPU
		{F2EE4778-A0D5-44BA-BE20-5913B9962E3D}.Debug|x64.Build.0 = Debug|Any CPU
		{F2EE4778-A0D5-44BA-BE20-5913B9962E3D}.Debug|x86.ActiveCfg = Debug|Any CPU
		{F2EE4778-A0D5-44BA-BE20-5913B9962E3D}.Debug|x86.Build.0 = Debug|Any CPU
		{F2EE4778-A0D5-44BA-BE20-5913B9962E3D}.Release|Any CPU.ActiveCfg = Release|Any CPU
		{F2EE4778-A0D5-44BA-BE20-5913B9962E3D}.Release|Any CPU.Build.0 = Release|Any CPU
		{F2EE4778-A0D5-44BA-BE20-5913B9962E3D}.Release|ARM.ActiveCfg = Release|Any CPU
		{F2EE4778-A0D5-44BA-BE20-5913B9962E3D}.Release|ARM.Build.0 = Release|Any CPU
		{F2EE4778-A0D5-44BA-BE20-5913B9962E3D}.Release|iPhone.ActiveCfg = Release|Any CPU
		{F2EE4778-A0D5-44BA-BE20-5913B9962E3D}.Release|iPhone.Build.0 = Release|Any CPU
		{F2EE4778-A0D5-44BA-BE20-5913B9962E3D}.Release|iPhoneSimulator.ActiveCfg = Release|Any CPU
		{F2EE4778-A0D5-44BA-BE20-5913B9962E3D}.Release|iPhoneSimulator.Build.0 = Release|Any CPU
		{F2EE4778-A0D5-44BA-BE20-5913B9962E3D}.Release|x64.ActiveCfg = Release|Any CPU
		{F2EE4778-A0D5-44BA-BE20-5913B9962E3D}.Release|x64.Build.0 = Release|Any CPU
		{F2EE4778-A0D5-44BA-BE20-5913B9962E3D}.Release|x86.ActiveCfg = Release|Any CPU
		{F2EE4778-A0D5-44BA-BE20-5913B9962E3D}.Release|x86.Build.0 = Release|Any CPU
		{62285101-0C2B-4620-9D28-3774B15F77C6}.Debug|Any CPU.ActiveCfg = Debug|Any CPU
		{62285101-0C2B-4620-9D28-3774B15F77C6}.Debug|Any CPU.Build.0 = Debug|Any CPU
		{62285101-0C2B-4620-9D28-3774B15F77C6}.Debug|ARM.ActiveCfg = Debug|Any CPU
		{62285101-0C2B-4620-9D28-3774B15F77C6}.Debug|ARM.Build.0 = Debug|Any CPU
		{62285101-0C2B-4620-9D28-3774B15F77C6}.Debug|iPhone.ActiveCfg = Debug|Any CPU
		{62285101-0C2B-4620-9D28-3774B15F77C6}.Debug|iPhone.Build.0 = Debug|Any CPU
		{62285101-0C2B-4620-9D28-3774B15F77C6}.Debug|iPhoneSimulator.ActiveCfg = Debug|Any CPU
		{62285101-0C2B-4620-9D28-3774B15F77C6}.Debug|iPhoneSimulator.Build.0 = Debug|Any CPU
		{62285101-0C2B-4620-9D28-3774B15F77C6}.Debug|x64.ActiveCfg = Debug|Any CPU
		{62285101-0C2B-4620-9D28-3774B15F77C6}.Debug|x64.Build.0 = Debug|Any CPU
		{62285101-0C2B-4620-9D28-3774B15F77C6}.Debug|x86.ActiveCfg = Debug|Any CPU
		{62285101-0C2B-4620-9D28-3774B15F77C6}.Debug|x86.Build.0 = Debug|Any CPU
		{62285101-0C2B-4620-9D28-3774B15F77C6}.Release|Any CPU.ActiveCfg = Release|Any CPU
		{62285101-0C2B-4620-9D28-3774B15F77C6}.Release|Any CPU.Build.0 = Release|Any CPU
		{62285101-0C2B-4620-9D28-3774B15F77C6}.Release|ARM.ActiveCfg = Release|Any CPU
		{62285101-0C2B-4620-9D28-3774B15F77C6}.Release|ARM.Build.0 = Release|Any CPU
		{62285101-0C2B-4620-9D28-3774B15F77C6}.Release|iPhone.ActiveCfg = Release|Any CPU
		{62285101-0C2B-4620-9D28-3774B15F77C6}.Release|iPhone.Build.0 = Release|Any CPU
		{62285101-0C2B-4620-9D28-3774B15F77C6}.Release|iPhoneSimulator.ActiveCfg = Release|Any CPU
		{62285101-0C2B-4620-9D28-3774B15F77C6}.Release|iPhoneSimulator.Build.0 = Release|Any CPU
		{62285101-0C2B-4620-9D28-3774B15F77C6}.Release|x64.ActiveCfg = Release|Any CPU
		{62285101-0C2B-4620-9D28-3774B15F77C6}.Release|x64.Build.0 = Release|Any CPU
		{62285101-0C2B-4620-9D28-3774B15F77C6}.Release|x86.ActiveCfg = Release|Any CPU
		{62285101-0C2B-4620-9D28-3774B15F77C6}.Release|x86.Build.0 = Release|Any CPU
		{ED722584-627B-416D-9A3D-19A24E9DF6B5}.Debug|Any CPU.ActiveCfg = Debug|Any CPU
		{ED722584-627B-416D-9A3D-19A24E9DF6B5}.Debug|Any CPU.Build.0 = Debug|Any CPU
		{ED722584-627B-416D-9A3D-19A24E9DF6B5}.Debug|ARM.ActiveCfg = Debug|Any CPU
		{ED722584-627B-416D-9A3D-19A24E9DF6B5}.Debug|ARM.Build.0 = Debug|Any CPU
		{ED722584-627B-416D-9A3D-19A24E9DF6B5}.Debug|iPhone.ActiveCfg = Debug|Any CPU
		{ED722584-627B-416D-9A3D-19A24E9DF6B5}.Debug|iPhone.Build.0 = Debug|Any CPU
		{ED722584-627B-416D-9A3D-19A24E9DF6B5}.Debug|iPhoneSimulator.ActiveCfg = Debug|Any CPU
		{ED722584-627B-416D-9A3D-19A24E9DF6B5}.Debug|iPhoneSimulator.Build.0 = Debug|Any CPU
		{ED722584-627B-416D-9A3D-19A24E9DF6B5}.Debug|x64.ActiveCfg = Debug|Any CPU
		{ED722584-627B-416D-9A3D-19A24E9DF6B5}.Debug|x64.Build.0 = Debug|Any CPU
		{ED722584-627B-416D-9A3D-19A24E9DF6B5}.Debug|x86.ActiveCfg = Debug|Any CPU
		{ED722584-627B-416D-9A3D-19A24E9DF6B5}.Debug|x86.Build.0 = Debug|Any CPU
		{ED722584-627B-416D-9A3D-19A24E9DF6B5}.Release|Any CPU.ActiveCfg = Release|Any CPU
		{ED722584-627B-416D-9A3D-19A24E9DF6B5}.Release|Any CPU.Build.0 = Release|Any CPU
		{ED722584-627B-416D-9A3D-19A24E9DF6B5}.Release|ARM.ActiveCfg = Release|Any CPU
		{ED722584-627B-416D-9A3D-19A24E9DF6B5}.Release|ARM.Build.0 = Release|Any CPU
		{ED722584-627B-416D-9A3D-19A24E9DF6B5}.Release|iPhone.ActiveCfg = Release|Any CPU
		{ED722584-627B-416D-9A3D-19A24E9DF6B5}.Release|iPhone.Build.0 = Release|Any CPU
		{ED722584-627B-416D-9A3D-19A24E9DF6B5}.Release|iPhoneSimulator.ActiveCfg = Release|Any CPU
		{ED722584-627B-416D-9A3D-19A24E9DF6B5}.Release|iPhoneSimulator.Build.0 = Release|Any CPU
		{ED722584-627B-416D-9A3D-19A24E9DF6B5}.Release|x64.ActiveCfg = Release|Any CPU
		{ED722584-627B-416D-9A3D-19A24E9DF6B5}.Release|x64.Build.0 = Release|Any CPU
		{ED722584-627B-416D-9A3D-19A24E9DF6B5}.Release|x86.ActiveCfg = Release|Any CPU
		{ED722584-627B-416D-9A3D-19A24E9DF6B5}.Release|x86.Build.0 = Release|Any CPU
		{1B6089DC-182B-4B8B-A249-1637ECE80806}.Debug|Any CPU.ActiveCfg = Debug|Any CPU
		{1B6089DC-182B-4B8B-A249-1637ECE80806}.Debug|Any CPU.Build.0 = Debug|Any CPU
		{1B6089DC-182B-4B8B-A249-1637ECE80806}.Debug|ARM.ActiveCfg = Debug|Any CPU
		{1B6089DC-182B-4B8B-A249-1637ECE80806}.Debug|ARM.Build.0 = Debug|Any CPU
		{1B6089DC-182B-4B8B-A249-1637ECE80806}.Debug|iPhone.ActiveCfg = Debug|Any CPU
		{1B6089DC-182B-4B8B-A249-1637ECE80806}.Debug|iPhone.Build.0 = Debug|Any CPU
		{1B6089DC-182B-4B8B-A249-1637ECE80806}.Debug|iPhoneSimulator.ActiveCfg = Debug|Any CPU
		{1B6089DC-182B-4B8B-A249-1637ECE80806}.Debug|iPhoneSimulator.Build.0 = Debug|Any CPU
		{1B6089DC-182B-4B8B-A249-1637ECE80806}.Debug|x64.ActiveCfg = Debug|Any CPU
		{1B6089DC-182B-4B8B-A249-1637ECE80806}.Debug|x64.Build.0 = Debug|Any CPU
		{1B6089DC-182B-4B8B-A249-1637ECE80806}.Debug|x86.ActiveCfg = Debug|Any CPU
		{1B6089DC-182B-4B8B-A249-1637ECE80806}.Debug|x86.Build.0 = Debug|Any CPU
		{1B6089DC-182B-4B8B-A249-1637ECE80806}.Release|Any CPU.ActiveCfg = Release|Any CPU
		{1B6089DC-182B-4B8B-A249-1637ECE80806}.Release|Any CPU.Build.0 = Release|Any CPU
		{1B6089DC-182B-4B8B-A249-1637ECE80806}.Release|ARM.ActiveCfg = Release|Any CPU
		{1B6089DC-182B-4B8B-A249-1637ECE80806}.Release|ARM.Build.0 = Release|Any CPU
		{1B6089DC-182B-4B8B-A249-1637ECE80806}.Release|iPhone.ActiveCfg = Release|Any CPU
		{1B6089DC-182B-4B8B-A249-1637ECE80806}.Release|iPhone.Build.0 = Release|Any CPU
		{1B6089DC-182B-4B8B-A249-1637ECE80806}.Release|iPhoneSimulator.ActiveCfg = Release|Any CPU
		{1B6089DC-182B-4B8B-A249-1637ECE80806}.Release|iPhoneSimulator.Build.0 = Release|Any CPU
		{1B6089DC-182B-4B8B-A249-1637ECE80806}.Release|x64.ActiveCfg = Release|Any CPU
		{1B6089DC-182B-4B8B-A249-1637ECE80806}.Release|x64.Build.0 = Release|Any CPU
		{1B6089DC-182B-4B8B-A249-1637ECE80806}.Release|x86.ActiveCfg = Release|Any CPU
		{1B6089DC-182B-4B8B-A249-1637ECE80806}.Release|x86.Build.0 = Release|Any CPU
		{B4A4B335-08BA-4401-A861-691E4F853ABC}.Debug|Any CPU.ActiveCfg = Debug|Any CPU
		{B4A4B335-08BA-4401-A861-691E4F853ABC}.Debug|Any CPU.Build.0 = Debug|Any CPU
		{B4A4B335-08BA-4401-A861-691E4F853ABC}.Debug|ARM.ActiveCfg = Debug|Any CPU
		{B4A4B335-08BA-4401-A861-691E4F853ABC}.Debug|ARM.Build.0 = Debug|Any CPU
		{B4A4B335-08BA-4401-A861-691E4F853ABC}.Debug|iPhone.ActiveCfg = Debug|Any CPU
		{B4A4B335-08BA-4401-A861-691E4F853ABC}.Debug|iPhone.Build.0 = Debug|Any CPU
		{B4A4B335-08BA-4401-A861-691E4F853ABC}.Debug|iPhoneSimulator.ActiveCfg = Debug|Any CPU
		{B4A4B335-08BA-4401-A861-691E4F853ABC}.Debug|iPhoneSimulator.Build.0 = Debug|Any CPU
		{B4A4B335-08BA-4401-A861-691E4F853ABC}.Debug|x64.ActiveCfg = Debug|Any CPU
		{B4A4B335-08BA-4401-A861-691E4F853ABC}.Debug|x64.Build.0 = Debug|Any CPU
		{B4A4B335-08BA-4401-A861-691E4F853ABC}.Debug|x86.ActiveCfg = Debug|Any CPU
		{B4A4B335-08BA-4401-A861-691E4F853ABC}.Debug|x86.Build.0 = Debug|Any CPU
		{B4A4B335-08BA-4401-A861-691E4F853ABC}.Release|Any CPU.ActiveCfg = Release|Any CPU
		{B4A4B335-08BA-4401-A861-691E4F853ABC}.Release|Any CPU.Build.0 = Release|Any CPU
		{B4A4B335-08BA-4401-A861-691E4F853ABC}.Release|ARM.ActiveCfg = Release|Any CPU
		{B4A4B335-08BA-4401-A861-691E4F853ABC}.Release|ARM.Build.0 = Release|Any CPU
		{B4A4B335-08BA-4401-A861-691E4F853ABC}.Release|iPhone.ActiveCfg = Release|Any CPU
		{B4A4B335-08BA-4401-A861-691E4F853ABC}.Release|iPhone.Build.0 = Release|Any CPU
		{B4A4B335-08BA-4401-A861-691E4F853ABC}.Release|iPhoneSimulator.ActiveCfg = Release|Any CPU
		{B4A4B335-08BA-4401-A861-691E4F853ABC}.Release|iPhoneSimulator.Build.0 = Release|Any CPU
		{B4A4B335-08BA-4401-A861-691E4F853ABC}.Release|x64.ActiveCfg = Release|Any CPU
		{B4A4B335-08BA-4401-A861-691E4F853ABC}.Release|x64.Build.0 = Release|Any CPU
		{B4A4B335-08BA-4401-A861-691E4F853ABC}.Release|x86.ActiveCfg = Release|Any CPU
		{B4A4B335-08BA-4401-A861-691E4F853ABC}.Release|x86.Build.0 = Release|Any CPU
		{097BE146-421A-4A21-8F25-5D9AE7D6B078}.Debug|Any CPU.ActiveCfg = Debug|Any CPU
		{097BE146-421A-4A21-8F25-5D9AE7D6B078}.Debug|Any CPU.Build.0 = Debug|Any CPU
		{097BE146-421A-4A21-8F25-5D9AE7D6B078}.Debug|ARM.ActiveCfg = Debug|Any CPU
		{097BE146-421A-4A21-8F25-5D9AE7D6B078}.Debug|ARM.Build.0 = Debug|Any CPU
		{097BE146-421A-4A21-8F25-5D9AE7D6B078}.Debug|iPhone.ActiveCfg = Debug|Any CPU
		{097BE146-421A-4A21-8F25-5D9AE7D6B078}.Debug|iPhone.Build.0 = Debug|Any CPU
		{097BE146-421A-4A21-8F25-5D9AE7D6B078}.Debug|iPhoneSimulator.ActiveCfg = Debug|Any CPU
		{097BE146-421A-4A21-8F25-5D9AE7D6B078}.Debug|iPhoneSimulator.Build.0 = Debug|Any CPU
		{097BE146-421A-4A21-8F25-5D9AE7D6B078}.Debug|x64.ActiveCfg = Debug|Any CPU
		{097BE146-421A-4A21-8F25-5D9AE7D6B078}.Debug|x64.Build.0 = Debug|Any CPU
		{097BE146-421A-4A21-8F25-5D9AE7D6B078}.Debug|x86.ActiveCfg = Debug|Any CPU
		{097BE146-421A-4A21-8F25-5D9AE7D6B078}.Debug|x86.Build.0 = Debug|Any CPU
		{097BE146-421A-4A21-8F25-5D9AE7D6B078}.Release|Any CPU.ActiveCfg = Release|Any CPU
		{097BE146-421A-4A21-8F25-5D9AE7D6B078}.Release|Any CPU.Build.0 = Release|Any CPU
		{097BE146-421A-4A21-8F25-5D9AE7D6B078}.Release|ARM.ActiveCfg = Release|Any CPU
		{097BE146-421A-4A21-8F25-5D9AE7D6B078}.Release|ARM.Build.0 = Release|Any CPU
		{097BE146-421A-4A21-8F25-5D9AE7D6B078}.Release|iPhone.ActiveCfg = Release|Any CPU
		{097BE146-421A-4A21-8F25-5D9AE7D6B078}.Release|iPhone.Build.0 = Release|Any CPU
		{097BE146-421A-4A21-8F25-5D9AE7D6B078}.Release|iPhoneSimulator.ActiveCfg = Release|Any CPU
		{097BE146-421A-4A21-8F25-5D9AE7D6B078}.Release|iPhoneSimulator.Build.0 = Release|Any CPU
		{097BE146-421A-4A21-8F25-5D9AE7D6B078}.Release|x64.ActiveCfg = Release|Any CPU
		{097BE146-421A-4A21-8F25-5D9AE7D6B078}.Release|x64.Build.0 = Release|Any CPU
		{097BE146-421A-4A21-8F25-5D9AE7D6B078}.Release|x86.ActiveCfg = Release|Any CPU
		{097BE146-421A-4A21-8F25-5D9AE7D6B078}.Release|x86.Build.0 = Release|Any CPU
		{F577149D-2AD6-4F2C-A717-CEC65CDB1FCD}.Debug|Any CPU.ActiveCfg = Debug|Any CPU
		{F577149D-2AD6-4F2C-A717-CEC65CDB1FCD}.Debug|Any CPU.Build.0 = Debug|Any CPU
		{F577149D-2AD6-4F2C-A717-CEC65CDB1FCD}.Debug|ARM.ActiveCfg = Debug|Any CPU
		{F577149D-2AD6-4F2C-A717-CEC65CDB1FCD}.Debug|ARM.Build.0 = Debug|Any CPU
		{F577149D-2AD6-4F2C-A717-CEC65CDB1FCD}.Debug|iPhone.ActiveCfg = Debug|Any CPU
		{F577149D-2AD6-4F2C-A717-CEC65CDB1FCD}.Debug|iPhone.Build.0 = Debug|Any CPU
		{F577149D-2AD6-4F2C-A717-CEC65CDB1FCD}.Debug|iPhoneSimulator.ActiveCfg = Debug|Any CPU
		{F577149D-2AD6-4F2C-A717-CEC65CDB1FCD}.Debug|iPhoneSimulator.Build.0 = Debug|Any CPU
		{F577149D-2AD6-4F2C-A717-CEC65CDB1FCD}.Debug|x64.ActiveCfg = Debug|Any CPU
		{F577149D-2AD6-4F2C-A717-CEC65CDB1FCD}.Debug|x64.Build.0 = Debug|Any CPU
		{F577149D-2AD6-4F2C-A717-CEC65CDB1FCD}.Debug|x86.ActiveCfg = Debug|Any CPU
		{F577149D-2AD6-4F2C-A717-CEC65CDB1FCD}.Debug|x86.Build.0 = Debug|Any CPU
		{F577149D-2AD6-4F2C-A717-CEC65CDB1FCD}.Release|Any CPU.ActiveCfg = Release|Any CPU
		{F577149D-2AD6-4F2C-A717-CEC65CDB1FCD}.Release|Any CPU.Build.0 = Release|Any CPU
		{F577149D-2AD6-4F2C-A717-CEC65CDB1FCD}.Release|ARM.ActiveCfg = Release|Any CPU
		{F577149D-2AD6-4F2C-A717-CEC65CDB1FCD}.Release|ARM.Build.0 = Release|Any CPU
		{F577149D-2AD6-4F2C-A717-CEC65CDB1FCD}.Release|iPhone.ActiveCfg = Release|Any CPU
		{F577149D-2AD6-4F2C-A717-CEC65CDB1FCD}.Release|iPhone.Build.0 = Release|Any CPU
		{F577149D-2AD6-4F2C-A717-CEC65CDB1FCD}.Release|iPhoneSimulator.ActiveCfg = Release|Any CPU
		{F577149D-2AD6-4F2C-A717-CEC65CDB1FCD}.Release|iPhoneSimulator.Build.0 = Release|Any CPU
		{F577149D-2AD6-4F2C-A717-CEC65CDB1FCD}.Release|x64.ActiveCfg = Release|Any CPU
		{F577149D-2AD6-4F2C-A717-CEC65CDB1FCD}.Release|x64.Build.0 = Release|Any CPU
		{F577149D-2AD6-4F2C-A717-CEC65CDB1FCD}.Release|x86.ActiveCfg = Release|Any CPU
		{F577149D-2AD6-4F2C-A717-CEC65CDB1FCD}.Release|x86.Build.0 = Release|Any CPU
		{CF18325A-53FA-47F2-B454-03C5A5213ED3}.Debug|Any CPU.ActiveCfg = Debug|Any CPU
		{CF18325A-53FA-47F2-B454-03C5A5213ED3}.Debug|Any CPU.Build.0 = Debug|Any CPU
		{CF18325A-53FA-47F2-B454-03C5A5213ED3}.Debug|ARM.ActiveCfg = Debug|Any CPU
		{CF18325A-53FA-47F2-B454-03C5A5213ED3}.Debug|ARM.Build.0 = Debug|Any CPU
		{CF18325A-53FA-47F2-B454-03C5A5213ED3}.Debug|iPhone.ActiveCfg = Debug|Any CPU
		{CF18325A-53FA-47F2-B454-03C5A5213ED3}.Debug|iPhone.Build.0 = Debug|Any CPU
		{CF18325A-53FA-47F2-B454-03C5A5213ED3}.Debug|iPhoneSimulator.ActiveCfg = Debug|Any CPU
		{CF18325A-53FA-47F2-B454-03C5A5213ED3}.Debug|iPhoneSimulator.Build.0 = Debug|Any CPU
		{CF18325A-53FA-47F2-B454-03C5A5213ED3}.Debug|x64.ActiveCfg = Debug|Any CPU
		{CF18325A-53FA-47F2-B454-03C5A5213ED3}.Debug|x64.Build.0 = Debug|Any CPU
		{CF18325A-53FA-47F2-B454-03C5A5213ED3}.Debug|x86.ActiveCfg = Debug|Any CPU
		{CF18325A-53FA-47F2-B454-03C5A5213ED3}.Debug|x86.Build.0 = Debug|Any CPU
		{CF18325A-53FA-47F2-B454-03C5A5213ED3}.Release|Any CPU.ActiveCfg = Release|Any CPU
		{CF18325A-53FA-47F2-B454-03C5A5213ED3}.Release|Any CPU.Build.0 = Release|Any CPU
		{CF18325A-53FA-47F2-B454-03C5A5213ED3}.Release|ARM.ActiveCfg = Release|Any CPU
		{CF18325A-53FA-47F2-B454-03C5A5213ED3}.Release|ARM.Build.0 = Release|Any CPU
		{CF18325A-53FA-47F2-B454-03C5A5213ED3}.Release|iPhone.ActiveCfg = Release|Any CPU
		{CF18325A-53FA-47F2-B454-03C5A5213ED3}.Release|iPhone.Build.0 = Release|Any CPU
		{CF18325A-53FA-47F2-B454-03C5A5213ED3}.Release|iPhoneSimulator.ActiveCfg = Release|Any CPU
		{CF18325A-53FA-47F2-B454-03C5A5213ED3}.Release|iPhoneSimulator.Build.0 = Release|Any CPU
		{CF18325A-53FA-47F2-B454-03C5A5213ED3}.Release|x64.ActiveCfg = Release|Any CPU
		{CF18325A-53FA-47F2-B454-03C5A5213ED3}.Release|x64.Build.0 = Release|Any CPU
		{CF18325A-53FA-47F2-B454-03C5A5213ED3}.Release|x86.ActiveCfg = Release|Any CPU
		{CF18325A-53FA-47F2-B454-03C5A5213ED3}.Release|x86.Build.0 = Release|Any CPU
		{2052539A-D4CD-4DF6-9D20-9E5B5CD930DB}.Debug|Any CPU.ActiveCfg = Debug|Any CPU
		{2052539A-D4CD-4DF6-9D20-9E5B5CD930DB}.Debug|Any CPU.Build.0 = Debug|Any CPU
		{2052539A-D4CD-4DF6-9D20-9E5B5CD930DB}.Debug|ARM.ActiveCfg = Debug|Any CPU
		{2052539A-D4CD-4DF6-9D20-9E5B5CD930DB}.Debug|ARM.Build.0 = Debug|Any CPU
		{2052539A-D4CD-4DF6-9D20-9E5B5CD930DB}.Debug|iPhone.ActiveCfg = Debug|Any CPU
		{2052539A-D4CD-4DF6-9D20-9E5B5CD930DB}.Debug|iPhone.Build.0 = Debug|Any CPU
		{2052539A-D4CD-4DF6-9D20-9E5B5CD930DB}.Debug|iPhoneSimulator.ActiveCfg = Debug|Any CPU
		{2052539A-D4CD-4DF6-9D20-9E5B5CD930DB}.Debug|iPhoneSimulator.Build.0 = Debug|Any CPU
		{2052539A-D4CD-4DF6-9D20-9E5B5CD930DB}.Debug|x64.ActiveCfg = Debug|Any CPU
		{2052539A-D4CD-4DF6-9D20-9E5B5CD930DB}.Debug|x64.Build.0 = Debug|Any CPU
		{2052539A-D4CD-4DF6-9D20-9E5B5CD930DB}.Debug|x86.ActiveCfg = Debug|Any CPU
		{2052539A-D4CD-4DF6-9D20-9E5B5CD930DB}.Debug|x86.Build.0 = Debug|Any CPU
		{2052539A-D4CD-4DF6-9D20-9E5B5CD930DB}.Release|Any CPU.ActiveCfg = Release|Any CPU
		{2052539A-D4CD-4DF6-9D20-9E5B5CD930DB}.Release|Any CPU.Build.0 = Release|Any CPU
		{2052539A-D4CD-4DF6-9D20-9E5B5CD930DB}.Release|ARM.ActiveCfg = Release|Any CPU
		{2052539A-D4CD-4DF6-9D20-9E5B5CD930DB}.Release|ARM.Build.0 = Release|Any CPU
		{2052539A-D4CD-4DF6-9D20-9E5B5CD930DB}.Release|iPhone.ActiveCfg = Release|Any CPU
		{2052539A-D4CD-4DF6-9D20-9E5B5CD930DB}.Release|iPhone.Build.0 = Release|Any CPU
		{2052539A-D4CD-4DF6-9D20-9E5B5CD930DB}.Release|iPhoneSimulator.ActiveCfg = Release|Any CPU
		{2052539A-D4CD-4DF6-9D20-9E5B5CD930DB}.Release|iPhoneSimulator.Build.0 = Release|Any CPU
		{2052539A-D4CD-4DF6-9D20-9E5B5CD930DB}.Release|x64.ActiveCfg = Release|Any CPU
		{2052539A-D4CD-4DF6-9D20-9E5B5CD930DB}.Release|x64.Build.0 = Release|Any CPU
		{2052539A-D4CD-4DF6-9D20-9E5B5CD930DB}.Release|x86.ActiveCfg = Release|Any CPU
		{2052539A-D4CD-4DF6-9D20-9E5B5CD930DB}.Release|x86.Build.0 = Release|Any CPU
		{9EE19129-B9E5-4E4A-A6AD-A400490C44E3}.Debug|Any CPU.ActiveCfg = Debug|Any CPU
		{9EE19129-B9E5-4E4A-A6AD-A400490C44E3}.Debug|Any CPU.Build.0 = Debug|Any CPU
		{9EE19129-B9E5-4E4A-A6AD-A400490C44E3}.Debug|ARM.ActiveCfg = Debug|Any CPU
		{9EE19129-B9E5-4E4A-A6AD-A400490C44E3}.Debug|ARM.Build.0 = Debug|Any CPU
		{9EE19129-B9E5-4E4A-A6AD-A400490C44E3}.Debug|iPhone.ActiveCfg = Debug|Any CPU
		{9EE19129-B9E5-4E4A-A6AD-A400490C44E3}.Debug|iPhone.Build.0 = Debug|Any CPU
		{9EE19129-B9E5-4E4A-A6AD-A400490C44E3}.Debug|iPhoneSimulator.ActiveCfg = Debug|Any CPU
		{9EE19129-B9E5-4E4A-A6AD-A400490C44E3}.Debug|iPhoneSimulator.Build.0 = Debug|Any CPU
		{9EE19129-B9E5-4E4A-A6AD-A400490C44E3}.Debug|x64.ActiveCfg = Debug|Any CPU
		{9EE19129-B9E5-4E4A-A6AD-A400490C44E3}.Debug|x64.Build.0 = Debug|Any CPU
		{9EE19129-B9E5-4E4A-A6AD-A400490C44E3}.Debug|x86.ActiveCfg = Debug|Any CPU
		{9EE19129-B9E5-4E4A-A6AD-A400490C44E3}.Debug|x86.Build.0 = Debug|Any CPU
		{9EE19129-B9E5-4E4A-A6AD-A400490C44E3}.Release|Any CPU.ActiveCfg = Release|Any CPU
		{9EE19129-B9E5-4E4A-A6AD-A400490C44E3}.Release|Any CPU.Build.0 = Release|Any CPU
		{9EE19129-B9E5-4E4A-A6AD-A400490C44E3}.Release|ARM.ActiveCfg = Release|Any CPU
		{9EE19129-B9E5-4E4A-A6AD-A400490C44E3}.Release|ARM.Build.0 = Release|Any CPU
		{9EE19129-B9E5-4E4A-A6AD-A400490C44E3}.Release|iPhone.ActiveCfg = Release|Any CPU
		{9EE19129-B9E5-4E4A-A6AD-A400490C44E3}.Release|iPhone.Build.0 = Release|Any CPU
		{9EE19129-B9E5-4E4A-A6AD-A400490C44E3}.Release|iPhoneSimulator.ActiveCfg = Release|Any CPU
		{9EE19129-B9E5-4E4A-A6AD-A400490C44E3}.Release|iPhoneSimulator.Build.0 = Release|Any CPU
		{9EE19129-B9E5-4E4A-A6AD-A400490C44E3}.Release|x64.ActiveCfg = Release|Any CPU
		{9EE19129-B9E5-4E4A-A6AD-A400490C44E3}.Release|x64.Build.0 = Release|Any CPU
		{9EE19129-B9E5-4E4A-A6AD-A400490C44E3}.Release|x86.ActiveCfg = Release|Any CPU
		{9EE19129-B9E5-4E4A-A6AD-A400490C44E3}.Release|x86.Build.0 = Release|Any CPU
	EndGlobalSection
	GlobalSection(SolutionProperties) = preSolution
		HideSolutionNode = FALSE
	EndGlobalSection
	GlobalSection(NestedProjects) = preSolution
		{AB244265-FF50-4704-BDFB-4F9733B374AC} = {4C85D1A3-0A68-4CA1-B027-2CCCC3708971}
		{86DA72B0-0876-4774-BA73-522164C7B33F} = {4C85D1A3-0A68-4CA1-B027-2CCCC3708971}
		{E6E00A5E-C3D8-4C7D-8B93-816DF358E11E} = {4C85D1A3-0A68-4CA1-B027-2CCCC3708971}
		{47FAF41A-6D0D-4C4C-B499-5B97F861ED01} = {4C85D1A3-0A68-4CA1-B027-2CCCC3708971}
		{C9C13F26-E5CE-489D-BF41-C2C36F82480C} = {4C85D1A3-0A68-4CA1-B027-2CCCC3708971}
		{E9DB20AE-EA13-4C57-998C-2C38B0D17395} = {CB81E6DA-1323-460B-B53E-02D320C68CAC}
		{657FB290-EDC4-450F-9A80-18E1543703D9} = {CB81E6DA-1323-460B-B53E-02D320C68CAC}
		{F2EE4778-A0D5-44BA-BE20-5913B9962E3D} = {CB81E6DA-1323-460B-B53E-02D320C68CAC}
		{62285101-0C2B-4620-9D28-3774B15F77C6} = {93EE32BD-1FDC-41D2-B7A5-F6D430205454}
		{ED722584-627B-416D-9A3D-19A24E9DF6B5} = {93EE32BD-1FDC-41D2-B7A5-F6D430205454}
		{1B6089DC-182B-4B8B-A249-1637ECE80806} = {08C3104B-3564-47A3-8044-8FEC93A2A713}
		{B4A4B335-08BA-4401-A861-691E4F853ABC} = {93EE32BD-1FDC-41D2-B7A5-F6D430205454}
		{097BE146-421A-4A21-8F25-5D9AE7D6B078} = {93EE32BD-1FDC-41D2-B7A5-F6D430205454}
		{F577149D-2AD6-4F2C-A717-CEC65CDB1FCD} = {93EE32BD-1FDC-41D2-B7A5-F6D430205454}
		{CF18325A-53FA-47F2-B454-03C5A5213ED3} = {93EE32BD-1FDC-41D2-B7A5-F6D430205454}
		{2052539A-D4CD-4DF6-9D20-9E5B5CD930DB} = {08C3104B-3564-47A3-8044-8FEC93A2A713}
		{9EE19129-B9E5-4E4A-A6AD-A400490C44E3} = {08C3104B-3564-47A3-8044-8FEC93A2A713}
	EndGlobalSection
	GlobalSection(ExtensibilityGlobals) = postSolution
		SolutionGuid = {9E439733-1FE3-4222-B62E-3D2AF72FC4DE}
	EndGlobalSection
	GlobalSection(MonoDevelopProperties) = preSolution
		Policies = $0
		$0.VersionControlPolicy = $1
		$1.CommitMessageStyle = $2
		$2.LastFilePostfix = "@:\n  "
		$2.IncludeDirectoryPaths = True
	EndGlobalSection
EndGlobal
