
Microsoft Visual Studio Solution File, Format Version 12.00
# Visual Studio Version 16
VisualStudioVersion = 16.0.30204.135
MinimumVisualStudioVersion = 10.0.40219.1
Project("{2150E333-8FDC-42A3-9474-1A3956D46DE8}") = "Applications", "Applications", "{63159B48-79FB-4666-82C9-5A38EA2784A2}"
EndProject
Project("{2150E333-8FDC-42A3-9474-1A3956D46DE8}") = "Services", "Services", "{906B2FDC-9B81-43A9-B80E-D4F73D442BBF}"
EndProject
Project("{2150E333-8FDC-42A3-9474-1A3956D46DE8}") = "Domain", "Domain", "{9CC81ADF-7C89-4C8E-8E83-DB7633D1E4CA}"
EndProject
Project("{2150E333-8FDC-42A3-9474-1A3956D46DE8}") = "Data", "Data", "{5C3AC64B-1155-49BE-9074-5545C0E22875}"
EndProject
Project("{2150E333-8FDC-42A3-9474-1A3956D46DE8}") = "Commom", "Commom", "{9444B993-3E3A-40E1-8EF1-590A17C2A938}"
EndProject
Project("{2150E333-8FDC-42A3-9474-1A3956D46DE8}") = "Tests", "Tests", "{80755D19-C287-4DE1-AE66-2DB802E9FBB6}"
EndProject
Project("{2150E333-8FDC-42A3-9474-1A3956D46DE8}") = "Shared", "Shared", "{A6742153-6912-4EC2-8F54-B36CBFBEA783}"
EndProject
Project("{2150E333-8FDC-42A3-9474-1A3956D46DE8}") = "Abstractions", "Abstractions", "{7976F7F1-F883-4E90-982F-99966DB89262}"
EndProject
Project("{2150E333-8FDC-42A3-9474-1A3956D46DE8}") = "Cross", "Cross", "{18EE88CB-2140-4F37-8981-C9278F9D5850}"
EndProject
Project("{2150E333-8FDC-42A3-9474-1A3956D46DE8}") = "Shared", "Shared", "{94741542-624A-4CB5-9D00-0064A6B80301}"
EndProject
Project("{9A19103F-16F7-4668-BE54-9A1E7A4F7556}") = "Apps.Cross.SharedUI", "Applications\Cross-Platform\SharedUI\Apps.Cross.SharedUI.csproj", "{199309E9-F428-41D9-8AFB-8BB593C31CC4}"
EndProject
Project("{FAE04EC0-301F-11D3-BF4B-00C04F79EFBC}") = "Apps.Cross.Droid", "Applications\Cross-Platform\Linux\Android\Apps.Cross.Droid.csproj", "{7CBC6077-0655-4007-A5C9-F07E65592C9F}"
EndProject
Project("{FAE04EC0-301F-11D3-BF4B-00C04F79EFBC}") = "Apps.Cross.Linux", "Applications\Cross-Platform\Linux\GTK\Apps.Cross.Linux.csproj", "{FAFE5226-58FB-4DCE-AC3B-31FDFF352746}"
EndProject
Project("{FAE04EC0-301F-11D3-BF4B-00C04F79EFBC}") = "Apps.Cross.iOS", "Applications\Cross-Platform\Linux\iOS\Apps.Cross.iOS.csproj", "{C2E0B63B-C99D-4DA4-AB71-6BDEB14C4C7B}"
EndProject
Project("{FAE04EC0-301F-11D3-BF4B-00C04F79EFBC}") = "Apps.Cross.macOS", "Applications\Cross-Platform\Linux\macOS\Apps.Cross.macOS.csproj", "{5663AC88-D6CB-4684-A55E-8A4E136D7677}"
EndProject
Project("{9A19103F-16F7-4668-BE54-9A1E7A4F7556}") = "Apps.Cross.Tizen", "Applications\Cross-Platform\Linux\Tizen\Apps.Cross.Tizen.csproj", "{DDCDD8D4-A971-45DA-AEF9-B49E8C4C7688}"
EndProject
Project("{9A19103F-16F7-4668-BE54-9A1E7A4F7556}") = "Services.Unified", "Services\Unified\Services.Unified.csproj", "{049AA5BB-E57E-4128-AAAD-8D5CCA661B0F}"
EndProject
Project("{FAE04EC0-301F-11D3-BF4B-00C04F79EFBC}") = "Apps.Cross.UWP", "Applications\Cross-Platform\Windows\UWP\Apps.Cross.UWP.csproj", "{3599F073-739B-43C5-A044-A460979CCB8C}"
EndProject
Project("{FAE04EC0-301F-11D3-BF4B-00C04F79EFBC}") = "Apps.Cross.WPF", "Applications\Cross-Platform\Windows\WPF\Apps.Cross.WPF.csproj", "{26AB7E0B-36FC-4C01-BF83-913540C0D4FF}"
EndProject
Project("{9A19103F-16F7-4668-BE54-9A1E7A4F7556}") = "Apps.Shared.Abstractions.Services", "Applications\Shared\Abstractions\Services\Apps.Shared.Abstractions.Services.csproj", "{AAC17B69-5EBE-458E-BDDF-C712BA937CDD}"
EndProject
Project("{9A19103F-16F7-4668-BE54-9A1E7A4F7556}") = "Apps.Shared.Abstractions.ViewModels", "Applications\Shared\Abstractions\ViewModels\Apps.Shared.Abstractions.ViewModels.csproj", "{9734958D-D791-4F18-B4DD-CA245706EE6C}"
EndProject
Project("{9A19103F-16F7-4668-BE54-9A1E7A4F7556}") = "Apps.Shared.Services", "Applications\Shared\Services\Apps.Shared.Services.csproj", "{CED2B48C-DD49-4B5D-97B4-D80E72B5D71B}"
EndProject
Project("{9A19103F-16F7-4668-BE54-9A1E7A4F7556}") = "Apps.Shared.ViewModels", "Applications\Shared\ViewModels\Apps.Shared.ViewModels.csproj", "{8A6779E4-35F1-447B-8636-0DDEA5602680}"
EndProject
Global
	GlobalSection(SolutionConfigurationPlatforms) = preSolution
		Debug|Any CPU = Debug|Any CPU
		Debug|ARM = Debug|ARM
		Debug|iPhone = Debug|iPhone
		Debug|iPhoneSimulator = Debug|iPhoneSimulator
		Debug|x64 = Debug|x64
		Debug|x86 = Debug|x86
		Release|Any CPU = Release|Any CPU
		Release|ARM = Release|ARM
		Release|iPhone = Release|iPhone
		Release|iPhoneSimulator = Release|iPhoneSimulator
		Release|x64 = Release|x64
		Release|x86 = Release|x86
	EndGlobalSection
	GlobalSection(ProjectConfigurationPlatforms) = postSolution
		{199309E9-F428-41D9-8AFB-8BB593C31CC4}.Debug|Any CPU.ActiveCfg = Debug|Any CPU
		{199309E9-F428-41D9-8AFB-8BB593C31CC4}.Debug|Any CPU.Build.0 = Debug|Any CPU
		{199309E9-F428-41D9-8AFB-8BB593C31CC4}.Debug|ARM.ActiveCfg = Debug|Any CPU
		{199309E9-F428-41D9-8AFB-8BB593C31CC4}.Debug|ARM.Build.0 = Debug|Any CPU
		{199309E9-F428-41D9-8AFB-8BB593C31CC4}.Debug|iPhone.ActiveCfg = Debug|Any CPU
		{199309E9-F428-41D9-8AFB-8BB593C31CC4}.Debug|iPhone.Build.0 = Debug|Any CPU
		{199309E9-F428-41D9-8AFB-8BB593C31CC4}.Debug|iPhoneSimulator.ActiveCfg = Debug|Any CPU
		{199309E9-F428-41D9-8AFB-8BB593C31CC4}.Debug|iPhoneSimulator.Build.0 = Debug|Any CPU
		{199309E9-F428-41D9-8AFB-8BB593C31CC4}.Debug|x64.ActiveCfg = Debug|Any CPU
		{199309E9-F428-41D9-8AFB-8BB593C31CC4}.Debug|x64.Build.0 = Debug|Any CPU
		{199309E9-F428-41D9-8AFB-8BB593C31CC4}.Debug|x86.ActiveCfg = Debug|Any CPU
		{199309E9-F428-41D9-8AFB-8BB593C31CC4}.Debug|x86.Build.0 = Debug|Any CPU
		{199309E9-F428-41D9-8AFB-8BB593C31CC4}.Release|Any CPU.ActiveCfg = Release|Any CPU
		{199309E9-F428-41D9-8AFB-8BB593C31CC4}.Release|Any CPU.Build.0 = Release|Any CPU
		{199309E9-F428-41D9-8AFB-8BB593C31CC4}.Release|ARM.ActiveCfg = Release|Any CPU
		{199309E9-F428-41D9-8AFB-8BB593C31CC4}.Release|ARM.Build.0 = Release|Any CPU
		{199309E9-F428-41D9-8AFB-8BB593C31CC4}.Release|iPhone.ActiveCfg = Release|Any CPU
		{199309E9-F428-41D9-8AFB-8BB593C31CC4}.Release|iPhone.Build.0 = Release|Any CPU
		{199309E9-F428-41D9-8AFB-8BB593C31CC4}.Release|iPhoneSimulator.ActiveCfg = Release|Any CPU
		{199309E9-F428-41D9-8AFB-8BB593C31CC4}.Release|iPhoneSimulator.Build.0 = Release|Any CPU
		{199309E9-F428-41D9-8AFB-8BB593C31CC4}.Release|x64.ActiveCfg = Release|Any CPU
		{199309E9-F428-41D9-8AFB-8BB593C31CC4}.Release|x64.Build.0 = Release|Any CPU
		{199309E9-F428-41D9-8AFB-8BB593C31CC4}.Release|x86.ActiveCfg = Release|Any CPU
		{199309E9-F428-41D9-8AFB-8BB593C31CC4}.Release|x86.Build.0 = Release|Any CPU
		{7CBC6077-0655-4007-A5C9-F07E65592C9F}.Debug|Any CPU.ActiveCfg = Debug|Any CPU
		{7CBC6077-0655-4007-A5C9-F07E65592C9F}.Debug|Any CPU.Build.0 = Debug|Any CPU
		{7CBC6077-0655-4007-A5C9-F07E65592C9F}.Debug|Any CPU.Deploy.0 = Debug|Any CPU
		{7CBC6077-0655-4007-A5C9-F07E65592C9F}.Debug|ARM.ActiveCfg = Debug|Any CPU
		{7CBC6077-0655-4007-A5C9-F07E65592C9F}.Debug|ARM.Build.0 = Debug|Any CPU
		{7CBC6077-0655-4007-A5C9-F07E65592C9F}.Debug|ARM.Deploy.0 = Debug|Any CPU
		{7CBC6077-0655-4007-A5C9-F07E65592C9F}.Debug|iPhone.ActiveCfg = Debug|Any CPU
		{7CBC6077-0655-4007-A5C9-F07E65592C9F}.Debug|iPhone.Build.0 = Debug|Any CPU
		{7CBC6077-0655-4007-A5C9-F07E65592C9F}.Debug|iPhone.Deploy.0 = Debug|Any CPU
		{7CBC6077-0655-4007-A5C9-F07E65592C9F}.Debug|iPhoneSimulator.ActiveCfg = Debug|Any CPU
		{7CBC6077-0655-4007-A5C9-F07E65592C9F}.Debug|iPhoneSimulator.Build.0 = Debug|Any CPU
		{7CBC6077-0655-4007-A5C9-F07E65592C9F}.Debug|iPhoneSimulator.Deploy.0 = Debug|Any CPU
		{7CBC6077-0655-4007-A5C9-F07E65592C9F}.Debug|x64.ActiveCfg = Debug|Any CPU
		{7CBC6077-0655-4007-A5C9-F07E65592C9F}.Debug|x64.Build.0 = Debug|Any CPU
		{7CBC6077-0655-4007-A5C9-F07E65592C9F}.Debug|x64.Deploy.0 = Debug|Any CPU
		{7CBC6077-0655-4007-A5C9-F07E65592C9F}.Debug|x86.ActiveCfg = Debug|Any CPU
		{7CBC6077-0655-4007-A5C9-F07E65592C9F}.Debug|x86.Build.0 = Debug|Any CPU
		{7CBC6077-0655-4007-A5C9-F07E65592C9F}.Debug|x86.Deploy.0 = Debug|Any CPU
		{7CBC6077-0655-4007-A5C9-F07E65592C9F}.Release|Any CPU.ActiveCfg = Release|Any CPU
		{7CBC6077-0655-4007-A5C9-F07E65592C9F}.Release|Any CPU.Build.0 = Release|Any CPU
		{7CBC6077-0655-4007-A5C9-F07E65592C9F}.Release|Any CPU.Deploy.0 = Release|Any CPU
		{7CBC6077-0655-4007-A5C9-F07E65592C9F}.Release|ARM.ActiveCfg = Release|Any CPU
		{7CBC6077-0655-4007-A5C9-F07E65592C9F}.Release|ARM.Build.0 = Release|Any CPU
		{7CBC6077-0655-4007-A5C9-F07E65592C9F}.Release|ARM.Deploy.0 = Release|Any CPU
		{7CBC6077-0655-4007-A5C9-F07E65592C9F}.Release|iPhone.ActiveCfg = Release|Any CPU
		{7CBC6077-0655-4007-A5C9-F07E65592C9F}.Release|iPhone.Build.0 = Release|Any CPU
		{7CBC6077-0655-4007-A5C9-F07E65592C9F}.Release|iPhone.Deploy.0 = Release|Any CPU
		{7CBC6077-0655-4007-A5C9-F07E65592C9F}.Release|iPhoneSimulator.ActiveCfg = Release|Any CPU
		{7CBC6077-0655-4007-A5C9-F07E65592C9F}.Release|iPhoneSimulator.Build.0 = Release|Any CPU
		{7CBC6077-0655-4007-A5C9-F07E65592C9F}.Release|iPhoneSimulator.Deploy.0 = Release|Any CPU
		{7CBC6077-0655-4007-A5C9-F07E65592C9F}.Release|x64.ActiveCfg = Release|Any CPU
		{7CBC6077-0655-4007-A5C9-F07E65592C9F}.Release|x64.Build.0 = Release|Any CPU
		{7CBC6077-0655-4007-A5C9-F07E65592C9F}.Release|x64.Deploy.0 = Release|Any CPU
		{7CBC6077-0655-4007-A5C9-F07E65592C9F}.Release|x86.ActiveCfg = Release|Any CPU
		{7CBC6077-0655-4007-A5C9-F07E65592C9F}.Release|x86.Build.0 = Release|Any CPU
		{7CBC6077-0655-4007-A5C9-F07E65592C9F}.Release|x86.Deploy.0 = Release|Any CPU
		{FAFE5226-58FB-4DCE-AC3B-31FDFF352746}.Debug|Any CPU.ActiveCfg = Debug|Any CPU
		{FAFE5226-58FB-4DCE-AC3B-31FDFF352746}.Debug|Any CPU.Build.0 = Debug|Any CPU
		{FAFE5226-58FB-4DCE-AC3B-31FDFF352746}.Debug|ARM.ActiveCfg = Debug|Any CPU
		{FAFE5226-58FB-4DCE-AC3B-31FDFF352746}.Debug|ARM.Build.0 = Debug|Any CPU
		{FAFE5226-58FB-4DCE-AC3B-31FDFF352746}.Debug|iPhone.ActiveCfg = Debug|Any CPU
		{FAFE5226-58FB-4DCE-AC3B-31FDFF352746}.Debug|iPhone.Build.0 = Debug|Any CPU
		{FAFE5226-58FB-4DCE-AC3B-31FDFF352746}.Debug|iPhoneSimulator.ActiveCfg = Debug|Any CPU
		{FAFE5226-58FB-4DCE-AC3B-31FDFF352746}.Debug|iPhoneSimulator.Build.0 = Debug|Any CPU
		{FAFE5226-58FB-4DCE-AC3B-31FDFF352746}.Debug|x64.ActiveCfg = Debug|Any CPU
		{FAFE5226-58FB-4DCE-AC3B-31FDFF352746}.Debug|x64.Build.0 = Debug|Any CPU
		{FAFE5226-58FB-4DCE-AC3B-31FDFF352746}.Debug|x86.ActiveCfg = Debug|Any CPU
		{FAFE5226-58FB-4DCE-AC3B-31FDFF352746}.Debug|x86.Build.0 = Debug|Any CPU
		{FAFE5226-58FB-4DCE-AC3B-31FDFF352746}.Release|Any CPU.ActiveCfg = Release|Any CPU
		{FAFE5226-58FB-4DCE-AC3B-31FDFF352746}.Release|Any CPU.Build.0 = Release|Any CPU
		{FAFE5226-58FB-4DCE-AC3B-31FDFF352746}.Release|ARM.ActiveCfg = Release|Any CPU
		{FAFE5226-58FB-4DCE-AC3B-31FDFF352746}.Release|ARM.Build.0 = Release|Any CPU
		{FAFE5226-58FB-4DCE-AC3B-31FDFF352746}.Release|iPhone.ActiveCfg = Release|Any CPU
		{FAFE5226-58FB-4DCE-AC3B-31FDFF352746}.Release|iPhone.Build.0 = Release|Any CPU
		{FAFE5226-58FB-4DCE-AC3B-31FDFF352746}.Release|iPhoneSimulator.ActiveCfg = Release|Any CPU
		{FAFE5226-58FB-4DCE-AC3B-31FDFF352746}.Release|iPhoneSimulator.Build.0 = Release|Any CPU
		{FAFE5226-58FB-4DCE-AC3B-31FDFF352746}.Release|x64.ActiveCfg = Release|Any CPU
		{FAFE5226-58FB-4DCE-AC3B-31FDFF352746}.Release|x64.Build.0 = Release|Any CPU
		{FAFE5226-58FB-4DCE-AC3B-31FDFF352746}.Release|x86.ActiveCfg = Release|Any CPU
		{FAFE5226-58FB-4DCE-AC3B-31FDFF352746}.Release|x86.Build.0 = Release|Any CPU
		{C2E0B63B-C99D-4DA4-AB71-6BDEB14C4C7B}.Debug|Any CPU.ActiveCfg = Debug|iPhone
		{C2E0B63B-C99D-4DA4-AB71-6BDEB14C4C7B}.Debug|ARM.ActiveCfg = Debug|iPhoneSimulator
		{C2E0B63B-C99D-4DA4-AB71-6BDEB14C4C7B}.Debug|iPhone.ActiveCfg = Debug|iPhone
		{C2E0B63B-C99D-4DA4-AB71-6BDEB14C4C7B}.Debug|iPhone.Build.0 = Debug|iPhone
		{C2E0B63B-C99D-4DA4-AB71-6BDEB14C4C7B}.Debug|iPhoneSimulator.ActiveCfg = Debug|iPhoneSimulator
		{C2E0B63B-C99D-4DA4-AB71-6BDEB14C4C7B}.Debug|iPhoneSimulator.Build.0 = Debug|iPhoneSimulator
		{C2E0B63B-C99D-4DA4-AB71-6BDEB14C4C7B}.Debug|x64.ActiveCfg = Debug|iPhoneSimulator
		{C2E0B63B-C99D-4DA4-AB71-6BDEB14C4C7B}.Debug|x86.ActiveCfg = Debug|iPhoneSimulator
		{C2E0B63B-C99D-4DA4-AB71-6BDEB14C4C7B}.Release|Any CPU.ActiveCfg = Release|iPhone
		{C2E0B63B-C99D-4DA4-AB71-6BDEB14C4C7B}.Release|ARM.ActiveCfg = Release|iPhoneSimulator
		{C2E0B63B-C99D-4DA4-AB71-6BDEB14C4C7B}.Release|iPhone.ActiveCfg = Release|iPhone
		{C2E0B63B-C99D-4DA4-AB71-6BDEB14C4C7B}.Release|iPhone.Build.0 = Release|iPhone
		{C2E0B63B-C99D-4DA4-AB71-6BDEB14C4C7B}.Release|iPhoneSimulator.ActiveCfg = Release|iPhoneSimulator
		{C2E0B63B-C99D-4DA4-AB71-6BDEB14C4C7B}.Release|iPhoneSimulator.Build.0 = Release|iPhoneSimulator
		{C2E0B63B-C99D-4DA4-AB71-6BDEB14C4C7B}.Release|x64.ActiveCfg = Release|iPhoneSimulator
		{C2E0B63B-C99D-4DA4-AB71-6BDEB14C4C7B}.Release|x86.ActiveCfg = Release|iPhoneSimulator
		{5663AC88-D6CB-4684-A55E-8A4E136D7677}.Debug|Any CPU.ActiveCfg = Debug|Any CPU
		{5663AC88-D6CB-4684-A55E-8A4E136D7677}.Debug|Any CPU.Build.0 = Debug|Any CPU
		{5663AC88-D6CB-4684-A55E-8A4E136D7677}.Debug|ARM.ActiveCfg = Debug|Any CPU
		{5663AC88-D6CB-4684-A55E-8A4E136D7677}.Debug|ARM.Build.0 = Debug|Any CPU
		{5663AC88-D6CB-4684-A55E-8A4E136D7677}.Debug|iPhone.ActiveCfg = Debug|Any CPU
		{5663AC88-D6CB-4684-A55E-8A4E136D7677}.Debug|iPhone.Build.0 = Debug|Any CPU
		{5663AC88-D6CB-4684-A55E-8A4E136D7677}.Debug|iPhoneSimulator.ActiveCfg = Debug|Any CPU
		{5663AC88-D6CB-4684-A55E-8A4E136D7677}.Debug|iPhoneSimulator.Build.0 = Debug|Any CPU
		{5663AC88-D6CB-4684-A55E-8A4E136D7677}.Debug|x64.ActiveCfg = Debug|Any CPU
		{5663AC88-D6CB-4684-A55E-8A4E136D7677}.Debug|x64.Build.0 = Debug|Any CPU
		{5663AC88-D6CB-4684-A55E-8A4E136D7677}.Debug|x86.ActiveCfg = Debug|Any CPU
		{5663AC88-D6CB-4684-A55E-8A4E136D7677}.Debug|x86.Build.0 = Debug|Any CPU
		{5663AC88-D6CB-4684-A55E-8A4E136D7677}.Release|Any CPU.ActiveCfg = Release|Any CPU
		{5663AC88-D6CB-4684-A55E-8A4E136D7677}.Release|Any CPU.Build.0 = Release|Any CPU
		{5663AC88-D6CB-4684-A55E-8A4E136D7677}.Release|ARM.ActiveCfg = Release|Any CPU
		{5663AC88-D6CB-4684-A55E-8A4E136D7677}.Release|ARM.Build.0 = Release|Any CPU
		{5663AC88-D6CB-4684-A55E-8A4E136D7677}.Release|iPhone.ActiveCfg = Release|Any CPU
		{5663AC88-D6CB-4684-A55E-8A4E136D7677}.Release|iPhone.Build.0 = Release|Any CPU
		{5663AC88-D6CB-4684-A55E-8A4E136D7677}.Release|iPhoneSimulator.ActiveCfg = Release|Any CPU
		{5663AC88-D6CB-4684-A55E-8A4E136D7677}.Release|iPhoneSimulator.Build.0 = Release|Any CPU
		{5663AC88-D6CB-4684-A55E-8A4E136D7677}.Release|x64.ActiveCfg = Release|Any CPU
		{5663AC88-D6CB-4684-A55E-8A4E136D7677}.Release|x64.Build.0 = Release|Any CPU
		{5663AC88-D6CB-4684-A55E-8A4E136D7677}.Release|x86.ActiveCfg = Release|Any CPU
		{5663AC88-D6CB-4684-A55E-8A4E136D7677}.Release|x86.Build.0 = Release|Any CPU
		{DDCDD8D4-A971-45DA-AEF9-B49E8C4C7688}.Debug|Any CPU.ActiveCfg = Debug|Any CPU
		{DDCDD8D4-A971-45DA-AEF9-B49E8C4C7688}.Debug|Any CPU.Build.0 = Debug|Any CPU
		{DDCDD8D4-A971-45DA-AEF9-B49E8C4C7688}.Debug|ARM.ActiveCfg = Debug|Any CPU
		{DDCDD8D4-A971-45DA-AEF9-B49E8C4C7688}.Debug|ARM.Build.0 = Debug|Any CPU
		{DDCDD8D4-A971-45DA-AEF9-B49E8C4C7688}.Debug|iPhone.ActiveCfg = Debug|Any CPU
		{DDCDD8D4-A971-45DA-AEF9-B49E8C4C7688}.Debug|iPhone.Build.0 = Debug|Any CPU
		{DDCDD8D4-A971-45DA-AEF9-B49E8C4C7688}.Debug|iPhoneSimulator.ActiveCfg = Debug|Any CPU
		{DDCDD8D4-A971-45DA-AEF9-B49E8C4C7688}.Debug|iPhoneSimulator.Build.0 = Debug|Any CPU
		{DDCDD8D4-A971-45DA-AEF9-B49E8C4C7688}.Debug|x64.ActiveCfg = Debug|Any CPU
		{DDCDD8D4-A971-45DA-AEF9-B49E8C4C7688}.Debug|x64.Build.0 = Debug|Any CPU
		{DDCDD8D4-A971-45DA-AEF9-B49E8C4C7688}.Debug|x86.ActiveCfg = Debug|Any CPU
		{DDCDD8D4-A971-45DA-AEF9-B49E8C4C7688}.Debug|x86.Build.0 = Debug|Any CPU
		{DDCDD8D4-A971-45DA-AEF9-B49E8C4C7688}.Release|Any CPU.ActiveCfg = Release|Any CPU
		{DDCDD8D4-A971-45DA-AEF9-B49E8C4C7688}.Release|Any CPU.Build.0 = Release|Any CPU
		{DDCDD8D4-A971-45DA-AEF9-B49E8C4C7688}.Release|ARM.ActiveCfg = Release|Any CPU
		{DDCDD8D4-A971-45DA-AEF9-B49E8C4C7688}.Release|ARM.Build.0 = Release|Any CPU
		{DDCDD8D4-A971-45DA-AEF9-B49E8C4C7688}.Release|iPhone.ActiveCfg = Release|Any CPU
		{DDCDD8D4-A971-45DA-AEF9-B49E8C4C7688}.Release|iPhone.Build.0 = Release|Any CPU
		{DDCDD8D4-A971-45DA-AEF9-B49E8C4C7688}.Release|iPhoneSimulator.ActiveCfg = Release|Any CPU
		{DDCDD8D4-A971-45DA-AEF9-B49E8C4C7688}.Release|iPhoneSimulator.Build.0 = Release|Any CPU
		{DDCDD8D4-A971-45DA-AEF9-B49E8C4C7688}.Release|x64.ActiveCfg = Release|Any CPU
		{DDCDD8D4-A971-45DA-AEF9-B49E8C4C7688}.Release|x64.Build.0 = Release|Any CPU
		{DDCDD8D4-A971-45DA-AEF9-B49E8C4C7688}.Release|x86.ActiveCfg = Release|Any CPU
		{DDCDD8D4-A971-45DA-AEF9-B49E8C4C7688}.Release|x86.Build.0 = Release|Any CPU
		{049AA5BB-E57E-4128-AAAD-8D5CCA661B0F}.Debug|Any CPU.ActiveCfg = Debug|Any CPU
		{049AA5BB-E57E-4128-AAAD-8D5CCA661B0F}.Debug|Any CPU.Build.0 = Debug|Any CPU
		{049AA5BB-E57E-4128-AAAD-8D5CCA661B0F}.Debug|ARM.ActiveCfg = Debug|Any CPU
		{049AA5BB-E57E-4128-AAAD-8D5CCA661B0F}.Debug|ARM.Build.0 = Debug|Any CPU
		{049AA5BB-E57E-4128-AAAD-8D5CCA661B0F}.Debug|iPhone.ActiveCfg = Debug|Any CPU
		{049AA5BB-E57E-4128-AAAD-8D5CCA661B0F}.Debug|iPhone.Build.0 = Debug|Any CPU
		{049AA5BB-E57E-4128-AAAD-8D5CCA661B0F}.Debug|iPhoneSimulator.ActiveCfg = Debug|Any CPU
		{049AA5BB-E57E-4128-AAAD-8D5CCA661B0F}.Debug|iPhoneSimulator.Build.0 = Debug|Any CPU
		{049AA5BB-E57E-4128-AAAD-8D5CCA661B0F}.Debug|x64.ActiveCfg = Debug|Any CPU
		{049AA5BB-E57E-4128-AAAD-8D5CCA661B0F}.Debug|x64.Build.0 = Debug|Any CPU
		{049AA5BB-E57E-4128-AAAD-8D5CCA661B0F}.Debug|x86.ActiveCfg = Debug|Any CPU
		{049AA5BB-E57E-4128-AAAD-8D5CCA661B0F}.Debug|x86.Build.0 = Debug|Any CPU
		{049AA5BB-E57E-4128-AAAD-8D5CCA661B0F}.Release|Any CPU.ActiveCfg = Release|Any CPU
		{049AA5BB-E57E-4128-AAAD-8D5CCA661B0F}.Release|Any CPU.Build.0 = Release|Any CPU
		{049AA5BB-E57E-4128-AAAD-8D5CCA661B0F}.Release|ARM.ActiveCfg = Release|Any CPU
		{049AA5BB-E57E-4128-AAAD-8D5CCA661B0F}.Release|ARM.Build.0 = Release|Any CPU
		{049AA5BB-E57E-4128-AAAD-8D5CCA661B0F}.Release|iPhone.ActiveCfg = Release|Any CPU
		{049AA5BB-E57E-4128-AAAD-8D5CCA661B0F}.Release|iPhone.Build.0 = Release|Any CPU
		{049AA5BB-E57E-4128-AAAD-8D5CCA661B0F}.Release|iPhoneSimulator.ActiveCfg = Release|Any CPU
		{049AA5BB-E57E-4128-AAAD-8D5CCA661B0F}.Release|iPhoneSimulator.Build.0 = Release|Any CPU
		{049AA5BB-E57E-4128-AAAD-8D5CCA661B0F}.Release|x64.ActiveCfg = Release|Any CPU
		{049AA5BB-E57E-4128-AAAD-8D5CCA661B0F}.Release|x64.Build.0 = Release|Any CPU
		{049AA5BB-E57E-4128-AAAD-8D5CCA661B0F}.Release|x86.ActiveCfg = Release|Any CPU
		{049AA5BB-E57E-4128-AAAD-8D5CCA661B0F}.Release|x86.Build.0 = Release|Any CPU
		{3599F073-739B-43C5-A044-A460979CCB8C}.Debug|Any CPU.ActiveCfg = Debug|x86
		{3599F073-739B-43C5-A044-A460979CCB8C}.Debug|ARM.ActiveCfg = Debug|ARM
		{3599F073-739B-43C5-A044-A460979CCB8C}.Debug|ARM.Build.0 = Debug|ARM
		{3599F073-739B-43C5-A044-A460979CCB8C}.Debug|ARM.Deploy.0 = Debug|ARM
		{3599F073-739B-43C5-A044-A460979CCB8C}.Debug|iPhone.ActiveCfg = Debug|x86
		{3599F073-739B-43C5-A044-A460979CCB8C}.Debug|iPhoneSimulator.ActiveCfg = Debug|x86
		{3599F073-739B-43C5-A044-A460979CCB8C}.Debug|x64.ActiveCfg = Debug|x64
		{3599F073-739B-43C5-A044-A460979CCB8C}.Debug|x64.Build.0 = Debug|x64
		{3599F073-739B-43C5-A044-A460979CCB8C}.Debug|x64.Deploy.0 = Debug|x64
		{3599F073-739B-43C5-A044-A460979CCB8C}.Debug|x86.ActiveCfg = Debug|x86
		{3599F073-739B-43C5-A044-A460979CCB8C}.Debug|x86.Build.0 = Debug|x86
		{3599F073-739B-43C5-A044-A460979CCB8C}.Debug|x86.Deploy.0 = Debug|x86
		{3599F073-739B-43C5-A044-A460979CCB8C}.Release|Any CPU.ActiveCfg = Release|x86
		{3599F073-739B-43C5-A044-A460979CCB8C}.Release|ARM.ActiveCfg = Release|ARM
		{3599F073-739B-43C5-A044-A460979CCB8C}.Release|ARM.Build.0 = Release|ARM
		{3599F073-739B-43C5-A044-A460979CCB8C}.Release|ARM.Deploy.0 = Release|ARM
		{3599F073-739B-43C5-A044-A460979CCB8C}.Release|iPhone.ActiveCfg = Release|x86
		{3599F073-739B-43C5-A044-A460979CCB8C}.Release|iPhoneSimulator.ActiveCfg = Release|x86
		{3599F073-739B-43C5-A044-A460979CCB8C}.Release|x64.ActiveCfg = Release|x64
		{3599F073-739B-43C5-A044-A460979CCB8C}.Release|x64.Build.0 = Release|x64
		{3599F073-739B-43C5-A044-A460979CCB8C}.Release|x64.Deploy.0 = Release|x64
		{3599F073-739B-43C5-A044-A460979CCB8C}.Release|x86.ActiveCfg = Release|x86
		{3599F073-739B-43C5-A044-A460979CCB8C}.Release|x86.Build.0 = Release|x86
		{3599F073-739B-43C5-A044-A460979CCB8C}.Release|x86.Deploy.0 = Release|x86
		{26AB7E0B-36FC-4C01-BF83-913540C0D4FF}.Debug|Any CPU.ActiveCfg = Debug|Any CPU
		{26AB7E0B-36FC-4C01-BF83-913540C0D4FF}.Debug|Any CPU.Build.0 = Debug|Any CPU
		{26AB7E0B-36FC-4C01-BF83-913540C0D4FF}.Debug|ARM.ActiveCfg = Debug|Any CPU
		{26AB7E0B-36FC-4C01-BF83-913540C0D4FF}.Debug|ARM.Build.0 = Debug|Any CPU
		{26AB7E0B-36FC-4C01-BF83-913540C0D4FF}.Debug|iPhone.ActiveCfg = Debug|Any CPU
		{26AB7E0B-36FC-4C01-BF83-913540C0D4FF}.Debug|iPhone.Build.0 = Debug|Any CPU
		{26AB7E0B-36FC-4C01-BF83-913540C0D4FF}.Debug|iPhoneSimulator.ActiveCfg = Debug|Any CPU
		{26AB7E0B-36FC-4C01-BF83-913540C0D4FF}.Debug|iPhoneSimulator.Build.0 = Debug|Any CPU
		{26AB7E0B-36FC-4C01-BF83-913540C0D4FF}.Debug|x64.ActiveCfg = Debug|Any CPU
		{26AB7E0B-36FC-4C01-BF83-913540C0D4FF}.Debug|x64.Build.0 = Debug|Any CPU
		{26AB7E0B-36FC-4C01-BF83-913540C0D4FF}.Debug|x86.ActiveCfg = Debug|Any CPU
		{26AB7E0B-36FC-4C01-BF83-913540C0D4FF}.Debug|x86.Build.0 = Debug|Any CPU
		{26AB7E0B-36FC-4C01-BF83-913540C0D4FF}.Release|Any CPU.ActiveCfg = Release|Any CPU
		{26AB7E0B-36FC-4C01-BF83-913540C0D4FF}.Release|Any CPU.Build.0 = Release|Any CPU
		{26AB7E0B-36FC-4C01-BF83-913540C0D4FF}.Release|ARM.ActiveCfg = Release|Any CPU
		{26AB7E0B-36FC-4C01-BF83-913540C0D4FF}.Release|ARM.Build.0 = Release|Any CPU
		{26AB7E0B-36FC-4C01-BF83-913540C0D4FF}.Release|iPhone.ActiveCfg = Release|Any CPU
		{26AB7E0B-36FC-4C01-BF83-913540C0D4FF}.Release|iPhone.Build.0 = Release|Any CPU
		{26AB7E0B-36FC-4C01-BF83-913540C0D4FF}.Release|iPhoneSimulator.ActiveCfg = Release|Any CPU
		{26AB7E0B-36FC-4C01-BF83-913540C0D4FF}.Release|iPhoneSimulator.Build.0 = Release|Any CPU
		{26AB7E0B-36FC-4C01-BF83-913540C0D4FF}.Release|x64.ActiveCfg = Release|Any CPU
		{26AB7E0B-36FC-4C01-BF83-913540C0D4FF}.Release|x64.Build.0 = Release|Any CPU
		{26AB7E0B-36FC-4C01-BF83-913540C0D4FF}.Release|x86.ActiveCfg = Release|Any CPU
		{26AB7E0B-36FC-4C01-BF83-913540C0D4FF}.Release|x86.Build.0 = Release|Any CPU
		{AAC17B69-5EBE-458E-BDDF-C712BA937CDD}.Debug|Any CPU.ActiveCfg = Debug|Any CPU
		{AAC17B69-5EBE-458E-BDDF-C712BA937CDD}.Debug|Any CPU.Build.0 = Debug|Any CPU
		{AAC17B69-5EBE-458E-BDDF-C712BA937CDD}.Debug|ARM.ActiveCfg = Debug|Any CPU
		{AAC17B69-5EBE-458E-BDDF-C712BA937CDD}.Debug|ARM.Build.0 = Debug|Any CPU
		{AAC17B69-5EBE-458E-BDDF-C712BA937CDD}.Debug|iPhone.ActiveCfg = Debug|Any CPU
		{AAC17B69-5EBE-458E-BDDF-C712BA937CDD}.Debug|iPhone.Build.0 = Debug|Any CPU
		{AAC17B69-5EBE-458E-BDDF-C712BA937CDD}.Debug|iPhoneSimulator.ActiveCfg = Debug|Any CPU
		{AAC17B69-5EBE-458E-BDDF-C712BA937CDD}.Debug|iPhoneSimulator.Build.0 = Debug|Any CPU
		{AAC17B69-5EBE-458E-BDDF-C712BA937CDD}.Debug|x64.ActiveCfg = Debug|Any CPU
		{AAC17B69-5EBE-458E-BDDF-C712BA937CDD}.Debug|x64.Build.0 = Debug|Any CPU
		{AAC17B69-5EBE-458E-BDDF-C712BA937CDD}.Debug|x86.ActiveCfg = Debug|Any CPU
		{AAC17B69-5EBE-458E-BDDF-C712BA937CDD}.Debug|x86.Build.0 = Debug|Any CPU
		{AAC17B69-5EBE-458E-BDDF-C712BA937CDD}.Release|Any CPU.ActiveCfg = Release|Any CPU
		{AAC17B69-5EBE-458E-BDDF-C712BA937CDD}.Release|Any CPU.Build.0 = Release|Any CPU
		{AAC17B69-5EBE-458E-BDDF-C712BA937CDD}.Release|ARM.ActiveCfg = Release|Any CPU
		{AAC17B69-5EBE-458E-BDDF-C712BA937CDD}.Release|ARM.Build.0 = Release|Any CPU
		{AAC17B69-5EBE-458E-BDDF-C712BA937CDD}.Release|iPhone.ActiveCfg = Release|Any CPU
		{AAC17B69-5EBE-458E-BDDF-C712BA937CDD}.Release|iPhone.Build.0 = Release|Any CPU
		{AAC17B69-5EBE-458E-BDDF-C712BA937CDD}.Release|iPhoneSimulator.ActiveCfg = Release|Any CPU
		{AAC17B69-5EBE-458E-BDDF-C712BA937CDD}.Release|iPhoneSimulator.Build.0 = Release|Any CPU
		{AAC17B69-5EBE-458E-BDDF-C712BA937CDD}.Release|x64.ActiveCfg = Release|Any CPU
		{AAC17B69-5EBE-458E-BDDF-C712BA937CDD}.Release|x64.Build.0 = Release|Any CPU
		{AAC17B69-5EBE-458E-BDDF-C712BA937CDD}.Release|x86.ActiveCfg = Release|Any CPU
		{AAC17B69-5EBE-458E-BDDF-C712BA937CDD}.Release|x86.Build.0 = Release|Any CPU
		{9734958D-D791-4F18-B4DD-CA245706EE6C}.Debug|Any CPU.ActiveCfg = Debug|Any CPU
		{9734958D-D791-4F18-B4DD-CA245706EE6C}.Debug|Any CPU.Build.0 = Debug|Any CPU
		{9734958D-D791-4F18-B4DD-CA245706EE6C}.Debug|ARM.ActiveCfg = Debug|Any CPU
		{9734958D-D791-4F18-B4DD-CA245706EE6C}.Debug|ARM.Build.0 = Debug|Any CPU
		{9734958D-D791-4F18-B4DD-CA245706EE6C}.Debug|iPhone.ActiveCfg = Debug|Any CPU
		{9734958D-D791-4F18-B4DD-CA245706EE6C}.Debug|iPhone.Build.0 = Debug|Any CPU
		{9734958D-D791-4F18-B4DD-CA245706EE6C}.Debug|iPhoneSimulator.ActiveCfg = Debug|Any CPU
		{9734958D-D791-4F18-B4DD-CA245706EE6C}.Debug|iPhoneSimulator.Build.0 = Debug|Any CPU
		{9734958D-D791-4F18-B4DD-CA245706EE6C}.Debug|x64.ActiveCfg = Debug|Any CPU
		{9734958D-D791-4F18-B4DD-CA245706EE6C}.Debug|x64.Build.0 = Debug|Any CPU
		{9734958D-D791-4F18-B4DD-CA245706EE6C}.Debug|x86.ActiveCfg = Debug|Any CPU
		{9734958D-D791-4F18-B4DD-CA245706EE6C}.Debug|x86.Build.0 = Debug|Any CPU
		{9734958D-D791-4F18-B4DD-CA245706EE6C}.Release|Any CPU.ActiveCfg = Release|Any CPU
		{9734958D-D791-4F18-B4DD-CA245706EE6C}.Release|Any CPU.Build.0 = Release|Any CPU
		{9734958D-D791-4F18-B4DD-CA245706EE6C}.Release|ARM.ActiveCfg = Release|Any CPU
		{9734958D-D791-4F18-B4DD-CA245706EE6C}.Release|ARM.Build.0 = Release|Any CPU
		{9734958D-D791-4F18-B4DD-CA245706EE6C}.Release|iPhone.ActiveCfg = Release|Any CPU
		{9734958D-D791-4F18-B4DD-CA245706EE6C}.Release|iPhone.Build.0 = Release|Any CPU
		{9734958D-D791-4F18-B4DD-CA245706EE6C}.Release|iPhoneSimulator.ActiveCfg = Release|Any CPU
		{9734958D-D791-4F18-B4DD-CA245706EE6C}.Release|iPhoneSimulator.Build.0 = Release|Any CPU
		{9734958D-D791-4F18-B4DD-CA245706EE6C}.Release|x64.ActiveCfg = Release|Any CPU
		{9734958D-D791-4F18-B4DD-CA245706EE6C}.Release|x64.Build.0 = Release|Any CPU
		{9734958D-D791-4F18-B4DD-CA245706EE6C}.Release|x86.ActiveCfg = Release|Any CPU
		{9734958D-D791-4F18-B4DD-CA245706EE6C}.Release|x86.Build.0 = Release|Any CPU
		{CED2B48C-DD49-4B5D-97B4-D80E72B5D71B}.Debug|Any CPU.ActiveCfg = Debug|Any CPU
		{CED2B48C-DD49-4B5D-97B4-D80E72B5D71B}.Debug|Any CPU.Build.0 = Debug|Any CPU
		{CED2B48C-DD49-4B5D-97B4-D80E72B5D71B}.Debug|ARM.ActiveCfg = Debug|Any CPU
		{CED2B48C-DD49-4B5D-97B4-D80E72B5D71B}.Debug|ARM.Build.0 = Debug|Any CPU
		{CED2B48C-DD49-4B5D-97B4-D80E72B5D71B}.Debug|iPhone.ActiveCfg = Debug|Any CPU
		{CED2B48C-DD49-4B5D-97B4-D80E72B5D71B}.Debug|iPhone.Build.0 = Debug|Any CPU
		{CED2B48C-DD49-4B5D-97B4-D80E72B5D71B}.Debug|iPhoneSimulator.ActiveCfg = Debug|Any CPU
		{CED2B48C-DD49-4B5D-97B4-D80E72B5D71B}.Debug|iPhoneSimulator.Build.0 = Debug|Any CPU
		{CED2B48C-DD49-4B5D-97B4-D80E72B5D71B}.Debug|x64.ActiveCfg = Debug|Any CPU
		{CED2B48C-DD49-4B5D-97B4-D80E72B5D71B}.Debug|x64.Build.0 = Debug|Any CPU
		{CED2B48C-DD49-4B5D-97B4-D80E72B5D71B}.Debug|x86.ActiveCfg = Debug|Any CPU
		{CED2B48C-DD49-4B5D-97B4-D80E72B5D71B}.Debug|x86.Build.0 = Debug|Any CPU
		{CED2B48C-DD49-4B5D-97B4-D80E72B5D71B}.Release|Any CPU.ActiveCfg = Release|Any CPU
		{CED2B48C-DD49-4B5D-97B4-D80E72B5D71B}.Release|Any CPU.Build.0 = Release|Any CPU
		{CED2B48C-DD49-4B5D-97B4-D80E72B5D71B}.Release|ARM.ActiveCfg = Release|Any CPU
		{CED2B48C-DD49-4B5D-97B4-D80E72B5D71B}.Release|ARM.Build.0 = Release|Any CPU
		{CED2B48C-DD49-4B5D-97B4-D80E72B5D71B}.Release|iPhone.ActiveCfg = Release|Any CPU
		{CED2B48C-DD49-4B5D-97B4-D80E72B5D71B}.Release|iPhone.Build.0 = Release|Any CPU
		{CED2B48C-DD49-4B5D-97B4-D80E72B5D71B}.Release|iPhoneSimulator.ActiveCfg = Release|Any CPU
		{CED2B48C-DD49-4B5D-97B4-D80E72B5D71B}.Release|iPhoneSimulator.Build.0 = Release|Any CPU
		{CED2B48C-DD49-4B5D-97B4-D80E72B5D71B}.Release|x64.ActiveCfg = Release|Any CPU
		{CED2B48C-DD49-4B5D-97B4-D80E72B5D71B}.Release|x64.Build.0 = Release|Any CPU
		{CED2B48C-DD49-4B5D-97B4-D80E72B5D71B}.Release|x86.ActiveCfg = Release|Any CPU
		{CED2B48C-DD49-4B5D-97B4-D80E72B5D71B}.Release|x86.Build.0 = Release|Any CPU
		{8A6779E4-35F1-447B-8636-0DDEA5602680}.Debug|Any CPU.ActiveCfg = Debug|Any CPU
		{8A6779E4-35F1-447B-8636-0DDEA5602680}.Debug|Any CPU.Build.0 = Debug|Any CPU
		{8A6779E4-35F1-447B-8636-0DDEA5602680}.Debug|ARM.ActiveCfg = Debug|Any CPU
		{8A6779E4-35F1-447B-8636-0DDEA5602680}.Debug|ARM.Build.0 = Debug|Any CPU
		{8A6779E4-35F1-447B-8636-0DDEA5602680}.Debug|iPhone.ActiveCfg = Debug|Any CPU
		{8A6779E4-35F1-447B-8636-0DDEA5602680}.Debug|iPhone.Build.0 = Debug|Any CPU
		{8A6779E4-35F1-447B-8636-0DDEA5602680}.Debug|iPhoneSimulator.ActiveCfg = Debug|Any CPU
		{8A6779E4-35F1-447B-8636-0DDEA5602680}.Debug|iPhoneSimulator.Build.0 = Debug|Any CPU
		{8A6779E4-35F1-447B-8636-0DDEA5602680}.Debug|x64.ActiveCfg = Debug|Any CPU
		{8A6779E4-35F1-447B-8636-0DDEA5602680}.Debug|x64.Build.0 = Debug|Any CPU
		{8A6779E4-35F1-447B-8636-0DDEA5602680}.Debug|x86.ActiveCfg = Debug|Any CPU
		{8A6779E4-35F1-447B-8636-0DDEA5602680}.Debug|x86.Build.0 = Debug|Any CPU
		{8A6779E4-35F1-447B-8636-0DDEA5602680}.Release|Any CPU.ActiveCfg = Release|Any CPU
		{8A6779E4-35F1-447B-8636-0DDEA5602680}.Release|Any CPU.Build.0 = Release|Any CPU
		{8A6779E4-35F1-447B-8636-0DDEA5602680}.Release|ARM.ActiveCfg = Release|Any CPU
		{8A6779E4-35F1-447B-8636-0DDEA5602680}.Release|ARM.Build.0 = Release|Any CPU
		{8A6779E4-35F1-447B-8636-0DDEA5602680}.Release|iPhone.ActiveCfg = Release|Any CPU
		{8A6779E4-35F1-447B-8636-0DDEA5602680}.Release|iPhone.Build.0 = Release|Any CPU
		{8A6779E4-35F1-447B-8636-0DDEA5602680}.Release|iPhoneSimulator.ActiveCfg = Release|Any CPU
		{8A6779E4-35F1-447B-8636-0DDEA5602680}.Release|iPhoneSimulator.Build.0 = Release|Any CPU
		{8A6779E4-35F1-447B-8636-0DDEA5602680}.Release|x64.ActiveCfg = Release|Any CPU
		{8A6779E4-35F1-447B-8636-0DDEA5602680}.Release|x64.Build.0 = Release|Any CPU
		{8A6779E4-35F1-447B-8636-0DDEA5602680}.Release|x86.ActiveCfg = Release|Any CPU
		{8A6779E4-35F1-447B-8636-0DDEA5602680}.Release|x86.Build.0 = Release|Any CPU
	EndGlobalSection
	GlobalSection(SolutionProperties) = preSolution
		HideSolutionNode = FALSE
	EndGlobalSection
	GlobalSection(NestedProjects) = preSolution
		{A6742153-6912-4EC2-8F54-B36CBFBEA783} = {63159B48-79FB-4666-82C9-5A38EA2784A2}
		{7976F7F1-F883-4E90-982F-99966DB89262} = {A6742153-6912-4EC2-8F54-B36CBFBEA783}
		{18EE88CB-2140-4F37-8981-C9278F9D5850} = {63159B48-79FB-4666-82C9-5A38EA2784A2}
		{94741542-624A-4CB5-9D00-0064A6B80301} = {18EE88CB-2140-4F37-8981-C9278F9D5850}
		{199309E9-F428-41D9-8AFB-8BB593C31CC4} = {94741542-624A-4CB5-9D00-0064A6B80301}
		{7CBC6077-0655-4007-A5C9-F07E65592C9F} = {18EE88CB-2140-4F37-8981-C9278F9D5850}
		{FAFE5226-58FB-4DCE-AC3B-31FDFF352746} = {18EE88CB-2140-4F37-8981-C9278F9D5850}
		{C2E0B63B-C99D-4DA4-AB71-6BDEB14C4C7B} = {18EE88CB-2140-4F37-8981-C9278F9D5850}
		{5663AC88-D6CB-4684-A55E-8A4E136D7677} = {18EE88CB-2140-4F37-8981-C9278F9D5850}
		{DDCDD8D4-A971-45DA-AEF9-B49E8C4C7688} = {18EE88CB-2140-4F37-8981-C9278F9D5850}
		{049AA5BB-E57E-4128-AAAD-8D5CCA661B0F} = {906B2FDC-9B81-43A9-B80E-D4F73D442BBF}
		{3599F073-739B-43C5-A044-A460979CCB8C} = {18EE88CB-2140-4F37-8981-C9278F9D5850}
		{26AB7E0B-36FC-4C01-BF83-913540C0D4FF} = {18EE88CB-2140-4F37-8981-C9278F9D5850}
		{AAC17B69-5EBE-458E-BDDF-C712BA937CDD} = {7976F7F1-F883-4E90-982F-99966DB89262}
		{9734958D-D791-4F18-B4DD-CA245706EE6C} = {7976F7F1-F883-4E90-982F-99966DB89262}
		{CED2B48C-DD49-4B5D-97B4-D80E72B5D71B} = {A6742153-6912-4EC2-8F54-B36CBFBEA783}
		{8A6779E4-35F1-447B-8636-0DDEA5602680} = {A6742153-6912-4EC2-8F54-B36CBFBEA783}
	EndGlobalSection
	GlobalSection(ExtensibilityGlobals) = postSolution
		SolutionGuid = {F713E9B7-F98C-41D7-A289-8C3434A20B30}
	EndGlobalSection
EndGlobal
