
Microsoft Visual Studio Solution File, Format Version 12.00
# Visual Studio Version 16
VisualStudioVersion = 16.0.30104.148
MinimumVisualStudioVersion = 10.0.40219.1
Project("{2150E333-8FDC-42A3-9474-1A3956D46DE8}") = "Applications", "Applications", "{12845FC3-EBC3-48B1-BE84-EC6650C65190}"
EndProject
Project("{2150E333-8FDC-42A3-9474-1A3956D46DE8}") = "Web", "Web", "{52031280-C6C5-45B3-8B4E-019C631840AC}"
EndProject
Project("{2150E333-8FDC-42A3-9474-1A3956D46DE8}") = "Data", "Data", "{4C85D1A3-0A68-4CA1-B027-2CCCC3708971}"
EndProject
Project("{2150E333-8FDC-42A3-9474-1A3956D46DE8}") = "Domain", "Domain", "{CB81E6DA-1323-460B-B53E-02D320C68CAC}"
EndProject
Project("{2150E333-8FDC-42A3-9474-1A3956D46DE8}") = "Services", "Services", "{08C3104B-3564-47A3-8044-8FEC93A2A713}"
EndProject
Project("{9A19103F-16F7-4668-BE54-9A1E7A4F7556}") = "Services.Unified", "Services\Unified\Services.Unified.csproj", "{4751524A-F5BF-4CFB-8911-E029E388A436}"
EndProject
Project("{2150E333-8FDC-42A3-9474-1A3956D46DE8}") = "Cross-Platform", "Cross-Platform", "{01328470-CF06-4C2C-BB3C-6F5807E0FF97}"
EndProject
Project("{2150E333-8FDC-42A3-9474-1A3956D46DE8}") = "Tests", "Tests", "{198CDB60-5C98-47A7-95BA-D0F63B210AFE}"
EndProject
Project("{9A19103F-16F7-4668-BE54-9A1E7A4F7556}") = "Apps.Web.Angular", "Applications\Web\Angular\Apps.Web.Angular.csproj", "{3F2A95B9-286E-473C-88DC-F5579F891C1B}"
EndProject
Project("{9A19103F-16F7-4668-BE54-9A1E7A4F7556}") = "Apps.Web.BlazorClient", "Applications\Web\BlazorClient\Apps.Web.BlazorClient.csproj", "{AB1BB3AC-D991-4C45-A6A2-2F3B604AC870}"
EndProject
Project("{9A19103F-16F7-4668-BE54-9A1E7A4F7556}") = "Apps.Web.BlazorServer", "Applications\Web\BlazorServer\Apps.Web.BlazorServer.csproj", "{1E33B304-9298-4BAC-946F-F8ABD3A5DFA4}"
EndProject
Project("{9A19103F-16F7-4668-BE54-9A1E7A4F7556}") = "Apps.Web.MVC", "Applications\Web\MVC\Apps.Web.MVC.csproj", "{4AEB5506-20B5-4E8C-BD0B-AC6745528A60}"
EndProject
Project("{9A19103F-16F7-4668-BE54-9A1E7A4F7556}") = "Apps.Web.React", "Applications\Web\React\Apps.Web.React.csproj", "{93BAD24F-C421-4316-A158-E12C2DFBDB15}"
EndProject
Project("{2150E333-8FDC-42A3-9474-1A3956D46DE8}") = "Solution Items", "Solution Items", "{B93B9E52-5E6E-4293-8027-31167E493300}"
	ProjectSection(SolutionItems) = preProject
		.dockerignore = .dockerignore
		.editorconfig = .editorconfig
	EndProjectSection
EndProject
Project("{2150E333-8FDC-42A3-9474-1A3956D46DE8}") = "Shared", "Shared", "{AE9A7891-5EC7-4746-A272-BAF9559B5DA4}"
EndProject
Project("{2150E333-8FDC-42A3-9474-1A3956D46DE8}") = "Linux", "Linux", "{E0F4F189-BE91-4E4C-BDA5-5B1D4325C622}"
EndProject
Project("{2150E333-8FDC-42A3-9474-1A3956D46DE8}") = "Windows", "Windows", "{41E2D34F-ABEF-40BE-A72F-9921B76C2E98}"
EndProject
Project("{2150E333-8FDC-42A3-9474-1A3956D46DE8}") = "SPA", "SPA", "{ACE5C349-5C86-4C6D-A832-C1516EDAF431}"
EndProject
Project("{2150E333-8FDC-42A3-9474-1A3956D46DE8}") = "MPA", "MPA", "{BE131DC3-D9E9-46B4-ACF5-690B27B4194B}"
EndProject
Project("{9A19103F-16F7-4668-BE54-9A1E7A4F7556}") = "Apps.Shared.ViewModels", "Applications\SharedViewModels\Apps.Shared.ViewModels.csproj", "{0286298E-9530-4F43-9FF8-70EA461AFD08}"
EndProject
Project("{FAE04EC0-301F-11D3-BF4B-00C04F79EFBC}") = "Apps.Cross.UWP", "Applications\Cross-Platform\Windows\UWP\Apps.Cross.UWP.csproj", "{3599F073-739B-43C5-A044-A460979CCB8C}"
EndProject
Project("{FAE04EC0-301F-11D3-BF4B-00C04F79EFBC}") = "Apps.Cross.WPF", "Applications\Cross-Platform\Windows\WPF\Apps.Cross.WPF.csproj", "{26AB7E0B-36FC-4C01-BF83-913540C0D4FF}"
EndProject
Project("{FAE04EC0-301F-11D3-BF4B-00C04F79EFBC}") = "Apps.Cross.Linux", "Applications\Cross-Platform\Linux\GTK\Apps.Cross.Linux.csproj", "{FAFE5226-58FB-4DCE-AC3B-31FDFF352746}"
EndProject
Project("{FAE04EC0-301F-11D3-BF4B-00C04F79EFBC}") = "Apps.Cross.iOS", "Applications\Cross-Platform\Linux\iOS\Apps.Cross.iOS.csproj", "{C2E0B63B-C99D-4DA4-AB71-6BDEB14C4C7B}"
EndProject
Project("{FAE04EC0-301F-11D3-BF4B-00C04F79EFBC}") = "Apps.Cross.Droid", "Applications\Cross-Platform\Linux\Android\Apps.Cross.Droid.csproj", "{7CBC6077-0655-4007-A5C9-F07E65592C9F}"
EndProject
Project("{9A19103F-16F7-4668-BE54-9A1E7A4F7556}") = "Apps.Cross.Tizen", "Applications\Cross-Platform\Linux\Tizen\Apps.Cross.Tizen.csproj", "{6CE9A184-C15E-40B1-8BD4-0FC907A43D61}"
EndProject
Project("{2150E333-8FDC-42A3-9474-1A3956D46DE8}") = "Common", "Common", "{93EE32BD-1FDC-41D2-B7A5-F6D430205454}"
EndProject
Project("{FAE04EC0-301F-11D3-BF4B-00C04F79EFBC}") = "Apps.Cross.Droid.Blazor", "Applications\Cross-Platform\Linux\Android.Blazor\Apps.Cross.Droid.Blazor.csproj", "{A282ED13-E36A-4D0E-9B63-032C4A311293}"
EndProject
Project("{FAE04EC0-301F-11D3-BF4B-00C04F79EFBC}") = "Apps.Cross.iOS.Blazor", "Applications\Cross-Platform\Linux\iOS.Blazor\Apps.Cross.iOS.Blazor.csproj", "{44B1F453-0300-49C0-B9E9-2205E9EEAE2C}"
EndProject
Project("{2150E333-8FDC-42A3-9474-1A3956D46DE8}") = "Hybrid", "Hybrid", "{0CDCD99B-7442-4BB1-9B71-73C82E92D52E}"
EndProject
Project("{9A19103F-16F7-4668-BE54-9A1E7A4F7556}") = "Apps.Cross.Desktop.ElectronWeb", "Applications\Cross-Platform\Hybrid\Desktop.ElectronWeb\Apps.Cross.Desktop.ElectronWeb.csproj", "{9EFB7310-8073-4435-B17D-F1837EEEBA77}"
EndProject
Project("{9A19103F-16F7-4668-BE54-9A1E7A4F7556}") = "Apps.Cross.Desktop.WebWindow", "Applications\Cross-Platform\Hybrid\Desktop.WebWindow\Apps.Cross.Desktop.WebWindow.csproj", "{B3826E21-4F02-4879-A4C2-257821B729FD}"
EndProject
Project("{FAE04EC0-301F-11D3-BF4B-00C04F79EFBC}") = "Apps.Cross.WPF.Blazor", "Applications\Cross-Platform\Windows\WPF.Blazor\Apps.Cross.WPF.Blazor.csproj", "{2407E563-C06F-4D81-B094-311DC85B4B4A}"
EndProject
Project("{FAE04EC0-301F-11D3-BF4B-00C04F79EFBC}") = "Apps.Cross.UWP.Blazor", "Applications\Cross-Platform\Windows\UWP.Blazor\Apps.Cross.UWP.Blazor.csproj", "{9EE60D61-357B-4454-83F1-063166D6E74A}"
EndProject
Project("{9A19103F-16F7-4668-BE54-9A1E7A4F7556}") = "Apps.Cross.Tizen.Blazor", "Applications\Cross-Platform\Linux\Tizen.Blazor\Apps.Cross.Tizen.Blazor.csproj", "{53872825-759F-40EA-BE15-E757E0FC03D8}"
EndProject
Project("{9A19103F-16F7-4668-BE54-9A1E7A4F7556}") = "Apps.Cross.SharedUI", "Applications\Cross-Platform\SharedUI\Apps.Cross.SharedUI.csproj", "{B4FD4484-12E8-484D-AC9D-1CF7E0766E05}"
EndProject
Project("{9A19103F-16F7-4668-BE54-9A1E7A4F7556}") = "Apps.Web.SharedUI", "Applications\Web\SharedUI\Apps.Web.SharedUI.csproj", "{E9F5A39F-9322-4AC8-82A7-0ED65E9E7B57}"
EndProject
Project("{9A19103F-16F7-4668-BE54-9A1E7A4F7556}") = "Apps.Web.BlazorServerDirect", "Applications\Web\BlazorServerDirect\Apps.Web.BlazorServerDirect.csproj", "{C2FC2140-1E29-4FF9-9A89-A08DB41CC90A}"
EndProject
Project("{9A19103F-16F7-4668-BE54-9A1E7A4F7556}") = "Apps.Web.MVCDirect", "Applications\Web\MVCDirect\Apps.Web.MVCDirect.csproj", "{381BC12F-84BE-4600-AADE-E1A22CB42A88}"
EndProject
Project("{FAE04EC0-301F-11D3-BF4B-00C04F79EFBC}") = "Apps.Cross.macOS", "Applications\Cross-Platform\Linux\macOS\Apps.Cross.macOS.csproj", "{5663AC88-D6CB-4684-A55E-8A4E136D7677}"
EndProject
Project("{FAE04EC0-301F-11D3-BF4B-00C04F79EFBC}") = "Apps.Cross.macOS.Blazor", "Applications\Cross-Platform\Linux\macOS.Blazor\Apps.Cross.macOS.Blazor.csproj", "{387C7D9F-8675-4D46-84CE-7ADB1C9BE51A}"
EndProject
Global
	GlobalSection(SolutionConfigurationPlatforms) = preSolution
		Debug|Any CPU = Debug|Any CPU
		Debug|ARM = Debug|ARM
		Debug|iPhone = Debug|iPhone
		Debug|iPhoneSimulator = Debug|iPhoneSimulator
		Debug|x64 = Debug|x64
		Debug|x86 = Debug|x86
		Release|Any CPU = Release|Any CPU
		Release|ARM = Release|ARM
		Release|iPhone = Release|iPhone
		Release|iPhoneSimulator = Release|iPhoneSimulator
		Release|x64 = Release|x64
		Release|x86 = Release|x86
	EndGlobalSection
	GlobalSection(ProjectConfigurationPlatforms) = postSolution
		{4751524A-F5BF-4CFB-8911-E029E388A436}.Debug|Any CPU.ActiveCfg = Debug|Any CPU
		{4751524A-F5BF-4CFB-8911-E029E388A436}.Debug|Any CPU.Build.0 = Debug|Any CPU
		{4751524A-F5BF-4CFB-8911-E029E388A436}.Debug|ARM.ActiveCfg = Debug|Any CPU
		{4751524A-F5BF-4CFB-8911-E029E388A436}.Debug|ARM.Build.0 = Debug|Any CPU
		{4751524A-F5BF-4CFB-8911-E029E388A436}.Debug|iPhone.ActiveCfg = Debug|Any CPU
		{4751524A-F5BF-4CFB-8911-E029E388A436}.Debug|iPhone.Build.0 = Debug|Any CPU
		{4751524A-F5BF-4CFB-8911-E029E388A436}.Debug|iPhoneSimulator.ActiveCfg = Debug|Any CPU
		{4751524A-F5BF-4CFB-8911-E029E388A436}.Debug|iPhoneSimulator.Build.0 = Debug|Any CPU
		{4751524A-F5BF-4CFB-8911-E029E388A436}.Debug|x64.ActiveCfg = Debug|Any CPU
		{4751524A-F5BF-4CFB-8911-E029E388A436}.Debug|x64.Build.0 = Debug|Any CPU
		{4751524A-F5BF-4CFB-8911-E029E388A436}.Debug|x86.ActiveCfg = Debug|Any CPU
		{4751524A-F5BF-4CFB-8911-E029E388A436}.Debug|x86.Build.0 = Debug|Any CPU
		{4751524A-F5BF-4CFB-8911-E029E388A436}.Release|Any CPU.ActiveCfg = Release|Any CPU
		{4751524A-F5BF-4CFB-8911-E029E388A436}.Release|Any CPU.Build.0 = Release|Any CPU
		{4751524A-F5BF-4CFB-8911-E029E388A436}.Release|ARM.ActiveCfg = Release|Any CPU
		{4751524A-F5BF-4CFB-8911-E029E388A436}.Release|ARM.Build.0 = Release|Any CPU
		{4751524A-F5BF-4CFB-8911-E029E388A436}.Release|iPhone.ActiveCfg = Release|Any CPU
		{4751524A-F5BF-4CFB-8911-E029E388A436}.Release|iPhone.Build.0 = Release|Any CPU
		{4751524A-F5BF-4CFB-8911-E029E388A436}.Release|iPhoneSimulator.ActiveCfg = Release|Any CPU
		{4751524A-F5BF-4CFB-8911-E029E388A436}.Release|iPhoneSimulator.Build.0 = Release|Any CPU
		{4751524A-F5BF-4CFB-8911-E029E388A436}.Release|x64.ActiveCfg = Release|Any CPU
		{4751524A-F5BF-4CFB-8911-E029E388A436}.Release|x64.Build.0 = Release|Any CPU
		{4751524A-F5BF-4CFB-8911-E029E388A436}.Release|x86.ActiveCfg = Release|Any CPU
		{4751524A-F5BF-4CFB-8911-E029E388A436}.Release|x86.Build.0 = Release|Any CPU
		{3F2A95B9-286E-473C-88DC-F5579F891C1B}.Debug|Any CPU.ActiveCfg = Debug|Any CPU
		{3F2A95B9-286E-473C-88DC-F5579F891C1B}.Debug|Any CPU.Build.0 = Debug|Any CPU
		{3F2A95B9-286E-473C-88DC-F5579F891C1B}.Debug|ARM.ActiveCfg = Debug|Any CPU
		{3F2A95B9-286E-473C-88DC-F5579F891C1B}.Debug|ARM.Build.0 = Debug|Any CPU
		{3F2A95B9-286E-473C-88DC-F5579F891C1B}.Debug|iPhone.ActiveCfg = Debug|Any CPU
		{3F2A95B9-286E-473C-88DC-F5579F891C1B}.Debug|iPhone.Build.0 = Debug|Any CPU
		{3F2A95B9-286E-473C-88DC-F5579F891C1B}.Debug|iPhoneSimulator.ActiveCfg = Debug|Any CPU
		{3F2A95B9-286E-473C-88DC-F5579F891C1B}.Debug|iPhoneSimulator.Build.0 = Debug|Any CPU
		{3F2A95B9-286E-473C-88DC-F5579F891C1B}.Debug|x64.ActiveCfg = Debug|Any CPU
		{3F2A95B9-286E-473C-88DC-F5579F891C1B}.Debug|x64.Build.0 = Debug|Any CPU
		{3F2A95B9-286E-473C-88DC-F5579F891C1B}.Debug|x86.ActiveCfg = Debug|Any CPU
		{3F2A95B9-286E-473C-88DC-F5579F891C1B}.Debug|x86.Build.0 = Debug|Any CPU
		{3F2A95B9-286E-473C-88DC-F5579F891C1B}.Release|Any CPU.ActiveCfg = Release|Any CPU
		{3F2A95B9-286E-473C-88DC-F5579F891C1B}.Release|Any CPU.Build.0 = Release|Any CPU
		{3F2A95B9-286E-473C-88DC-F5579F891C1B}.Release|ARM.ActiveCfg = Release|Any CPU
		{3F2A95B9-286E-473C-88DC-F5579F891C1B}.Release|ARM.Build.0 = Release|Any CPU
		{3F2A95B9-286E-473C-88DC-F5579F891C1B}.Release|iPhone.ActiveCfg = Release|Any CPU
		{3F2A95B9-286E-473C-88DC-F5579F891C1B}.Release|iPhone.Build.0 = Release|Any CPU
		{3F2A95B9-286E-473C-88DC-F5579F891C1B}.Release|iPhoneSimulator.ActiveCfg = Release|Any CPU
		{3F2A95B9-286E-473C-88DC-F5579F891C1B}.Release|iPhoneSimulator.Build.0 = Release|Any CPU
		{3F2A95B9-286E-473C-88DC-F5579F891C1B}.Release|x64.ActiveCfg = Release|Any CPU
		{3F2A95B9-286E-473C-88DC-F5579F891C1B}.Release|x64.Build.0 = Release|Any CPU
		{3F2A95B9-286E-473C-88DC-F5579F891C1B}.Release|x86.ActiveCfg = Release|Any CPU
		{3F2A95B9-286E-473C-88DC-F5579F891C1B}.Release|x86.Build.0 = Release|Any CPU
		{AB1BB3AC-D991-4C45-A6A2-2F3B604AC870}.Debug|Any CPU.ActiveCfg = Debug|Any CPU
		{AB1BB3AC-D991-4C45-A6A2-2F3B604AC870}.Debug|Any CPU.Build.0 = Debug|Any CPU
		{AB1BB3AC-D991-4C45-A6A2-2F3B604AC870}.Debug|ARM.ActiveCfg = Debug|Any CPU
		{AB1BB3AC-D991-4C45-A6A2-2F3B604AC870}.Debug|ARM.Build.0 = Debug|Any CPU
		{AB1BB3AC-D991-4C45-A6A2-2F3B604AC870}.Debug|iPhone.ActiveCfg = Debug|Any CPU
		{AB1BB3AC-D991-4C45-A6A2-2F3B604AC870}.Debug|iPhone.Build.0 = Debug|Any CPU
		{AB1BB3AC-D991-4C45-A6A2-2F3B604AC870}.Debug|iPhoneSimulator.ActiveCfg = Debug|Any CPU
		{AB1BB3AC-D991-4C45-A6A2-2F3B604AC870}.Debug|iPhoneSimulator.Build.0 = Debug|Any CPU
		{AB1BB3AC-D991-4C45-A6A2-2F3B604AC870}.Debug|x64.ActiveCfg = Debug|Any CPU
		{AB1BB3AC-D991-4C45-A6A2-2F3B604AC870}.Debug|x64.Build.0 = Debug|Any CPU
		{AB1BB3AC-D991-4C45-A6A2-2F3B604AC870}.Debug|x86.ActiveCfg = Debug|Any CPU
		{AB1BB3AC-D991-4C45-A6A2-2F3B604AC870}.Debug|x86.Build.0 = Debug|Any CPU
		{AB1BB3AC-D991-4C45-A6A2-2F3B604AC870}.Release|Any CPU.ActiveCfg = Release|Any CPU
		{AB1BB3AC-D991-4C45-A6A2-2F3B604AC870}.Release|Any CPU.Build.0 = Release|Any CPU
		{AB1BB3AC-D991-4C45-A6A2-2F3B604AC870}.Release|ARM.ActiveCfg = Release|Any CPU
		{AB1BB3AC-D991-4C45-A6A2-2F3B604AC870}.Release|ARM.Build.0 = Release|Any CPU
		{AB1BB3AC-D991-4C45-A6A2-2F3B604AC870}.Release|iPhone.ActiveCfg = Release|Any CPU
		{AB1BB3AC-D991-4C45-A6A2-2F3B604AC870}.Release|iPhone.Build.0 = Release|Any CPU
		{AB1BB3AC-D991-4C45-A6A2-2F3B604AC870}.Release|iPhoneSimulator.ActiveCfg = Release|Any CPU
		{AB1BB3AC-D991-4C45-A6A2-2F3B604AC870}.Release|iPhoneSimulator.Build.0 = Release|Any CPU
		{AB1BB3AC-D991-4C45-A6A2-2F3B604AC870}.Release|x64.ActiveCfg = Release|Any CPU
		{AB1BB3AC-D991-4C45-A6A2-2F3B604AC870}.Release|x64.Build.0 = Release|Any CPU
		{AB1BB3AC-D991-4C45-A6A2-2F3B604AC870}.Release|x86.ActiveCfg = Release|Any CPU
		{AB1BB3AC-D991-4C45-A6A2-2F3B604AC870}.Release|x86.Build.0 = Release|Any CPU
		{1E33B304-9298-4BAC-946F-F8ABD3A5DFA4}.Debug|Any CPU.ActiveCfg = Debug|Any CPU
		{1E33B304-9298-4BAC-946F-F8ABD3A5DFA4}.Debug|Any CPU.Build.0 = Debug|Any CPU
		{1E33B304-9298-4BAC-946F-F8ABD3A5DFA4}.Debug|ARM.ActiveCfg = Debug|Any CPU
		{1E33B304-9298-4BAC-946F-F8ABD3A5DFA4}.Debug|ARM.Build.0 = Debug|Any CPU
		{1E33B304-9298-4BAC-946F-F8ABD3A5DFA4}.Debug|iPhone.ActiveCfg = Debug|Any CPU
		{1E33B304-9298-4BAC-946F-F8ABD3A5DFA4}.Debug|iPhone.Build.0 = Debug|Any CPU
		{1E33B304-9298-4BAC-946F-F8ABD3A5DFA4}.Debug|iPhoneSimulator.ActiveCfg = Debug|Any CPU
		{1E33B304-9298-4BAC-946F-F8ABD3A5DFA4}.Debug|iPhoneSimulator.Build.0 = Debug|Any CPU
		{1E33B304-9298-4BAC-946F-F8ABD3A5DFA4}.Debug|x64.ActiveCfg = Debug|Any CPU
		{1E33B304-9298-4BAC-946F-F8ABD3A5DFA4}.Debug|x64.Build.0 = Debug|Any CPU
		{1E33B304-9298-4BAC-946F-F8ABD3A5DFA4}.Debug|x86.ActiveCfg = Debug|Any CPU
		{1E33B304-9298-4BAC-946F-F8ABD3A5DFA4}.Debug|x86.Build.0 = Debug|Any CPU
		{1E33B304-9298-4BAC-946F-F8ABD3A5DFA4}.Release|Any CPU.ActiveCfg = Release|Any CPU
		{1E33B304-9298-4BAC-946F-F8ABD3A5DFA4}.Release|Any CPU.Build.0 = Release|Any CPU
		{1E33B304-9298-4BAC-946F-F8ABD3A5DFA4}.Release|ARM.ActiveCfg = Release|Any CPU
		{1E33B304-9298-4BAC-946F-F8ABD3A5DFA4}.Release|ARM.Build.0 = Release|Any CPU
		{1E33B304-9298-4BAC-946F-F8ABD3A5DFA4}.Release|iPhone.ActiveCfg = Release|Any CPU
		{1E33B304-9298-4BAC-946F-F8ABD3A5DFA4}.Release|iPhone.Build.0 = Release|Any CPU
		{1E33B304-9298-4BAC-946F-F8ABD3A5DFA4}.Release|iPhoneSimulator.ActiveCfg = Release|Any CPU
		{1E33B304-9298-4BAC-946F-F8ABD3A5DFA4}.Release|iPhoneSimulator.Build.0 = Release|Any CPU
		{1E33B304-9298-4BAC-946F-F8ABD3A5DFA4}.Release|x64.ActiveCfg = Release|Any CPU
		{1E33B304-9298-4BAC-946F-F8ABD3A5DFA4}.Release|x64.Build.0 = Release|Any CPU
		{1E33B304-9298-4BAC-946F-F8ABD3A5DFA4}.Release|x86.ActiveCfg = Release|Any CPU
		{1E33B304-9298-4BAC-946F-F8ABD3A5DFA4}.Release|x86.Build.0 = Release|Any CPU
		{4AEB5506-20B5-4E8C-BD0B-AC6745528A60}.Debug|Any CPU.ActiveCfg = Debug|Any CPU
		{4AEB5506-20B5-4E8C-BD0B-AC6745528A60}.Debug|Any CPU.Build.0 = Debug|Any CPU
		{4AEB5506-20B5-4E8C-BD0B-AC6745528A60}.Debug|ARM.ActiveCfg = Debug|Any CPU
		{4AEB5506-20B5-4E8C-BD0B-AC6745528A60}.Debug|ARM.Build.0 = Debug|Any CPU
		{4AEB5506-20B5-4E8C-BD0B-AC6745528A60}.Debug|iPhone.ActiveCfg = Debug|Any CPU
		{4AEB5506-20B5-4E8C-BD0B-AC6745528A60}.Debug|iPhone.Build.0 = Debug|Any CPU
		{4AEB5506-20B5-4E8C-BD0B-AC6745528A60}.Debug|iPhoneSimulator.ActiveCfg = Debug|Any CPU
		{4AEB5506-20B5-4E8C-BD0B-AC6745528A60}.Debug|iPhoneSimulator.Build.0 = Debug|Any CPU
		{4AEB5506-20B5-4E8C-BD0B-AC6745528A60}.Debug|x64.ActiveCfg = Debug|Any CPU
		{4AEB5506-20B5-4E8C-BD0B-AC6745528A60}.Debug|x64.Build.0 = Debug|Any CPU
		{4AEB5506-20B5-4E8C-BD0B-AC6745528A60}.Debug|x86.ActiveCfg = Debug|Any CPU
		{4AEB5506-20B5-4E8C-BD0B-AC6745528A60}.Debug|x86.Build.0 = Debug|Any CPU
		{4AEB5506-20B5-4E8C-BD0B-AC6745528A60}.Release|Any CPU.ActiveCfg = Release|Any CPU
		{4AEB5506-20B5-4E8C-BD0B-AC6745528A60}.Release|Any CPU.Build.0 = Release|Any CPU
		{4AEB5506-20B5-4E8C-BD0B-AC6745528A60}.Release|ARM.ActiveCfg = Release|Any CPU
		{4AEB5506-20B5-4E8C-BD0B-AC6745528A60}.Release|ARM.Build.0 = Release|Any CPU
		{4AEB5506-20B5-4E8C-BD0B-AC6745528A60}.Release|iPhone.ActiveCfg = Release|Any CPU
		{4AEB5506-20B5-4E8C-BD0B-AC6745528A60}.Release|iPhone.Build.0 = Release|Any CPU
		{4AEB5506-20B5-4E8C-BD0B-AC6745528A60}.Release|iPhoneSimulator.ActiveCfg = Release|Any CPU
		{4AEB5506-20B5-4E8C-BD0B-AC6745528A60}.Release|iPhoneSimulator.Build.0 = Release|Any CPU
		{4AEB5506-20B5-4E8C-BD0B-AC6745528A60}.Release|x64.ActiveCfg = Release|Any CPU
		{4AEB5506-20B5-4E8C-BD0B-AC6745528A60}.Release|x64.Build.0 = Release|Any CPU
		{4AEB5506-20B5-4E8C-BD0B-AC6745528A60}.Release|x86.ActiveCfg = Release|Any CPU
		{4AEB5506-20B5-4E8C-BD0B-AC6745528A60}.Release|x86.Build.0 = Release|Any CPU
		{93BAD24F-C421-4316-A158-E12C2DFBDB15}.Debug|Any CPU.ActiveCfg = Debug|Any CPU
		{93BAD24F-C421-4316-A158-E12C2DFBDB15}.Debug|Any CPU.Build.0 = Debug|Any CPU
		{93BAD24F-C421-4316-A158-E12C2DFBDB15}.Debug|ARM.ActiveCfg = Debug|Any CPU
		{93BAD24F-C421-4316-A158-E12C2DFBDB15}.Debug|ARM.Build.0 = Debug|Any CPU
		{93BAD24F-C421-4316-A158-E12C2DFBDB15}.Debug|iPhone.ActiveCfg = Debug|Any CPU
		{93BAD24F-C421-4316-A158-E12C2DFBDB15}.Debug|iPhone.Build.0 = Debug|Any CPU
		{93BAD24F-C421-4316-A158-E12C2DFBDB15}.Debug|iPhoneSimulator.ActiveCfg = Debug|Any CPU
		{93BAD24F-C421-4316-A158-E12C2DFBDB15}.Debug|iPhoneSimulator.Build.0 = Debug|Any CPU
		{93BAD24F-C421-4316-A158-E12C2DFBDB15}.Debug|x64.ActiveCfg = Debug|Any CPU
		{93BAD24F-C421-4316-A158-E12C2DFBDB15}.Debug|x64.Build.0 = Debug|Any CPU
		{93BAD24F-C421-4316-A158-E12C2DFBDB15}.Debug|x86.ActiveCfg = Debug|Any CPU
		{93BAD24F-C421-4316-A158-E12C2DFBDB15}.Debug|x86.Build.0 = Debug|Any CPU
		{93BAD24F-C421-4316-A158-E12C2DFBDB15}.Release|Any CPU.ActiveCfg = Release|Any CPU
		{93BAD24F-C421-4316-A158-E12C2DFBDB15}.Release|Any CPU.Build.0 = Release|Any CPU
		{93BAD24F-C421-4316-A158-E12C2DFBDB15}.Release|ARM.ActiveCfg = Release|Any CPU
		{93BAD24F-C421-4316-A158-E12C2DFBDB15}.Release|ARM.Build.0 = Release|Any CPU
		{93BAD24F-C421-4316-A158-E12C2DFBDB15}.Release|iPhone.ActiveCfg = Release|Any CPU
		{93BAD24F-C421-4316-A158-E12C2DFBDB15}.Release|iPhone.Build.0 = Release|Any CPU
		{93BAD24F-C421-4316-A158-E12C2DFBDB15}.Release|iPhoneSimulator.ActiveCfg = Release|Any CPU
		{93BAD24F-C421-4316-A158-E12C2DFBDB15}.Release|iPhoneSimulator.Build.0 = Release|Any CPU
		{93BAD24F-C421-4316-A158-E12C2DFBDB15}.Release|x64.ActiveCfg = Release|Any CPU
		{93BAD24F-C421-4316-A158-E12C2DFBDB15}.Release|x64.Build.0 = Release|Any CPU
		{93BAD24F-C421-4316-A158-E12C2DFBDB15}.Release|x86.ActiveCfg = Release|Any CPU
		{93BAD24F-C421-4316-A158-E12C2DFBDB15}.Release|x86.Build.0 = Release|Any CPU
		{0286298E-9530-4F43-9FF8-70EA461AFD08}.Debug|Any CPU.ActiveCfg = Debug|Any CPU
		{0286298E-9530-4F43-9FF8-70EA461AFD08}.Debug|Any CPU.Build.0 = Debug|Any CPU
		{0286298E-9530-4F43-9FF8-70EA461AFD08}.Debug|ARM.ActiveCfg = Debug|Any CPU
		{0286298E-9530-4F43-9FF8-70EA461AFD08}.Debug|ARM.Build.0 = Debug|Any CPU
		{0286298E-9530-4F43-9FF8-70EA461AFD08}.Debug|iPhone.ActiveCfg = Debug|Any CPU
		{0286298E-9530-4F43-9FF8-70EA461AFD08}.Debug|iPhone.Build.0 = Debug|Any CPU
		{0286298E-9530-4F43-9FF8-70EA461AFD08}.Debug|iPhoneSimulator.ActiveCfg = Debug|Any CPU
		{0286298E-9530-4F43-9FF8-70EA461AFD08}.Debug|iPhoneSimulator.Build.0 = Debug|Any CPU
		{0286298E-9530-4F43-9FF8-70EA461AFD08}.Debug|x64.ActiveCfg = Debug|Any CPU
		{0286298E-9530-4F43-9FF8-70EA461AFD08}.Debug|x64.Build.0 = Debug|Any CPU
		{0286298E-9530-4F43-9FF8-70EA461AFD08}.Debug|x86.ActiveCfg = Debug|Any CPU
		{0286298E-9530-4F43-9FF8-70EA461AFD08}.Debug|x86.Build.0 = Debug|Any CPU
		{0286298E-9530-4F43-9FF8-70EA461AFD08}.Release|Any CPU.ActiveCfg = Release|Any CPU
		{0286298E-9530-4F43-9FF8-70EA461AFD08}.Release|Any CPU.Build.0 = Release|Any CPU
		{0286298E-9530-4F43-9FF8-70EA461AFD08}.Release|ARM.ActiveCfg = Release|Any CPU
		{0286298E-9530-4F43-9FF8-70EA461AFD08}.Release|ARM.Build.0 = Release|Any CPU
		{0286298E-9530-4F43-9FF8-70EA461AFD08}.Release|iPhone.ActiveCfg = Release|Any CPU
		{0286298E-9530-4F43-9FF8-70EA461AFD08}.Release|iPhone.Build.0 = Release|Any CPU
		{0286298E-9530-4F43-9FF8-70EA461AFD08}.Release|iPhoneSimulator.ActiveCfg = Release|Any CPU
		{0286298E-9530-4F43-9FF8-70EA461AFD08}.Release|iPhoneSimulator.Build.0 = Release|Any CPU
		{0286298E-9530-4F43-9FF8-70EA461AFD08}.Release|x64.ActiveCfg = Release|Any CPU
		{0286298E-9530-4F43-9FF8-70EA461AFD08}.Release|x64.Build.0 = Release|Any CPU
		{0286298E-9530-4F43-9FF8-70EA461AFD08}.Release|x86.ActiveCfg = Release|Any CPU
		{0286298E-9530-4F43-9FF8-70EA461AFD08}.Release|x86.Build.0 = Release|Any CPU
		{3599F073-739B-43C5-A044-A460979CCB8C}.Debug|Any CPU.ActiveCfg = Debug|x86
		{3599F073-739B-43C5-A044-A460979CCB8C}.Debug|ARM.ActiveCfg = Debug|ARM
		{3599F073-739B-43C5-A044-A460979CCB8C}.Debug|ARM.Build.0 = Debug|ARM
		{3599F073-739B-43C5-A044-A460979CCB8C}.Debug|ARM.Deploy.0 = Debug|ARM
		{3599F073-739B-43C5-A044-A460979CCB8C}.Debug|iPhone.ActiveCfg = Debug|x86
		{3599F073-739B-43C5-A044-A460979CCB8C}.Debug|iPhoneSimulator.ActiveCfg = Debug|x86
		{3599F073-739B-43C5-A044-A460979CCB8C}.Debug|x64.ActiveCfg = Debug|x64
		{3599F073-739B-43C5-A044-A460979CCB8C}.Debug|x64.Build.0 = Debug|x64
		{3599F073-739B-43C5-A044-A460979CCB8C}.Debug|x64.Deploy.0 = Debug|x64
		{3599F073-739B-43C5-A044-A460979CCB8C}.Debug|x86.ActiveCfg = Debug|x86
		{3599F073-739B-43C5-A044-A460979CCB8C}.Debug|x86.Build.0 = Debug|x86
		{3599F073-739B-43C5-A044-A460979CCB8C}.Debug|x86.Deploy.0 = Debug|x86
		{3599F073-739B-43C5-A044-A460979CCB8C}.Release|Any CPU.ActiveCfg = Release|x86
		{3599F073-739B-43C5-A044-A460979CCB8C}.Release|ARM.ActiveCfg = Release|ARM
		{3599F073-739B-43C5-A044-A460979CCB8C}.Release|ARM.Build.0 = Release|ARM
		{3599F073-739B-43C5-A044-A460979CCB8C}.Release|ARM.Deploy.0 = Release|ARM
		{3599F073-739B-43C5-A044-A460979CCB8C}.Release|iPhone.ActiveCfg = Release|x86
		{3599F073-739B-43C5-A044-A460979CCB8C}.Release|iPhoneSimulator.ActiveCfg = Release|x86
		{3599F073-739B-43C5-A044-A460979CCB8C}.Release|x64.ActiveCfg = Release|x64
		{3599F073-739B-43C5-A044-A460979CCB8C}.Release|x64.Build.0 = Release|x64
		{3599F073-739B-43C5-A044-A460979CCB8C}.Release|x64.Deploy.0 = Release|x64
		{3599F073-739B-43C5-A044-A460979CCB8C}.Release|x86.ActiveCfg = Release|x86
		{3599F073-739B-43C5-A044-A460979CCB8C}.Release|x86.Build.0 = Release|x86
		{3599F073-739B-43C5-A044-A460979CCB8C}.Release|x86.Deploy.0 = Release|x86
		{26AB7E0B-36FC-4C01-BF83-913540C0D4FF}.Debug|Any CPU.ActiveCfg = Debug|Any CPU
		{26AB7E0B-36FC-4C01-BF83-913540C0D4FF}.Debug|Any CPU.Build.0 = Debug|Any CPU
		{26AB7E0B-36FC-4C01-BF83-913540C0D4FF}.Debug|ARM.ActiveCfg = Debug|Any CPU
		{26AB7E0B-36FC-4C01-BF83-913540C0D4FF}.Debug|ARM.Build.0 = Debug|Any CPU
		{26AB7E0B-36FC-4C01-BF83-913540C0D4FF}.Debug|iPhone.ActiveCfg = Debug|Any CPU
		{26AB7E0B-36FC-4C01-BF83-913540C0D4FF}.Debug|iPhone.Build.0 = Debug|Any CPU
		{26AB7E0B-36FC-4C01-BF83-913540C0D4FF}.Debug|iPhoneSimulator.ActiveCfg = Debug|Any CPU
		{26AB7E0B-36FC-4C01-BF83-913540C0D4FF}.Debug|iPhoneSimulator.Build.0 = Debug|Any CPU
		{26AB7E0B-36FC-4C01-BF83-913540C0D4FF}.Debug|x64.ActiveCfg = Debug|Any CPU
		{26AB7E0B-36FC-4C01-BF83-913540C0D4FF}.Debug|x64.Build.0 = Debug|Any CPU
		{26AB7E0B-36FC-4C01-BF83-913540C0D4FF}.Debug|x86.ActiveCfg = Debug|Any CPU
		{26AB7E0B-36FC-4C01-BF83-913540C0D4FF}.Debug|x86.Build.0 = Debug|Any CPU
		{26AB7E0B-36FC-4C01-BF83-913540C0D4FF}.Release|Any CPU.ActiveCfg = Release|Any CPU
		{26AB7E0B-36FC-4C01-BF83-913540C0D4FF}.Release|Any CPU.Build.0 = Release|Any CPU
		{26AB7E0B-36FC-4C01-BF83-913540C0D4FF}.Release|ARM.ActiveCfg = Release|Any CPU
		{26AB7E0B-36FC-4C01-BF83-913540C0D4FF}.Release|ARM.Build.0 = Release|Any CPU
		{26AB7E0B-36FC-4C01-BF83-913540C0D4FF}.Release|iPhone.ActiveCfg = Release|Any CPU
		{26AB7E0B-36FC-4C01-BF83-913540C0D4FF}.Release|iPhone.Build.0 = Release|Any CPU
		{26AB7E0B-36FC-4C01-BF83-913540C0D4FF}.Release|iPhoneSimulator.ActiveCfg = Release|Any CPU
		{26AB7E0B-36FC-4C01-BF83-913540C0D4FF}.Release|iPhoneSimulator.Build.0 = Release|Any CPU
		{26AB7E0B-36FC-4C01-BF83-913540C0D4FF}.Release|x64.ActiveCfg = Release|Any CPU
		{26AB7E0B-36FC-4C01-BF83-913540C0D4FF}.Release|x64.Build.0 = Release|Any CPU
		{26AB7E0B-36FC-4C01-BF83-913540C0D4FF}.Release|x86.ActiveCfg = Release|Any CPU
		{26AB7E0B-36FC-4C01-BF83-913540C0D4FF}.Release|x86.Build.0 = Release|Any CPU
		{FAFE5226-58FB-4DCE-AC3B-31FDFF352746}.Debug|Any CPU.ActiveCfg = Debug|Any CPU
		{FAFE5226-58FB-4DCE-AC3B-31FDFF352746}.Debug|Any CPU.Build.0 = Debug|Any CPU
		{FAFE5226-58FB-4DCE-AC3B-31FDFF352746}.Debug|ARM.ActiveCfg = Debug|Any CPU
		{FAFE5226-58FB-4DCE-AC3B-31FDFF352746}.Debug|ARM.Build.0 = Debug|Any CPU
		{FAFE5226-58FB-4DCE-AC3B-31FDFF352746}.Debug|iPhone.ActiveCfg = Debug|Any CPU
		{FAFE5226-58FB-4DCE-AC3B-31FDFF352746}.Debug|iPhone.Build.0 = Debug|Any CPU
		{FAFE5226-58FB-4DCE-AC3B-31FDFF352746}.Debug|iPhoneSimulator.ActiveCfg = Debug|Any CPU
		{FAFE5226-58FB-4DCE-AC3B-31FDFF352746}.Debug|iPhoneSimulator.Build.0 = Debug|Any CPU
		{FAFE5226-58FB-4DCE-AC3B-31FDFF352746}.Debug|x64.ActiveCfg = Debug|Any CPU
		{FAFE5226-58FB-4DCE-AC3B-31FDFF352746}.Debug|x64.Build.0 = Debug|Any CPU
		{FAFE5226-58FB-4DCE-AC3B-31FDFF352746}.Debug|x86.ActiveCfg = Debug|Any CPU
		{FAFE5226-58FB-4DCE-AC3B-31FDFF352746}.Debug|x86.Build.0 = Debug|Any CPU
		{FAFE5226-58FB-4DCE-AC3B-31FDFF352746}.Release|Any CPU.ActiveCfg = Release|Any CPU
		{FAFE5226-58FB-4DCE-AC3B-31FDFF352746}.Release|Any CPU.Build.0 = Release|Any CPU
		{FAFE5226-58FB-4DCE-AC3B-31FDFF352746}.Release|ARM.ActiveCfg = Release|Any CPU
		{FAFE5226-58FB-4DCE-AC3B-31FDFF352746}.Release|ARM.Build.0 = Release|Any CPU
		{FAFE5226-58FB-4DCE-AC3B-31FDFF352746}.Release|iPhone.ActiveCfg = Release|Any CPU
		{FAFE5226-58FB-4DCE-AC3B-31FDFF352746}.Release|iPhone.Build.0 = Release|Any CPU
		{FAFE5226-58FB-4DCE-AC3B-31FDFF352746}.Release|iPhoneSimulator.ActiveCfg = Release|Any CPU
		{FAFE5226-58FB-4DCE-AC3B-31FDFF352746}.Release|iPhoneSimulator.Build.0 = Release|Any CPU
		{FAFE5226-58FB-4DCE-AC3B-31FDFF352746}.Release|x64.ActiveCfg = Release|Any CPU
		{FAFE5226-58FB-4DCE-AC3B-31FDFF352746}.Release|x64.Build.0 = Release|Any CPU
		{FAFE5226-58FB-4DCE-AC3B-31FDFF352746}.Release|x86.ActiveCfg = Release|Any CPU
		{FAFE5226-58FB-4DCE-AC3B-31FDFF352746}.Release|x86.Build.0 = Release|Any CPU
		{C2E0B63B-C99D-4DA4-AB71-6BDEB14C4C7B}.Debug|Any CPU.ActiveCfg = Debug|iPhone
		{C2E0B63B-C99D-4DA4-AB71-6BDEB14C4C7B}.Debug|ARM.ActiveCfg = Debug|iPhone
		{C2E0B63B-C99D-4DA4-AB71-6BDEB14C4C7B}.Debug|iPhone.ActiveCfg = Debug|iPhone
		{C2E0B63B-C99D-4DA4-AB71-6BDEB14C4C7B}.Debug|iPhone.Build.0 = Debug|iPhone
		{C2E0B63B-C99D-4DA4-AB71-6BDEB14C4C7B}.Debug|iPhoneSimulator.ActiveCfg = Debug|iPhoneSimulator
		{C2E0B63B-C99D-4DA4-AB71-6BDEB14C4C7B}.Debug|iPhoneSimulator.Build.0 = Debug|iPhoneSimulator
		{C2E0B63B-C99D-4DA4-AB71-6BDEB14C4C7B}.Debug|x64.ActiveCfg = Debug|iPhone
		{C2E0B63B-C99D-4DA4-AB71-6BDEB14C4C7B}.Debug|x86.ActiveCfg = Debug|iPhone
		{C2E0B63B-C99D-4DA4-AB71-6BDEB14C4C7B}.Release|Any CPU.ActiveCfg = Release|iPhone
		{C2E0B63B-C99D-4DA4-AB71-6BDEB14C4C7B}.Release|ARM.ActiveCfg = Release|iPhone
		{C2E0B63B-C99D-4DA4-AB71-6BDEB14C4C7B}.Release|iPhone.ActiveCfg = Release|iPhone
		{C2E0B63B-C99D-4DA4-AB71-6BDEB14C4C7B}.Release|iPhone.Build.0 = Release|iPhone
		{C2E0B63B-C99D-4DA4-AB71-6BDEB14C4C7B}.Release|iPhoneSimulator.ActiveCfg = Release|iPhoneSimulator
		{C2E0B63B-C99D-4DA4-AB71-6BDEB14C4C7B}.Release|iPhoneSimulator.Build.0 = Release|iPhoneSimulator
		{C2E0B63B-C99D-4DA4-AB71-6BDEB14C4C7B}.Release|x64.ActiveCfg = Release|iPhone
		{C2E0B63B-C99D-4DA4-AB71-6BDEB14C4C7B}.Release|x86.ActiveCfg = Release|iPhone
		{7CBC6077-0655-4007-A5C9-F07E65592C9F}.Debug|Any CPU.ActiveCfg = Debug|Any CPU
		{7CBC6077-0655-4007-A5C9-F07E65592C9F}.Debug|Any CPU.Build.0 = Debug|Any CPU
		{7CBC6077-0655-4007-A5C9-F07E65592C9F}.Debug|Any CPU.Deploy.0 = Debug|Any CPU
		{7CBC6077-0655-4007-A5C9-F07E65592C9F}.Debug|ARM.ActiveCfg = Debug|Any CPU
		{7CBC6077-0655-4007-A5C9-F07E65592C9F}.Debug|ARM.Build.0 = Debug|Any CPU
		{7CBC6077-0655-4007-A5C9-F07E65592C9F}.Debug|ARM.Deploy.0 = Debug|Any CPU
		{7CBC6077-0655-4007-A5C9-F07E65592C9F}.Debug|iPhone.ActiveCfg = Debug|Any CPU
		{7CBC6077-0655-4007-A5C9-F07E65592C9F}.Debug|iPhone.Build.0 = Debug|Any CPU
		{7CBC6077-0655-4007-A5C9-F07E65592C9F}.Debug|iPhone.Deploy.0 = Debug|Any CPU
		{7CBC6077-0655-4007-A5C9-F07E65592C9F}.Debug|iPhoneSimulator.ActiveCfg = Debug|Any CPU
		{7CBC6077-0655-4007-A5C9-F07E65592C9F}.Debug|iPhoneSimulator.Build.0 = Debug|Any CPU
		{7CBC6077-0655-4007-A5C9-F07E65592C9F}.Debug|iPhoneSimulator.Deploy.0 = Debug|Any CPU
		{7CBC6077-0655-4007-A5C9-F07E65592C9F}.Debug|x64.ActiveCfg = Debug|Any CPU
		{7CBC6077-0655-4007-A5C9-F07E65592C9F}.Debug|x64.Build.0 = Debug|Any CPU
		{7CBC6077-0655-4007-A5C9-F07E65592C9F}.Debug|x64.Deploy.0 = Debug|Any CPU
		{7CBC6077-0655-4007-A5C9-F07E65592C9F}.Debug|x86.ActiveCfg = Debug|Any CPU
		{7CBC6077-0655-4007-A5C9-F07E65592C9F}.Debug|x86.Build.0 = Debug|Any CPU
		{7CBC6077-0655-4007-A5C9-F07E65592C9F}.Debug|x86.Deploy.0 = Debug|Any CPU
		{7CBC6077-0655-4007-A5C9-F07E65592C9F}.Release|Any CPU.ActiveCfg = Release|Any CPU
		{7CBC6077-0655-4007-A5C9-F07E65592C9F}.Release|Any CPU.Build.0 = Release|Any CPU
		{7CBC6077-0655-4007-A5C9-F07E65592C9F}.Release|Any CPU.Deploy.0 = Release|Any CPU
		{7CBC6077-0655-4007-A5C9-F07E65592C9F}.Release|ARM.ActiveCfg = Release|Any CPU
		{7CBC6077-0655-4007-A5C9-F07E65592C9F}.Release|ARM.Build.0 = Release|Any CPU
		{7CBC6077-0655-4007-A5C9-F07E65592C9F}.Release|ARM.Deploy.0 = Release|Any CPU
		{7CBC6077-0655-4007-A5C9-F07E65592C9F}.Release|iPhone.ActiveCfg = Release|Any CPU
		{7CBC6077-0655-4007-A5C9-F07E65592C9F}.Release|iPhone.Build.0 = Release|Any CPU
		{7CBC6077-0655-4007-A5C9-F07E65592C9F}.Release|iPhone.Deploy.0 = Release|Any CPU
		{7CBC6077-0655-4007-A5C9-F07E65592C9F}.Release|iPhoneSimulator.ActiveCfg = Release|Any CPU
		{7CBC6077-0655-4007-A5C9-F07E65592C9F}.Release|iPhoneSimulator.Build.0 = Release|Any CPU
		{7CBC6077-0655-4007-A5C9-F07E65592C9F}.Release|iPhoneSimulator.Deploy.0 = Release|Any CPU
		{7CBC6077-0655-4007-A5C9-F07E65592C9F}.Release|x64.ActiveCfg = Release|Any CPU
		{7CBC6077-0655-4007-A5C9-F07E65592C9F}.Release|x64.Build.0 = Release|Any CPU
		{7CBC6077-0655-4007-A5C9-F07E65592C9F}.Release|x64.Deploy.0 = Release|Any CPU
		{7CBC6077-0655-4007-A5C9-F07E65592C9F}.Release|x86.ActiveCfg = Release|Any CPU
		{7CBC6077-0655-4007-A5C9-F07E65592C9F}.Release|x86.Build.0 = Release|Any CPU
		{7CBC6077-0655-4007-A5C9-F07E65592C9F}.Release|x86.Deploy.0 = Release|Any CPU
		{6CE9A184-C15E-40B1-8BD4-0FC907A43D61}.Debug|Any CPU.ActiveCfg = Debug|Any CPU
		{6CE9A184-C15E-40B1-8BD4-0FC907A43D61}.Debug|Any CPU.Build.0 = Debug|Any CPU
		{6CE9A184-C15E-40B1-8BD4-0FC907A43D61}.Debug|ARM.ActiveCfg = Debug|Any CPU
		{6CE9A184-C15E-40B1-8BD4-0FC907A43D61}.Debug|ARM.Build.0 = Debug|Any CPU
		{6CE9A184-C15E-40B1-8BD4-0FC907A43D61}.Debug|iPhone.ActiveCfg = Debug|Any CPU
		{6CE9A184-C15E-40B1-8BD4-0FC907A43D61}.Debug|iPhone.Build.0 = Debug|Any CPU
		{6CE9A184-C15E-40B1-8BD4-0FC907A43D61}.Debug|iPhoneSimulator.ActiveCfg = Debug|Any CPU
		{6CE9A184-C15E-40B1-8BD4-0FC907A43D61}.Debug|iPhoneSimulator.Build.0 = Debug|Any CPU
		{6CE9A184-C15E-40B1-8BD4-0FC907A43D61}.Debug|x64.ActiveCfg = Debug|Any CPU
		{6CE9A184-C15E-40B1-8BD4-0FC907A43D61}.Debug|x64.Build.0 = Debug|Any CPU
		{6CE9A184-C15E-40B1-8BD4-0FC907A43D61}.Debug|x86.ActiveCfg = Debug|Any CPU
		{6CE9A184-C15E-40B1-8BD4-0FC907A43D61}.Debug|x86.Build.0 = Debug|Any CPU
		{6CE9A184-C15E-40B1-8BD4-0FC907A43D61}.Release|Any CPU.ActiveCfg = Release|Any CPU
		{6CE9A184-C15E-40B1-8BD4-0FC907A43D61}.Release|Any CPU.Build.0 = Release|Any CPU
		{6CE9A184-C15E-40B1-8BD4-0FC907A43D61}.Release|ARM.ActiveCfg = Release|Any CPU
		{6CE9A184-C15E-40B1-8BD4-0FC907A43D61}.Release|ARM.Build.0 = Release|Any CPU
		{6CE9A184-C15E-40B1-8BD4-0FC907A43D61}.Release|iPhone.ActiveCfg = Release|Any CPU
		{6CE9A184-C15E-40B1-8BD4-0FC907A43D61}.Release|iPhone.Build.0 = Release|Any CPU
		{6CE9A184-C15E-40B1-8BD4-0FC907A43D61}.Release|iPhoneSimulator.ActiveCfg = Release|Any CPU
		{6CE9A184-C15E-40B1-8BD4-0FC907A43D61}.Release|iPhoneSimulator.Build.0 = Release|Any CPU
		{6CE9A184-C15E-40B1-8BD4-0FC907A43D61}.Release|x64.ActiveCfg = Release|Any CPU
		{6CE9A184-C15E-40B1-8BD4-0FC907A43D61}.Release|x64.Build.0 = Release|Any CPU
		{6CE9A184-C15E-40B1-8BD4-0FC907A43D61}.Release|x86.ActiveCfg = Release|Any CPU
		{6CE9A184-C15E-40B1-8BD4-0FC907A43D61}.Release|x86.Build.0 = Release|Any CPU
		{A282ED13-E36A-4D0E-9B63-032C4A311293}.Debug|Any CPU.ActiveCfg = Debug|Any CPU
		{A282ED13-E36A-4D0E-9B63-032C4A311293}.Debug|Any CPU.Build.0 = Debug|Any CPU
		{A282ED13-E36A-4D0E-9B63-032C4A311293}.Debug|Any CPU.Deploy.0 = Debug|Any CPU
		{A282ED13-E36A-4D0E-9B63-032C4A311293}.Debug|ARM.ActiveCfg = Debug|Any CPU
		{A282ED13-E36A-4D0E-9B63-032C4A311293}.Debug|ARM.Build.0 = Debug|Any CPU
		{A282ED13-E36A-4D0E-9B63-032C4A311293}.Debug|ARM.Deploy.0 = Debug|Any CPU
		{A282ED13-E36A-4D0E-9B63-032C4A311293}.Debug|iPhone.ActiveCfg = Debug|Any CPU
		{A282ED13-E36A-4D0E-9B63-032C4A311293}.Debug|iPhone.Build.0 = Debug|Any CPU
		{A282ED13-E36A-4D0E-9B63-032C4A311293}.Debug|iPhone.Deploy.0 = Debug|Any CPU
		{A282ED13-E36A-4D0E-9B63-032C4A311293}.Debug|iPhoneSimulator.ActiveCfg = Debug|Any CPU
		{A282ED13-E36A-4D0E-9B63-032C4A311293}.Debug|iPhoneSimulator.Build.0 = Debug|Any CPU
		{A282ED13-E36A-4D0E-9B63-032C4A311293}.Debug|iPhoneSimulator.Deploy.0 = Debug|Any CPU
		{A282ED13-E36A-4D0E-9B63-032C4A311293}.Debug|x64.ActiveCfg = Debug|Any CPU
		{A282ED13-E36A-4D0E-9B63-032C4A311293}.Debug|x64.Build.0 = Debug|Any CPU
		{A282ED13-E36A-4D0E-9B63-032C4A311293}.Debug|x64.Deploy.0 = Debug|Any CPU
		{A282ED13-E36A-4D0E-9B63-032C4A311293}.Debug|x86.ActiveCfg = Debug|Any CPU
		{A282ED13-E36A-4D0E-9B63-032C4A311293}.Debug|x86.Build.0 = Debug|Any CPU
		{A282ED13-E36A-4D0E-9B63-032C4A311293}.Debug|x86.Deploy.0 = Debug|Any CPU
		{A282ED13-E36A-4D0E-9B63-032C4A311293}.Release|Any CPU.ActiveCfg = Release|Any CPU
		{A282ED13-E36A-4D0E-9B63-032C4A311293}.Release|Any CPU.Build.0 = Release|Any CPU
		{A282ED13-E36A-4D0E-9B63-032C4A311293}.Release|Any CPU.Deploy.0 = Release|Any CPU
		{A282ED13-E36A-4D0E-9B63-032C4A311293}.Release|ARM.ActiveCfg = Release|Any CPU
		{A282ED13-E36A-4D0E-9B63-032C4A311293}.Release|ARM.Build.0 = Release|Any CPU
		{A282ED13-E36A-4D0E-9B63-032C4A311293}.Release|ARM.Deploy.0 = Release|Any CPU
		{A282ED13-E36A-4D0E-9B63-032C4A311293}.Release|iPhone.ActiveCfg = Release|Any CPU
		{A282ED13-E36A-4D0E-9B63-032C4A311293}.Release|iPhone.Build.0 = Release|Any CPU
		{A282ED13-E36A-4D0E-9B63-032C4A311293}.Release|iPhone.Deploy.0 = Release|Any CPU
		{A282ED13-E36A-4D0E-9B63-032C4A311293}.Release|iPhoneSimulator.ActiveCfg = Release|Any CPU
		{A282ED13-E36A-4D0E-9B63-032C4A311293}.Release|iPhoneSimulator.Build.0 = Release|Any CPU
		{A282ED13-E36A-4D0E-9B63-032C4A311293}.Release|iPhoneSimulator.Deploy.0 = Release|Any CPU
		{A282ED13-E36A-4D0E-9B63-032C4A311293}.Release|x64.ActiveCfg = Release|Any CPU
		{A282ED13-E36A-4D0E-9B63-032C4A311293}.Release|x64.Build.0 = Release|Any CPU
		{A282ED13-E36A-4D0E-9B63-032C4A311293}.Release|x64.Deploy.0 = Release|Any CPU
		{A282ED13-E36A-4D0E-9B63-032C4A311293}.Release|x86.ActiveCfg = Release|Any CPU
		{A282ED13-E36A-4D0E-9B63-032C4A311293}.Release|x86.Build.0 = Release|Any CPU
		{A282ED13-E36A-4D0E-9B63-032C4A311293}.Release|x86.Deploy.0 = Release|Any CPU
		{44B1F453-0300-49C0-B9E9-2205E9EEAE2C}.Debug|Any CPU.ActiveCfg = Debug|iPhone
		{44B1F453-0300-49C0-B9E9-2205E9EEAE2C}.Debug|ARM.ActiveCfg = Debug|iPhone
		{44B1F453-0300-49C0-B9E9-2205E9EEAE2C}.Debug|iPhone.ActiveCfg = Debug|iPhone
		{44B1F453-0300-49C0-B9E9-2205E9EEAE2C}.Debug|iPhone.Build.0 = Debug|iPhone
		{44B1F453-0300-49C0-B9E9-2205E9EEAE2C}.Debug|iPhoneSimulator.ActiveCfg = Debug|iPhoneSimulator
		{44B1F453-0300-49C0-B9E9-2205E9EEAE2C}.Debug|iPhoneSimulator.Build.0 = Debug|iPhoneSimulator
		{44B1F453-0300-49C0-B9E9-2205E9EEAE2C}.Debug|x64.ActiveCfg = Debug|iPhone
		{44B1F453-0300-49C0-B9E9-2205E9EEAE2C}.Debug|x86.ActiveCfg = Debug|iPhone
		{44B1F453-0300-49C0-B9E9-2205E9EEAE2C}.Release|Any CPU.ActiveCfg = Release|iPhone
		{44B1F453-0300-49C0-B9E9-2205E9EEAE2C}.Release|ARM.ActiveCfg = Release|iPhone
		{44B1F453-0300-49C0-B9E9-2205E9EEAE2C}.Release|iPhone.ActiveCfg = Release|iPhone
		{44B1F453-0300-49C0-B9E9-2205E9EEAE2C}.Release|iPhone.Build.0 = Release|iPhone
		{44B1F453-0300-49C0-B9E9-2205E9EEAE2C}.Release|iPhoneSimulator.ActiveCfg = Release|iPhoneSimulator
		{44B1F453-0300-49C0-B9E9-2205E9EEAE2C}.Release|iPhoneSimulator.Build.0 = Release|iPhoneSimulator
		{44B1F453-0300-49C0-B9E9-2205E9EEAE2C}.Release|x64.ActiveCfg = Release|iPhone
		{44B1F453-0300-49C0-B9E9-2205E9EEAE2C}.Release|x86.ActiveCfg = Release|iPhone
		{9EFB7310-8073-4435-B17D-F1837EEEBA77}.Debug|Any CPU.ActiveCfg = Debug|Any CPU
		{9EFB7310-8073-4435-B17D-F1837EEEBA77}.Debug|Any CPU.Build.0 = Debug|Any CPU
		{9EFB7310-8073-4435-B17D-F1837EEEBA77}.Debug|ARM.ActiveCfg = Debug|Any CPU
		{9EFB7310-8073-4435-B17D-F1837EEEBA77}.Debug|ARM.Build.0 = Debug|Any CPU
		{9EFB7310-8073-4435-B17D-F1837EEEBA77}.Debug|iPhone.ActiveCfg = Debug|Any CPU
		{9EFB7310-8073-4435-B17D-F1837EEEBA77}.Debug|iPhone.Build.0 = Debug|Any CPU
		{9EFB7310-8073-4435-B17D-F1837EEEBA77}.Debug|iPhoneSimulator.ActiveCfg = Debug|Any CPU
		{9EFB7310-8073-4435-B17D-F1837EEEBA77}.Debug|iPhoneSimulator.Build.0 = Debug|Any CPU
		{9EFB7310-8073-4435-B17D-F1837EEEBA77}.Debug|x64.ActiveCfg = Debug|Any CPU
		{9EFB7310-8073-4435-B17D-F1837EEEBA77}.Debug|x64.Build.0 = Debug|Any CPU
		{9EFB7310-8073-4435-B17D-F1837EEEBA77}.Debug|x86.ActiveCfg = Debug|Any CPU
		{9EFB7310-8073-4435-B17D-F1837EEEBA77}.Debug|x86.Build.0 = Debug|Any CPU
		{9EFB7310-8073-4435-B17D-F1837EEEBA77}.Release|Any CPU.ActiveCfg = Release|Any CPU
		{9EFB7310-8073-4435-B17D-F1837EEEBA77}.Release|Any CPU.Build.0 = Release|Any CPU
		{9EFB7310-8073-4435-B17D-F1837EEEBA77}.Release|ARM.ActiveCfg = Release|Any CPU
		{9EFB7310-8073-4435-B17D-F1837EEEBA77}.Release|ARM.Build.0 = Release|Any CPU
		{9EFB7310-8073-4435-B17D-F1837EEEBA77}.Release|iPhone.ActiveCfg = Release|Any CPU
		{9EFB7310-8073-4435-B17D-F1837EEEBA77}.Release|iPhone.Build.0 = Release|Any CPU
		{9EFB7310-8073-4435-B17D-F1837EEEBA77}.Release|iPhoneSimulator.ActiveCfg = Release|Any CPU
		{9EFB7310-8073-4435-B17D-F1837EEEBA77}.Release|iPhoneSimulator.Build.0 = Release|Any CPU
		{9EFB7310-8073-4435-B17D-F1837EEEBA77}.Release|x64.ActiveCfg = Release|Any CPU
		{9EFB7310-8073-4435-B17D-F1837EEEBA77}.Release|x64.Build.0 = Release|Any CPU
		{9EFB7310-8073-4435-B17D-F1837EEEBA77}.Release|x86.ActiveCfg = Release|Any CPU
		{9EFB7310-8073-4435-B17D-F1837EEEBA77}.Release|x86.Build.0 = Release|Any CPU
		{B3826E21-4F02-4879-A4C2-257821B729FD}.Debug|Any CPU.ActiveCfg = Debug|Any CPU
		{B3826E21-4F02-4879-A4C2-257821B729FD}.Debug|Any CPU.Build.0 = Debug|Any CPU
		{B3826E21-4F02-4879-A4C2-257821B729FD}.Debug|ARM.ActiveCfg = Debug|Any CPU
		{B3826E21-4F02-4879-A4C2-257821B729FD}.Debug|ARM.Build.0 = Debug|Any CPU
		{B3826E21-4F02-4879-A4C2-257821B729FD}.Debug|iPhone.ActiveCfg = Debug|Any CPU
		{B3826E21-4F02-4879-A4C2-257821B729FD}.Debug|iPhone.Build.0 = Debug|Any CPU
		{B3826E21-4F02-4879-A4C2-257821B729FD}.Debug|iPhoneSimulator.ActiveCfg = Debug|Any CPU
		{B3826E21-4F02-4879-A4C2-257821B729FD}.Debug|iPhoneSimulator.Build.0 = Debug|Any CPU
		{B3826E21-4F02-4879-A4C2-257821B729FD}.Debug|x64.ActiveCfg = Debug|Any CPU
		{B3826E21-4F02-4879-A4C2-257821B729FD}.Debug|x64.Build.0 = Debug|Any CPU
		{B3826E21-4F02-4879-A4C2-257821B729FD}.Debug|x86.ActiveCfg = Debug|Any CPU
		{B3826E21-4F02-4879-A4C2-257821B729FD}.Debug|x86.Build.0 = Debug|Any CPU
		{B3826E21-4F02-4879-A4C2-257821B729FD}.Release|Any CPU.ActiveCfg = Release|Any CPU
		{B3826E21-4F02-4879-A4C2-257821B729FD}.Release|Any CPU.Build.0 = Release|Any CPU
		{B3826E21-4F02-4879-A4C2-257821B729FD}.Release|ARM.ActiveCfg = Release|Any CPU
		{B3826E21-4F02-4879-A4C2-257821B729FD}.Release|ARM.Build.0 = Release|Any CPU
		{B3826E21-4F02-4879-A4C2-257821B729FD}.Release|iPhone.ActiveCfg = Release|Any CPU
		{B3826E21-4F02-4879-A4C2-257821B729FD}.Release|iPhone.Build.0 = Release|Any CPU
		{B3826E21-4F02-4879-A4C2-257821B729FD}.Release|iPhoneSimulator.ActiveCfg = Release|Any CPU
		{B3826E21-4F02-4879-A4C2-257821B729FD}.Release|iPhoneSimulator.Build.0 = Release|Any CPU
		{B3826E21-4F02-4879-A4C2-257821B729FD}.Release|x64.ActiveCfg = Release|Any CPU
		{B3826E21-4F02-4879-A4C2-257821B729FD}.Release|x64.Build.0 = Release|Any CPU
		{B3826E21-4F02-4879-A4C2-257821B729FD}.Release|x86.ActiveCfg = Release|Any CPU
		{B3826E21-4F02-4879-A4C2-257821B729FD}.Release|x86.Build.0 = Release|Any CPU
		{2407E563-C06F-4D81-B094-311DC85B4B4A}.Debug|Any CPU.ActiveCfg = Debug|Any CPU
		{2407E563-C06F-4D81-B094-311DC85B4B4A}.Debug|Any CPU.Build.0 = Debug|Any CPU
		{2407E563-C06F-4D81-B094-311DC85B4B4A}.Debug|ARM.ActiveCfg = Debug|Any CPU
		{2407E563-C06F-4D81-B094-311DC85B4B4A}.Debug|ARM.Build.0 = Debug|Any CPU
		{2407E563-C06F-4D81-B094-311DC85B4B4A}.Debug|iPhone.ActiveCfg = Debug|Any CPU
		{2407E563-C06F-4D81-B094-311DC85B4B4A}.Debug|iPhone.Build.0 = Debug|Any CPU
		{2407E563-C06F-4D81-B094-311DC85B4B4A}.Debug|iPhoneSimulator.ActiveCfg = Debug|Any CPU
		{2407E563-C06F-4D81-B094-311DC85B4B4A}.Debug|iPhoneSimulator.Build.0 = Debug|Any CPU
		{2407E563-C06F-4D81-B094-311DC85B4B4A}.Debug|x64.ActiveCfg = Debug|Any CPU
		{2407E563-C06F-4D81-B094-311DC85B4B4A}.Debug|x64.Build.0 = Debug|Any CPU
		{2407E563-C06F-4D81-B094-311DC85B4B4A}.Debug|x86.ActiveCfg = Debug|Any CPU
		{2407E563-C06F-4D81-B094-311DC85B4B4A}.Debug|x86.Build.0 = Debug|Any CPU
		{2407E563-C06F-4D81-B094-311DC85B4B4A}.Release|Any CPU.ActiveCfg = Release|Any CPU
		{2407E563-C06F-4D81-B094-311DC85B4B4A}.Release|Any CPU.Build.0 = Release|Any CPU
		{2407E563-C06F-4D81-B094-311DC85B4B4A}.Release|ARM.ActiveCfg = Release|Any CPU
		{2407E563-C06F-4D81-B094-311DC85B4B4A}.Release|ARM.Build.0 = Release|Any CPU
		{2407E563-C06F-4D81-B094-311DC85B4B4A}.Release|iPhone.ActiveCfg = Release|Any CPU
		{2407E563-C06F-4D81-B094-311DC85B4B4A}.Release|iPhone.Build.0 = Release|Any CPU
		{2407E563-C06F-4D81-B094-311DC85B4B4A}.Release|iPhoneSimulator.ActiveCfg = Release|Any CPU
		{2407E563-C06F-4D81-B094-311DC85B4B4A}.Release|iPhoneSimulator.Build.0 = Release|Any CPU
		{2407E563-C06F-4D81-B094-311DC85B4B4A}.Release|x64.ActiveCfg = Release|Any CPU
		{2407E563-C06F-4D81-B094-311DC85B4B4A}.Release|x64.Build.0 = Release|Any CPU
		{2407E563-C06F-4D81-B094-311DC85B4B4A}.Release|x86.ActiveCfg = Release|Any CPU
		{2407E563-C06F-4D81-B094-311DC85B4B4A}.Release|x86.Build.0 = Release|Any CPU
		{9EE60D61-357B-4454-83F1-063166D6E74A}.Debug|Any CPU.ActiveCfg = Debug|x86
		{9EE60D61-357B-4454-83F1-063166D6E74A}.Debug|ARM.ActiveCfg = Debug|ARM
		{9EE60D61-357B-4454-83F1-063166D6E74A}.Debug|ARM.Build.0 = Debug|ARM
		{9EE60D61-357B-4454-83F1-063166D6E74A}.Debug|ARM.Deploy.0 = Debug|ARM
		{9EE60D61-357B-4454-83F1-063166D6E74A}.Debug|iPhone.ActiveCfg = Debug|x86
		{9EE60D61-357B-4454-83F1-063166D6E74A}.Debug|iPhoneSimulator.ActiveCfg = Debug|x86
		{9EE60D61-357B-4454-83F1-063166D6E74A}.Debug|x64.ActiveCfg = Debug|x64
		{9EE60D61-357B-4454-83F1-063166D6E74A}.Debug|x64.Build.0 = Debug|x64
		{9EE60D61-357B-4454-83F1-063166D6E74A}.Debug|x64.Deploy.0 = Debug|x64
		{9EE60D61-357B-4454-83F1-063166D6E74A}.Debug|x86.ActiveCfg = Debug|x86
		{9EE60D61-357B-4454-83F1-063166D6E74A}.Debug|x86.Build.0 = Debug|x86
		{9EE60D61-357B-4454-83F1-063166D6E74A}.Debug|x86.Deploy.0 = Debug|x86
		{9EE60D61-357B-4454-83F1-063166D6E74A}.Release|Any CPU.ActiveCfg = Release|x86
		{9EE60D61-357B-4454-83F1-063166D6E74A}.Release|ARM.ActiveCfg = Release|ARM
		{9EE60D61-357B-4454-83F1-063166D6E74A}.Release|ARM.Build.0 = Release|ARM
		{9EE60D61-357B-4454-83F1-063166D6E74A}.Release|ARM.Deploy.0 = Release|ARM
		{9EE60D61-357B-4454-83F1-063166D6E74A}.Release|iPhone.ActiveCfg = Release|x86
		{9EE60D61-357B-4454-83F1-063166D6E74A}.Release|iPhoneSimulator.ActiveCfg = Release|x86
		{9EE60D61-357B-4454-83F1-063166D6E74A}.Release|x64.ActiveCfg = Release|x64
		{9EE60D61-357B-4454-83F1-063166D6E74A}.Release|x64.Build.0 = Release|x64
		{9EE60D61-357B-4454-83F1-063166D6E74A}.Release|x64.Deploy.0 = Release|x64
		{9EE60D61-357B-4454-83F1-063166D6E74A}.Release|x86.ActiveCfg = Release|x86
		{9EE60D61-357B-4454-83F1-063166D6E74A}.Release|x86.Build.0 = Release|x86
		{9EE60D61-357B-4454-83F1-063166D6E74A}.Release|x86.Deploy.0 = Release|x86
		{53872825-759F-40EA-BE15-E757E0FC03D8}.Debug|Any CPU.ActiveCfg = Debug|Any CPU
		{53872825-759F-40EA-BE15-E757E0FC03D8}.Debug|Any CPU.Build.0 = Debug|Any CPU
		{53872825-759F-40EA-BE15-E757E0FC03D8}.Debug|ARM.ActiveCfg = Debug|Any CPU
		{53872825-759F-40EA-BE15-E757E0FC03D8}.Debug|ARM.Build.0 = Debug|Any CPU
		{53872825-759F-40EA-BE15-E757E0FC03D8}.Debug|iPhone.ActiveCfg = Debug|Any CPU
		{53872825-759F-40EA-BE15-E757E0FC03D8}.Debug|iPhone.Build.0 = Debug|Any CPU
		{53872825-759F-40EA-BE15-E757E0FC03D8}.Debug|iPhoneSimulator.ActiveCfg = Debug|Any CPU
		{53872825-759F-40EA-BE15-E757E0FC03D8}.Debug|iPhoneSimulator.Build.0 = Debug|Any CPU
		{53872825-759F-40EA-BE15-E757E0FC03D8}.Debug|x64.ActiveCfg = Debug|Any CPU
		{53872825-759F-40EA-BE15-E757E0FC03D8}.Debug|x64.Build.0 = Debug|Any CPU
		{53872825-759F-40EA-BE15-E757E0FC03D8}.Debug|x86.ActiveCfg = Debug|Any CPU
		{53872825-759F-40EA-BE15-E757E0FC03D8}.Debug|x86.Build.0 = Debug|Any CPU
		{53872825-759F-40EA-BE15-E757E0FC03D8}.Release|Any CPU.ActiveCfg = Release|Any CPU
		{53872825-759F-40EA-BE15-E757E0FC03D8}.Release|Any CPU.Build.0 = Release|Any CPU
		{53872825-759F-40EA-BE15-E757E0FC03D8}.Release|ARM.ActiveCfg = Release|Any CPU
		{53872825-759F-40EA-BE15-E757E0FC03D8}.Release|ARM.Build.0 = Release|Any CPU
		{53872825-759F-40EA-BE15-E757E0FC03D8}.Release|iPhone.ActiveCfg = Release|Any CPU
		{53872825-759F-40EA-BE15-E757E0FC03D8}.Release|iPhone.Build.0 = Release|Any CPU
		{53872825-759F-40EA-BE15-E757E0FC03D8}.Release|iPhoneSimulator.ActiveCfg = Release|Any CPU
		{53872825-759F-40EA-BE15-E757E0FC03D8}.Release|iPhoneSimulator.Build.0 = Release|Any CPU
		{53872825-759F-40EA-BE15-E757E0FC03D8}.Release|x64.ActiveCfg = Release|Any CPU
		{53872825-759F-40EA-BE15-E757E0FC03D8}.Release|x64.Build.0 = Release|Any CPU
		{53872825-759F-40EA-BE15-E757E0FC03D8}.Release|x86.ActiveCfg = Release|Any CPU
		{53872825-759F-40EA-BE15-E757E0FC03D8}.Release|x86.Build.0 = Release|Any CPU
		{B4FD4484-12E8-484D-AC9D-1CF7E0766E05}.Debug|Any CPU.ActiveCfg = Debug|Any CPU
		{B4FD4484-12E8-484D-AC9D-1CF7E0766E05}.Debug|Any CPU.Build.0 = Debug|Any CPU
		{B4FD4484-12E8-484D-AC9D-1CF7E0766E05}.Debug|ARM.ActiveCfg = Debug|Any CPU
		{B4FD4484-12E8-484D-AC9D-1CF7E0766E05}.Debug|ARM.Build.0 = Debug|Any CPU
		{B4FD4484-12E8-484D-AC9D-1CF7E0766E05}.Debug|iPhone.ActiveCfg = Debug|Any CPU
		{B4FD4484-12E8-484D-AC9D-1CF7E0766E05}.Debug|iPhone.Build.0 = Debug|Any CPU
		{B4FD4484-12E8-484D-AC9D-1CF7E0766E05}.Debug|iPhoneSimulator.ActiveCfg = Debug|Any CPU
		{B4FD4484-12E8-484D-AC9D-1CF7E0766E05}.Debug|iPhoneSimulator.Build.0 = Debug|Any CPU
		{B4FD4484-12E8-484D-AC9D-1CF7E0766E05}.Debug|x64.ActiveCfg = Debug|Any CPU
		{B4FD4484-12E8-484D-AC9D-1CF7E0766E05}.Debug|x64.Build.0 = Debug|Any CPU
		{B4FD4484-12E8-484D-AC9D-1CF7E0766E05}.Debug|x86.ActiveCfg = Debug|Any CPU
		{B4FD4484-12E8-484D-AC9D-1CF7E0766E05}.Debug|x86.Build.0 = Debug|Any CPU
		{B4FD4484-12E8-484D-AC9D-1CF7E0766E05}.Release|Any CPU.ActiveCfg = Release|Any CPU
		{B4FD4484-12E8-484D-AC9D-1CF7E0766E05}.Release|Any CPU.Build.0 = Release|Any CPU
		{B4FD4484-12E8-484D-AC9D-1CF7E0766E05}.Release|ARM.ActiveCfg = Release|Any CPU
		{B4FD4484-12E8-484D-AC9D-1CF7E0766E05}.Release|ARM.Build.0 = Release|Any CPU
		{B4FD4484-12E8-484D-AC9D-1CF7E0766E05}.Release|iPhone.ActiveCfg = Release|Any CPU
		{B4FD4484-12E8-484D-AC9D-1CF7E0766E05}.Release|iPhone.Build.0 = Release|Any CPU
		{B4FD4484-12E8-484D-AC9D-1CF7E0766E05}.Release|iPhoneSimulator.ActiveCfg = Release|Any CPU
		{B4FD4484-12E8-484D-AC9D-1CF7E0766E05}.Release|iPhoneSimulator.Build.0 = Release|Any CPU
		{B4FD4484-12E8-484D-AC9D-1CF7E0766E05}.Release|x64.ActiveCfg = Release|Any CPU
		{B4FD4484-12E8-484D-AC9D-1CF7E0766E05}.Release|x64.Build.0 = Release|Any CPU
		{B4FD4484-12E8-484D-AC9D-1CF7E0766E05}.Release|x86.ActiveCfg = Release|Any CPU
		{B4FD4484-12E8-484D-AC9D-1CF7E0766E05}.Release|x86.Build.0 = Release|Any CPU
		{E9F5A39F-9322-4AC8-82A7-0ED65E9E7B57}.Debug|Any CPU.ActiveCfg = Debug|Any CPU
		{E9F5A39F-9322-4AC8-82A7-0ED65E9E7B57}.Debug|Any CPU.Build.0 = Debug|Any CPU
		{E9F5A39F-9322-4AC8-82A7-0ED65E9E7B57}.Debug|ARM.ActiveCfg = Debug|Any CPU
		{E9F5A39F-9322-4AC8-82A7-0ED65E9E7B57}.Debug|ARM.Build.0 = Debug|Any CPU
		{E9F5A39F-9322-4AC8-82A7-0ED65E9E7B57}.Debug|iPhone.ActiveCfg = Debug|Any CPU
		{E9F5A39F-9322-4AC8-82A7-0ED65E9E7B57}.Debug|iPhone.Build.0 = Debug|Any CPU
		{E9F5A39F-9322-4AC8-82A7-0ED65E9E7B57}.Debug|iPhoneSimulator.ActiveCfg = Debug|Any CPU
		{E9F5A39F-9322-4AC8-82A7-0ED65E9E7B57}.Debug|iPhoneSimulator.Build.0 = Debug|Any CPU
		{E9F5A39F-9322-4AC8-82A7-0ED65E9E7B57}.Debug|x64.ActiveCfg = Debug|Any CPU
		{E9F5A39F-9322-4AC8-82A7-0ED65E9E7B57}.Debug|x64.Build.0 = Debug|Any CPU
		{E9F5A39F-9322-4AC8-82A7-0ED65E9E7B57}.Debug|x86.ActiveCfg = Debug|Any CPU
		{E9F5A39F-9322-4AC8-82A7-0ED65E9E7B57}.Debug|x86.Build.0 = Debug|Any CPU
		{E9F5A39F-9322-4AC8-82A7-0ED65E9E7B57}.Release|Any CPU.ActiveCfg = Release|Any CPU
		{E9F5A39F-9322-4AC8-82A7-0ED65E9E7B57}.Release|Any CPU.Build.0 = Release|Any CPU
		{E9F5A39F-9322-4AC8-82A7-0ED65E9E7B57}.Release|ARM.ActiveCfg = Release|Any CPU
		{E9F5A39F-9322-4AC8-82A7-0ED65E9E7B57}.Release|ARM.Build.0 = Release|Any CPU
		{E9F5A39F-9322-4AC8-82A7-0ED65E9E7B57}.Release|iPhone.ActiveCfg = Release|Any CPU
		{E9F5A39F-9322-4AC8-82A7-0ED65E9E7B57}.Release|iPhone.Build.0 = Release|Any CPU
		{E9F5A39F-9322-4AC8-82A7-0ED65E9E7B57}.Release|iPhoneSimulator.ActiveCfg = Release|Any CPU
		{E9F5A39F-9322-4AC8-82A7-0ED65E9E7B57}.Release|iPhoneSimulator.Build.0 = Release|Any CPU
		{E9F5A39F-9322-4AC8-82A7-0ED65E9E7B57}.Release|x64.ActiveCfg = Release|Any CPU
		{E9F5A39F-9322-4AC8-82A7-0ED65E9E7B57}.Release|x64.Build.0 = Release|Any CPU
		{E9F5A39F-9322-4AC8-82A7-0ED65E9E7B57}.Release|x86.ActiveCfg = Release|Any CPU
		{E9F5A39F-9322-4AC8-82A7-0ED65E9E7B57}.Release|x86.Build.0 = Release|Any CPU
		{C2FC2140-1E29-4FF9-9A89-A08DB41CC90A}.Debug|Any CPU.ActiveCfg = Debug|Any CPU
		{C2FC2140-1E29-4FF9-9A89-A08DB41CC90A}.Debug|Any CPU.Build.0 = Debug|Any CPU
		{C2FC2140-1E29-4FF9-9A89-A08DB41CC90A}.Debug|ARM.ActiveCfg = Debug|Any CPU
		{C2FC2140-1E29-4FF9-9A89-A08DB41CC90A}.Debug|ARM.Build.0 = Debug|Any CPU
		{C2FC2140-1E29-4FF9-9A89-A08DB41CC90A}.Debug|iPhone.ActiveCfg = Debug|Any CPU
		{C2FC2140-1E29-4FF9-9A89-A08DB41CC90A}.Debug|iPhone.Build.0 = Debug|Any CPU
		{C2FC2140-1E29-4FF9-9A89-A08DB41CC90A}.Debug|iPhoneSimulator.ActiveCfg = Debug|Any CPU
		{C2FC2140-1E29-4FF9-9A89-A08DB41CC90A}.Debug|iPhoneSimulator.Build.0 = Debug|Any CPU
		{C2FC2140-1E29-4FF9-9A89-A08DB41CC90A}.Debug|x64.ActiveCfg = Debug|Any CPU
		{C2FC2140-1E29-4FF9-9A89-A08DB41CC90A}.Debug|x64.Build.0 = Debug|Any CPU
		{C2FC2140-1E29-4FF9-9A89-A08DB41CC90A}.Debug|x86.ActiveCfg = Debug|Any CPU
		{C2FC2140-1E29-4FF9-9A89-A08DB41CC90A}.Debug|x86.Build.0 = Debug|Any CPU
		{C2FC2140-1E29-4FF9-9A89-A08DB41CC90A}.Release|Any CPU.ActiveCfg = Release|Any CPU
		{C2FC2140-1E29-4FF9-9A89-A08DB41CC90A}.Release|Any CPU.Build.0 = Release|Any CPU
		{C2FC2140-1E29-4FF9-9A89-A08DB41CC90A}.Release|ARM.ActiveCfg = Release|Any CPU
		{C2FC2140-1E29-4FF9-9A89-A08DB41CC90A}.Release|ARM.Build.0 = Release|Any CPU
		{C2FC2140-1E29-4FF9-9A89-A08DB41CC90A}.Release|iPhone.ActiveCfg = Release|Any CPU
		{C2FC2140-1E29-4FF9-9A89-A08DB41CC90A}.Release|iPhone.Build.0 = Release|Any CPU
		{C2FC2140-1E29-4FF9-9A89-A08DB41CC90A}.Release|iPhoneSimulator.ActiveCfg = Release|Any CPU
		{C2FC2140-1E29-4FF9-9A89-A08DB41CC90A}.Release|iPhoneSimulator.Build.0 = Release|Any CPU
		{C2FC2140-1E29-4FF9-9A89-A08DB41CC90A}.Release|x64.ActiveCfg = Release|Any CPU
		{C2FC2140-1E29-4FF9-9A89-A08DB41CC90A}.Release|x64.Build.0 = Release|Any CPU
		{C2FC2140-1E29-4FF9-9A89-A08DB41CC90A}.Release|x86.ActiveCfg = Release|Any CPU
		{C2FC2140-1E29-4FF9-9A89-A08DB41CC90A}.Release|x86.Build.0 = Release|Any CPU
		{381BC12F-84BE-4600-AADE-E1A22CB42A88}.Debug|Any CPU.ActiveCfg = Debug|Any CPU
		{381BC12F-84BE-4600-AADE-E1A22CB42A88}.Debug|Any CPU.Build.0 = Debug|Any CPU
		{381BC12F-84BE-4600-AADE-E1A22CB42A88}.Debug|ARM.ActiveCfg = Debug|Any CPU
		{381BC12F-84BE-4600-AADE-E1A22CB42A88}.Debug|ARM.Build.0 = Debug|Any CPU
		{381BC12F-84BE-4600-AADE-E1A22CB42A88}.Debug|iPhone.ActiveCfg = Debug|Any CPU
		{381BC12F-84BE-4600-AADE-E1A22CB42A88}.Debug|iPhone.Build.0 = Debug|Any CPU
		{381BC12F-84BE-4600-AADE-E1A22CB42A88}.Debug|iPhoneSimulator.ActiveCfg = Debug|Any CPU
		{381BC12F-84BE-4600-AADE-E1A22CB42A88}.Debug|iPhoneSimulator.Build.0 = Debug|Any CPU
		{381BC12F-84BE-4600-AADE-E1A22CB42A88}.Debug|x64.ActiveCfg = Debug|Any CPU
		{381BC12F-84BE-4600-AADE-E1A22CB42A88}.Debug|x64.Build.0 = Debug|Any CPU
		{381BC12F-84BE-4600-AADE-E1A22CB42A88}.Debug|x86.ActiveCfg = Debug|Any CPU
		{381BC12F-84BE-4600-AADE-E1A22CB42A88}.Debug|x86.Build.0 = Debug|Any CPU
		{381BC12F-84BE-4600-AADE-E1A22CB42A88}.Release|Any CPU.ActiveCfg = Release|Any CPU
		{381BC12F-84BE-4600-AADE-E1A22CB42A88}.Release|Any CPU.Build.0 = Release|Any CPU
		{381BC12F-84BE-4600-AADE-E1A22CB42A88}.Release|ARM.ActiveCfg = Release|Any CPU
		{381BC12F-84BE-4600-AADE-E1A22CB42A88}.Release|ARM.Build.0 = Release|Any CPU
		{381BC12F-84BE-4600-AADE-E1A22CB42A88}.Release|iPhone.ActiveCfg = Release|Any CPU
		{381BC12F-84BE-4600-AADE-E1A22CB42A88}.Release|iPhone.Build.0 = Release|Any CPU
		{381BC12F-84BE-4600-AADE-E1A22CB42A88}.Release|iPhoneSimulator.ActiveCfg = Release|Any CPU
		{381BC12F-84BE-4600-AADE-E1A22CB42A88}.Release|iPhoneSimulator.Build.0 = Release|Any CPU
		{381BC12F-84BE-4600-AADE-E1A22CB42A88}.Release|x64.ActiveCfg = Release|Any CPU
		{381BC12F-84BE-4600-AADE-E1A22CB42A88}.Release|x64.Build.0 = Release|Any CPU
		{381BC12F-84BE-4600-AADE-E1A22CB42A88}.Release|x86.ActiveCfg = Release|Any CPU
		{381BC12F-84BE-4600-AADE-E1A22CB42A88}.Release|x86.Build.0 = Release|Any CPU
		{5663AC88-D6CB-4684-A55E-8A4E136D7677}.Debug|Any CPU.ActiveCfg = Debug|Any CPU
		{5663AC88-D6CB-4684-A55E-8A4E136D7677}.Debug|Any CPU.Build.0 = Debug|Any CPU
		{5663AC88-D6CB-4684-A55E-8A4E136D7677}.Debug|ARM.ActiveCfg = Debug|Any CPU
		{5663AC88-D6CB-4684-A55E-8A4E136D7677}.Debug|ARM.Build.0 = Debug|Any CPU
		{5663AC88-D6CB-4684-A55E-8A4E136D7677}.Debug|iPhone.ActiveCfg = Debug|Any CPU
		{5663AC88-D6CB-4684-A55E-8A4E136D7677}.Debug|iPhone.Build.0 = Debug|Any CPU
		{5663AC88-D6CB-4684-A55E-8A4E136D7677}.Debug|iPhoneSimulator.ActiveCfg = Debug|Any CPU
		{5663AC88-D6CB-4684-A55E-8A4E136D7677}.Debug|iPhoneSimulator.Build.0 = Debug|Any CPU
		{5663AC88-D6CB-4684-A55E-8A4E136D7677}.Debug|x64.ActiveCfg = Debug|Any CPU
		{5663AC88-D6CB-4684-A55E-8A4E136D7677}.Debug|x64.Build.0 = Debug|Any CPU
		{5663AC88-D6CB-4684-A55E-8A4E136D7677}.Debug|x86.ActiveCfg = Debug|Any CPU
		{5663AC88-D6CB-4684-A55E-8A4E136D7677}.Debug|x86.Build.0 = Debug|Any CPU
		{5663AC88-D6CB-4684-A55E-8A4E136D7677}.Release|Any CPU.ActiveCfg = Release|Any CPU
		{5663AC88-D6CB-4684-A55E-8A4E136D7677}.Release|Any CPU.Build.0 = Release|Any CPU
		{5663AC88-D6CB-4684-A55E-8A4E136D7677}.Release|ARM.ActiveCfg = Release|Any CPU
		{5663AC88-D6CB-4684-A55E-8A4E136D7677}.Release|ARM.Build.0 = Release|Any CPU
		{5663AC88-D6CB-4684-A55E-8A4E136D7677}.Release|iPhone.ActiveCfg = Release|Any CPU
		{5663AC88-D6CB-4684-A55E-8A4E136D7677}.Release|iPhone.Build.0 = Release|Any CPU
		{5663AC88-D6CB-4684-A55E-8A4E136D7677}.Release|iPhoneSimulator.ActiveCfg = Release|Any CPU
		{5663AC88-D6CB-4684-A55E-8A4E136D7677}.Release|iPhoneSimulator.Build.0 = Release|Any CPU
		{5663AC88-D6CB-4684-A55E-8A4E136D7677}.Release|x64.ActiveCfg = Release|Any CPU
		{5663AC88-D6CB-4684-A55E-8A4E136D7677}.Release|x64.Build.0 = Release|Any CPU
		{5663AC88-D6CB-4684-A55E-8A4E136D7677}.Release|x86.ActiveCfg = Release|Any CPU
		{5663AC88-D6CB-4684-A55E-8A4E136D7677}.Release|x86.Build.0 = Release|Any CPU
		{387C7D9F-8675-4D46-84CE-7ADB1C9BE51A}.Debug|Any CPU.ActiveCfg = Debug|Any CPU
		{387C7D9F-8675-4D46-84CE-7ADB1C9BE51A}.Debug|Any CPU.Build.0 = Debug|Any CPU
		{387C7D9F-8675-4D46-84CE-7ADB1C9BE51A}.Debug|ARM.ActiveCfg = Debug|Any CPU
		{387C7D9F-8675-4D46-84CE-7ADB1C9BE51A}.Debug|ARM.Build.0 = Debug|Any CPU
		{387C7D9F-8675-4D46-84CE-7ADB1C9BE51A}.Debug|iPhone.ActiveCfg = Debug|Any CPU
		{387C7D9F-8675-4D46-84CE-7ADB1C9BE51A}.Debug|iPhone.Build.0 = Debug|Any CPU
		{387C7D9F-8675-4D46-84CE-7ADB1C9BE51A}.Debug|iPhoneSimulator.ActiveCfg = Debug|Any CPU
		{387C7D9F-8675-4D46-84CE-7ADB1C9BE51A}.Debug|iPhoneSimulator.Build.0 = Debug|Any CPU
		{387C7D9F-8675-4D46-84CE-7ADB1C9BE51A}.Debug|x64.ActiveCfg = Debug|Any CPU
		{387C7D9F-8675-4D46-84CE-7ADB1C9BE51A}.Debug|x64.Build.0 = Debug|Any CPU
		{387C7D9F-8675-4D46-84CE-7ADB1C9BE51A}.Debug|x86.ActiveCfg = Debug|Any CPU
		{387C7D9F-8675-4D46-84CE-7ADB1C9BE51A}.Debug|x86.Build.0 = Debug|Any CPU
		{387C7D9F-8675-4D46-84CE-7ADB1C9BE51A}.Release|Any CPU.ActiveCfg = Release|Any CPU
		{387C7D9F-8675-4D46-84CE-7ADB1C9BE51A}.Release|Any CPU.Build.0 = Release|Any CPU
		{387C7D9F-8675-4D46-84CE-7ADB1C9BE51A}.Release|ARM.ActiveCfg = Release|Any CPU
		{387C7D9F-8675-4D46-84CE-7ADB1C9BE51A}.Release|ARM.Build.0 = Release|Any CPU
		{387C7D9F-8675-4D46-84CE-7ADB1C9BE51A}.Release|iPhone.ActiveCfg = Release|Any CPU
		{387C7D9F-8675-4D46-84CE-7ADB1C9BE51A}.Release|iPhone.Build.0 = Release|Any CPU
		{387C7D9F-8675-4D46-84CE-7ADB1C9BE51A}.Release|iPhoneSimulator.ActiveCfg = Release|Any CPU
		{387C7D9F-8675-4D46-84CE-7ADB1C9BE51A}.Release|iPhoneSimulator.Build.0 = Release|Any CPU
		{387C7D9F-8675-4D46-84CE-7ADB1C9BE51A}.Release|x64.ActiveCfg = Release|Any CPU
		{387C7D9F-8675-4D46-84CE-7ADB1C9BE51A}.Release|x64.Build.0 = Release|Any CPU
		{387C7D9F-8675-4D46-84CE-7ADB1C9BE51A}.Release|x86.ActiveCfg = Release|Any CPU
		{387C7D9F-8675-4D46-84CE-7ADB1C9BE51A}.Release|x86.Build.0 = Release|Any CPU
	EndGlobalSection
	GlobalSection(SolutionProperties) = preSolution
		HideSolutionNode = FALSE
	EndGlobalSection
	GlobalSection(NestedProjects) = preSolution
		{52031280-C6C5-45B3-8B4E-019C631840AC} = {12845FC3-EBC3-48B1-BE84-EC6650C65190}
		{4751524A-F5BF-4CFB-8911-E029E388A436} = {08C3104B-3564-47A3-8044-8FEC93A2A713}
		{01328470-CF06-4C2C-BB3C-6F5807E0FF97} = {12845FC3-EBC3-48B1-BE84-EC6650C65190}
		{3F2A95B9-286E-473C-88DC-F5579F891C1B} = {ACE5C349-5C86-4C6D-A832-C1516EDAF431}
		{AB1BB3AC-D991-4C45-A6A2-2F3B604AC870} = {ACE5C349-5C86-4C6D-A832-C1516EDAF431}
		{1E33B304-9298-4BAC-946F-F8ABD3A5DFA4} = {BE131DC3-D9E9-46B4-ACF5-690B27B4194B}
		{4AEB5506-20B5-4E8C-BD0B-AC6745528A60} = {BE131DC3-D9E9-46B4-ACF5-690B27B4194B}
		{93BAD24F-C421-4316-A158-E12C2DFBDB15} = {ACE5C349-5C86-4C6D-A832-C1516EDAF431}
		{E0F4F189-BE91-4E4C-BDA5-5B1D4325C622} = {01328470-CF06-4C2C-BB3C-6F5807E0FF97}
		{41E2D34F-ABEF-40BE-A72F-9921B76C2E98} = {01328470-CF06-4C2C-BB3C-6F5807E0FF97}
		{ACE5C349-5C86-4C6D-A832-C1516EDAF431} = {52031280-C6C5-45B3-8B4E-019C631840AC}
		{BE131DC3-D9E9-46B4-ACF5-690B27B4194B} = {52031280-C6C5-45B3-8B4E-019C631840AC}
		{0286298E-9530-4F43-9FF8-70EA461AFD08} = {12845FC3-EBC3-48B1-BE84-EC6650C65190}
		{3599F073-739B-43C5-A044-A460979CCB8C} = {41E2D34F-ABEF-40BE-A72F-9921B76C2E98}
		{26AB7E0B-36FC-4C01-BF83-913540C0D4FF} = {41E2D34F-ABEF-40BE-A72F-9921B76C2E98}
		{FAFE5226-58FB-4DCE-AC3B-31FDFF352746} = {E0F4F189-BE91-4E4C-BDA5-5B1D4325C622}
		{C2E0B63B-C99D-4DA4-AB71-6BDEB14C4C7B} = {E0F4F189-BE91-4E4C-BDA5-5B1D4325C622}
		{7CBC6077-0655-4007-A5C9-F07E65592C9F} = {E0F4F189-BE91-4E4C-BDA5-5B1D4325C622}
		{6CE9A184-C15E-40B1-8BD4-0FC907A43D61} = {E0F4F189-BE91-4E4C-BDA5-5B1D4325C622}
		{A282ED13-E36A-4D0E-9B63-032C4A311293} = {E0F4F189-BE91-4E4C-BDA5-5B1D4325C622}
		{44B1F453-0300-49C0-B9E9-2205E9EEAE2C} = {E0F4F189-BE91-4E4C-BDA5-5B1D4325C622}
		{0CDCD99B-7442-4BB1-9B71-73C82E92D52E} = {01328470-CF06-4C2C-BB3C-6F5807E0FF97}
		{9EFB7310-8073-4435-B17D-F1837EEEBA77} = {0CDCD99B-7442-4BB1-9B71-73C82E92D52E}
		{B3826E21-4F02-4879-A4C2-257821B729FD} = {0CDCD99B-7442-4BB1-9B71-73C82E92D52E}
		{2407E563-C06F-4D81-B094-311DC85B4B4A} = {41E2D34F-ABEF-40BE-A72F-9921B76C2E98}
		{9EE60D61-357B-4454-83F1-063166D6E74A} = {41E2D34F-ABEF-40BE-A72F-9921B76C2E98}
		{53872825-759F-40EA-BE15-E757E0FC03D8} = {E0F4F189-BE91-4E4C-BDA5-5B1D4325C622}
		{B4FD4484-12E8-484D-AC9D-1CF7E0766E05} = {01328470-CF06-4C2C-BB3C-6F5807E0FF97}
		{E9F5A39F-9322-4AC8-82A7-0ED65E9E7B57} = {52031280-C6C5-45B3-8B4E-019C631840AC}
		{C2FC2140-1E29-4FF9-9A89-A08DB41CC90A} = {BE131DC3-D9E9-46B4-ACF5-690B27B4194B}
		{381BC12F-84BE-4600-AADE-E1A22CB42A88} = {BE131DC3-D9E9-46B4-ACF5-690B27B4194B}
		{5663AC88-D6CB-4684-A55E-8A4E136D7677} = {E0F4F189-BE91-4E4C-BDA5-5B1D4325C622}
		{387C7D9F-8675-4D46-84CE-7ADB1C9BE51A} = {E0F4F189-BE91-4E4C-BDA5-5B1D4325C622}
	EndGlobalSection
	GlobalSection(ExtensibilityGlobals) = postSolution
		SolutionGuid = {9E439733-1FE3-4222-B62E-3D2AF72FC4DE}
	EndGlobalSection
	GlobalSection(MonoDevelopProperties) = preSolution
		Policies = $0
		$0.VersionControlPolicy = $1
		$1.CommitMessageStyle = $2
		$2.LastFilePostfix = "@:\n  "
		$2.IncludeDirectoryPaths = True
	EndGlobalSection
EndGlobal
