
Microsoft Visual Studio Solution File, Format Version 12.00
# Visual Studio Version 16
VisualStudioVersion = 16.0.30204.135
MinimumVisualStudioVersion = 10.0.40219.1
Project("{2150E333-8FDC-42A3-9474-1A3956D46DE8}") = "Applications", "Applications", "{5F813851-E33A-4DDF-9A9E-8CFE17FD0E8A}"
EndProject
Project("{2150E333-8FDC-42A3-9474-1A3956D46DE8}") = "Data", "Data", "{609E860E-304F-4BFE-B712-D28BB8FC0C3A}"
EndProject
Project("{2150E333-8FDC-42A3-9474-1A3956D46DE8}") = "Common", "Common", "{6D27D6D9-DCDD-4395-A585-A8A9671E3247}"
EndProject
Project("{2150E333-8FDC-42A3-9474-1A3956D46DE8}") = "Domain", "Domain", "{C0823119-DDD0-4D54-9B36-E12E4A41F053}"
EndProject
Project("{2150E333-8FDC-42A3-9474-1A3956D46DE8}") = "Services", "Services", "{0BAEFA5A-443F-408F-A38F-3EB7ED30B8E1}"
EndProject
Project("{2150E333-8FDC-42A3-9474-1A3956D46DE8}") = "Tests", "Tests", "{5B899217-1F6F-4444-839E-4E85A6A87D00}"
EndProject
Project("{2150E333-8FDC-42A3-9474-1A3956D46DE8}") = "Shared", "Shared", "{41288D63-983C-4766-9CD3-7D2C24926068}"
EndProject
Project("{2150E333-8FDC-42A3-9474-1A3956D46DE8}") = "Abstractions", "Abstractions", "{39BC8579-1FDB-4F1C-9FEE-352AE1AAC450}"
EndProject
Project("{9A19103F-16F7-4668-BE54-9A1E7A4F7556}") = "Apps.Shared.Abstractions.Services", "Applications\Shared\Abstractions\Services\Apps.Shared.Abstractions.Services.csproj", "{A031AE3D-78A9-4104-B1C1-2CD6152A9EB2}"
EndProject
Project("{9A19103F-16F7-4668-BE54-9A1E7A4F7556}") = "Apps.Shared.Abstractions.ViewModels", "Applications\Shared\Abstractions\ViewModels\Apps.Shared.Abstractions.ViewModels.csproj", "{E83556CD-1534-4F69-932E-4C726A4B292C}"
EndProject
Project("{9A19103F-16F7-4668-BE54-9A1E7A4F7556}") = "Apps.Shared.ViewModels", "Applications\Shared\ViewModels\Apps.Shared.ViewModels.csproj", "{52517797-7A12-459E-915F-31B2F98D7AF2}"
EndProject
Project("{9A19103F-16F7-4668-BE54-9A1E7A4F7556}") = "Apps.Shared.Services", "Applications\Shared\Services\Apps.Shared.Services.csproj", "{2FEB7BB1-0E60-4811-930C-B16C11318630}"
EndProject
Project("{9A19103F-16F7-4668-BE54-9A1E7A4F7556}") = "Apps.Web.MVC", "Applications\Web\MVC\Apps.Web.MVC.csproj", "{CD70A58C-F2CE-4DB2-B33A-A66ECEF96FBF}"
EndProject
Project("{9A19103F-16F7-4668-BE54-9A1E7A4F7556}") = "Services.Unified", "Services\Unified\Services.Unified.csproj", "{8D713BFE-B2F7-4FFC-9434-81D474066940}"
EndProject
Project("{2150E333-8FDC-42A3-9474-1A3956D46DE8}") = "Web", "Web", "{AADEAD30-CC40-43A6-B39E-40BF5A4FD134}"
EndProject
Project("{2150E333-8FDC-42A3-9474-1A3956D46DE8}") = "Shared", "Shared", "{108F88F2-EE72-40A5-BF78-111CFE5A760C}"
EndProject
Project("{9A19103F-16F7-4668-BE54-9A1E7A4F7556}") = "Apps.Web.SharedUI", "Applications\Web\SharedUI\Apps.Web.SharedUI.csproj", "{A95F0997-E6C3-4B1C-A050-BDFE104B4F87}"
EndProject
Project("{9A19103F-16F7-4668-BE54-9A1E7A4F7556}") = "Data.Entity", "Data\Entity\Data.Entity.csproj", "{F66B34CD-EEE2-40ED-B247-C5A810F9B4E3}"
EndProject
Project("{9A19103F-16F7-4668-BE54-9A1E7A4F7556}") = "Data.Entity.Utils", "Data\Entity.Utils\Data.Entity.Utils.csproj", "{DA465C8C-83AC-42B2-9E3F-C76C9F547051}"
EndProject
Project("{9A19103F-16F7-4668-BE54-9A1E7A4F7556}") = "Data.Query", "Data\Query\Data.Query.csproj", "{EEF54652-989A-4458-B53E-C3451D097EC8}"
EndProject
Project("{9A19103F-16F7-4668-BE54-9A1E7A4F7556}") = "Data.Repository", "Data\Repository\Data.Repository.csproj", "{64630007-44C9-4382-A37E-575D8C28B7D7}"
EndProject
Project("{9A19103F-16F7-4668-BE54-9A1E7A4F7556}") = "Data.Repository.Interfaces", "Data\Repository.Interfaces\Data.Repository.Interfaces.csproj", "{0ACBA6B1-35AF-43A4-9654-A59374E67649}"
EndProject
Project("{9A19103F-16F7-4668-BE54-9A1E7A4F7556}") = "Domain.Abstractions", "Domain\Abstractions\Domain.Abstractions.csproj", "{BE6C0D6F-4CF1-48D2-91D3-8A946F5952EB}"
EndProject
Project("{9A19103F-16F7-4668-BE54-9A1E7A4F7556}") = "Domain.Extensions", "Domain\Extensions\Domain.Extensions.csproj", "{B8FB49EB-02A9-4E18-8B53-4742116FC499}"
EndProject
Project("{9A19103F-16F7-4668-BE54-9A1E7A4F7556}") = "Domain.Models", "Domain\Models\Domain.Models.csproj", "{61E7F8EC-CC25-43F3-BDA4-C8951171E859}"
EndProject
Global
	GlobalSection(SolutionConfigurationPlatforms) = preSolution
		Debug|Any CPU = Debug|Any CPU
		Release|Any CPU = Release|Any CPU
	EndGlobalSection
	GlobalSection(ProjectConfigurationPlatforms) = postSolution
		{A031AE3D-78A9-4104-B1C1-2CD6152A9EB2}.Debug|Any CPU.ActiveCfg = Debug|Any CPU
		{A031AE3D-78A9-4104-B1C1-2CD6152A9EB2}.Debug|Any CPU.Build.0 = Debug|Any CPU
		{A031AE3D-78A9-4104-B1C1-2CD6152A9EB2}.Release|Any CPU.ActiveCfg = Release|Any CPU
		{A031AE3D-78A9-4104-B1C1-2CD6152A9EB2}.Release|Any CPU.Build.0 = Release|Any CPU
		{E83556CD-1534-4F69-932E-4C726A4B292C}.Debug|Any CPU.ActiveCfg = Debug|Any CPU
		{E83556CD-1534-4F69-932E-4C726A4B292C}.Debug|Any CPU.Build.0 = Debug|Any CPU
		{E83556CD-1534-4F69-932E-4C726A4B292C}.Release|Any CPU.ActiveCfg = Release|Any CPU
		{E83556CD-1534-4F69-932E-4C726A4B292C}.Release|Any CPU.Build.0 = Release|Any CPU
		{52517797-7A12-459E-915F-31B2F98D7AF2}.Debug|Any CPU.ActiveCfg = Debug|Any CPU
		{52517797-7A12-459E-915F-31B2F98D7AF2}.Debug|Any CPU.Build.0 = Debug|Any CPU
		{52517797-7A12-459E-915F-31B2F98D7AF2}.Release|Any CPU.ActiveCfg = Release|Any CPU
		{52517797-7A12-459E-915F-31B2F98D7AF2}.Release|Any CPU.Build.0 = Release|Any CPU
		{2FEB7BB1-0E60-4811-930C-B16C11318630}.Debug|Any CPU.ActiveCfg = Debug|Any CPU
		{2FEB7BB1-0E60-4811-930C-B16C11318630}.Debug|Any CPU.Build.0 = Debug|Any CPU
		{2FEB7BB1-0E60-4811-930C-B16C11318630}.Release|Any CPU.ActiveCfg = Release|Any CPU
		{2FEB7BB1-0E60-4811-930C-B16C11318630}.Release|Any CPU.Build.0 = Release|Any CPU
		{CD70A58C-F2CE-4DB2-B33A-A66ECEF96FBF}.Debug|Any CPU.ActiveCfg = Debug|Any CPU
		{CD70A58C-F2CE-4DB2-B33A-A66ECEF96FBF}.Debug|Any CPU.Build.0 = Debug|Any CPU
		{CD70A58C-F2CE-4DB2-B33A-A66ECEF96FBF}.Release|Any CPU.ActiveCfg = Release|Any CPU
		{CD70A58C-F2CE-4DB2-B33A-A66ECEF96FBF}.Release|Any CPU.Build.0 = Release|Any CPU
		{8D713BFE-B2F7-4FFC-9434-81D474066940}.Debug|Any CPU.ActiveCfg = Debug|Any CPU
		{8D713BFE-B2F7-4FFC-9434-81D474066940}.Debug|Any CPU.Build.0 = Debug|Any CPU
		{8D713BFE-B2F7-4FFC-9434-81D474066940}.Release|Any CPU.ActiveCfg = Release|Any CPU
		{8D713BFE-B2F7-4FFC-9434-81D474066940}.Release|Any CPU.Build.0 = Release|Any CPU
		{A95F0997-E6C3-4B1C-A050-BDFE104B4F87}.Debug|Any CPU.ActiveCfg = Debug|Any CPU
		{A95F0997-E6C3-4B1C-A050-BDFE104B4F87}.Debug|Any CPU.Build.0 = Debug|Any CPU
		{A95F0997-E6C3-4B1C-A050-BDFE104B4F87}.Release|Any CPU.ActiveCfg = Release|Any CPU
		{A95F0997-E6C3-4B1C-A050-BDFE104B4F87}.Release|Any CPU.Build.0 = Release|Any CPU
		{F66B34CD-EEE2-40ED-B247-C5A810F9B4E3}.Debug|Any CPU.ActiveCfg = Debug|Any CPU
		{F66B34CD-EEE2-40ED-B247-C5A810F9B4E3}.Debug|Any CPU.Build.0 = Debug|Any CPU
		{F66B34CD-EEE2-40ED-B247-C5A810F9B4E3}.Release|Any CPU.ActiveCfg = Release|Any CPU
		{F66B34CD-EEE2-40ED-B247-C5A810F9B4E3}.Release|Any CPU.Build.0 = Release|Any CPU
		{DA465C8C-83AC-42B2-9E3F-C76C9F547051}.Debug|Any CPU.ActiveCfg = Debug|Any CPU
		{DA465C8C-83AC-42B2-9E3F-C76C9F547051}.Debug|Any CPU.Build.0 = Debug|Any CPU
		{DA465C8C-83AC-42B2-9E3F-C76C9F547051}.Release|Any CPU.ActiveCfg = Release|Any CPU
		{DA465C8C-83AC-42B2-9E3F-C76C9F547051}.Release|Any CPU.Build.0 = Release|Any CPU
		{EEF54652-989A-4458-B53E-C3451D097EC8}.Debug|Any CPU.ActiveCfg = Debug|Any CPU
		{EEF54652-989A-4458-B53E-C3451D097EC8}.Debug|Any CPU.Build.0 = Debug|Any CPU
		{EEF54652-989A-4458-B53E-C3451D097EC8}.Release|Any CPU.ActiveCfg = Release|Any CPU
		{EEF54652-989A-4458-B53E-C3451D097EC8}.Release|Any CPU.Build.0 = Release|Any CPU
		{64630007-44C9-4382-A37E-575D8C28B7D7}.Debug|Any CPU.ActiveCfg = Debug|Any CPU
		{64630007-44C9-4382-A37E-575D8C28B7D7}.Debug|Any CPU.Build.0 = Debug|Any CPU
		{64630007-44C9-4382-A37E-575D8C28B7D7}.Release|Any CPU.ActiveCfg = Release|Any CPU
		{64630007-44C9-4382-A37E-575D8C28B7D7}.Release|Any CPU.Build.0 = Release|Any CPU
		{0ACBA6B1-35AF-43A4-9654-A59374E67649}.Debug|Any CPU.ActiveCfg = Debug|Any CPU
		{0ACBA6B1-35AF-43A4-9654-A59374E67649}.Debug|Any CPU.Build.0 = Debug|Any CPU
		{0ACBA6B1-35AF-43A4-9654-A59374E67649}.Release|Any CPU.ActiveCfg = Release|Any CPU
		{0ACBA6B1-35AF-43A4-9654-A59374E67649}.Release|Any CPU.Build.0 = Release|Any CPU
		{BE6C0D6F-4CF1-48D2-91D3-8A946F5952EB}.Debug|Any CPU.ActiveCfg = Debug|Any CPU
		{BE6C0D6F-4CF1-48D2-91D3-8A946F5952EB}.Debug|Any CPU.Build.0 = Debug|Any CPU
		{BE6C0D6F-4CF1-48D2-91D3-8A946F5952EB}.Release|Any CPU.ActiveCfg = Release|Any CPU
		{BE6C0D6F-4CF1-48D2-91D3-8A946F5952EB}.Release|Any CPU.Build.0 = Release|Any CPU
		{B8FB49EB-02A9-4E18-8B53-4742116FC499}.Debug|Any CPU.ActiveCfg = Debug|Any CPU
		{B8FB49EB-02A9-4E18-8B53-4742116FC499}.Debug|Any CPU.Build.0 = Debug|Any CPU
		{B8FB49EB-02A9-4E18-8B53-4742116FC499}.Release|Any CPU.ActiveCfg = Release|Any CPU
		{B8FB49EB-02A9-4E18-8B53-4742116FC499}.Release|Any CPU.Build.0 = Release|Any CPU
		{61E7F8EC-CC25-43F3-BDA4-C8951171E859}.Debug|Any CPU.ActiveCfg = Debug|Any CPU
		{61E7F8EC-CC25-43F3-BDA4-C8951171E859}.Debug|Any CPU.Build.0 = Debug|Any CPU
		{61E7F8EC-CC25-43F3-BDA4-C8951171E859}.Release|Any CPU.ActiveCfg = Release|Any CPU
		{61E7F8EC-CC25-43F3-BDA4-C8951171E859}.Release|Any CPU.Build.0 = Release|Any CPU
	EndGlobalSection
	GlobalSection(SolutionProperties) = preSolution
		HideSolutionNode = FALSE
	EndGlobalSection
	GlobalSection(NestedProjects) = preSolution
		{41288D63-983C-4766-9CD3-7D2C24926068} = {5F813851-E33A-4DDF-9A9E-8CFE17FD0E8A}
		{39BC8579-1FDB-4F1C-9FEE-352AE1AAC450} = {41288D63-983C-4766-9CD3-7D2C24926068}
		{A031AE3D-78A9-4104-B1C1-2CD6152A9EB2} = {39BC8579-1FDB-4F1C-9FEE-352AE1AAC450}
		{E83556CD-1534-4F69-932E-4C726A4B292C} = {39BC8579-1FDB-4F1C-9FEE-352AE1AAC450}
		{52517797-7A12-459E-915F-31B2F98D7AF2} = {41288D63-983C-4766-9CD3-7D2C24926068}
		{2FEB7BB1-0E60-4811-930C-B16C11318630} = {41288D63-983C-4766-9CD3-7D2C24926068}
		{CD70A58C-F2CE-4DB2-B33A-A66ECEF96FBF} = {AADEAD30-CC40-43A6-B39E-40BF5A4FD134}
		{8D713BFE-B2F7-4FFC-9434-81D474066940} = {0BAEFA5A-443F-408F-A38F-3EB7ED30B8E1}
		{AADEAD30-CC40-43A6-B39E-40BF5A4FD134} = {5F813851-E33A-4DDF-9A9E-8CFE17FD0E8A}
		{108F88F2-EE72-40A5-BF78-111CFE5A760C} = {AADEAD30-CC40-43A6-B39E-40BF5A4FD134}
		{A95F0997-E6C3-4B1C-A050-BDFE104B4F87} = {108F88F2-EE72-40A5-BF78-111CFE5A760C}
		{F66B34CD-EEE2-40ED-B247-C5A810F9B4E3} = {609E860E-304F-4BFE-B712-D28BB8FC0C3A}
		{DA465C8C-83AC-42B2-9E3F-C76C9F547051} = {609E860E-304F-4BFE-B712-D28BB8FC0C3A}
		{EEF54652-989A-4458-B53E-C3451D097EC8} = {609E860E-304F-4BFE-B712-D28BB8FC0C3A}
		{64630007-44C9-4382-A37E-575D8C28B7D7} = {609E860E-304F-4BFE-B712-D28BB8FC0C3A}
		{0ACBA6B1-35AF-43A4-9654-A59374E67649} = {609E860E-304F-4BFE-B712-D28BB8FC0C3A}
		{BE6C0D6F-4CF1-48D2-91D3-8A946F5952EB} = {C0823119-DDD0-4D54-9B36-E12E4A41F053}
		{B8FB49EB-02A9-4E18-8B53-4742116FC499} = {C0823119-DDD0-4D54-9B36-E12E4A41F053}
		{61E7F8EC-CC25-43F3-BDA4-C8951171E859} = {C0823119-DDD0-4D54-9B36-E12E4A41F053}
	EndGlobalSection
	GlobalSection(ExtensibilityGlobals) = postSolution
		SolutionGuid = {CBF71EEF-6340-4A83-9636-1B1E7AEAB3AC}
	EndGlobalSection
EndGlobal
