
Microsoft Visual Studio Solution File, Format Version 12.00
# Visual Studio Version 16
VisualStudioVersion = 16.0.30204.135
MinimumVisualStudioVersion = 10.0.40219.1
Project("{2150E333-8FDC-42A3-9474-1A3956D46DE8}") = "Services", "Services", "{BD46683B-69B0-48FD-88DB-E90A077D2C62}"
EndProject
Project("{2150E333-8FDC-42A3-9474-1A3956D46DE8}") = "Data", "Data", "{2EE7D4E2-ED42-4C86-B63A-33E0B25275B8}"
EndProject
Project("{2150E333-8FDC-42A3-9474-1A3956D46DE8}") = "Tests", "Tests", "{D5F445E2-A411-4FD1-9BEF-4D5A489731F3}"
EndProject
Project("{2150E333-8FDC-42A3-9474-1A3956D46DE8}") = "Domain", "Domain", "{F99CC46C-1B1D-46E4-9A9C-40F231B4D547}"
EndProject
Project("{2150E333-8FDC-42A3-9474-1A3956D46DE8}") = "Applications", "Applications", "{7EF4D2A2-2508-4DEB-BC9C-212A17FB7842}"
EndProject
Project("{9A19103F-16F7-4668-BE54-9A1E7A4F7556}") = "Services.Unified", "Services\Unified\Services.Unified.csproj", "{1DBD1BBF-0FFB-44BF-AC7B-08AD27FDA8F0}"
EndProject
Project("{2150E333-8FDC-42A3-9474-1A3956D46DE8}") = "Shared", "Shared", "{F5501CDC-3BFE-4DB7-A53F-D4EEA5C02B2D}"
EndProject
Project("{2150E333-8FDC-42A3-9474-1A3956D46DE8}") = "Abstractions", "Abstractions", "{BCEBFE02-7C7F-4893-9F8D-7F0EE49779C2}"
EndProject
Project("{9A19103F-16F7-4668-BE54-9A1E7A4F7556}") = "Apps.Shared.Abstractions.Services", "Applications\Shared\Abstractions\Services\Apps.Shared.Abstractions.Services.csproj", "{55FE2E4F-4467-4227-8C97-107C53028030}"
EndProject
Project("{9A19103F-16F7-4668-BE54-9A1E7A4F7556}") = "Apps.Shared.Abstractions.ViewModels", "Applications\Shared\Abstractions\ViewModels\Apps.Shared.Abstractions.ViewModels.csproj", "{A03736C9-E9A9-42D0-8F46-1EDD6E706F61}"
EndProject
Project("{9A19103F-16F7-4668-BE54-9A1E7A4F7556}") = "Apps.Shared.Services", "Applications\Shared\Services\Apps.Shared.Services.csproj", "{89FE53ED-0421-435F-AE83-40C696ABFF9E}"
EndProject
Project("{9A19103F-16F7-4668-BE54-9A1E7A4F7556}") = "Apps.Shared.ViewModels", "Applications\Shared\ViewModels\Apps.Shared.ViewModels.csproj", "{BF929C1E-6407-43F1-9CD5-35EEECDBAF26}"
EndProject
Project("{2150E333-8FDC-42A3-9474-1A3956D46DE8}") = "Web", "Web", "{89DD075F-E4D8-4027-945E-7F60BD5634C4}"
EndProject
Project("{9A19103F-16F7-4668-BE54-9A1E7A4F7556}") = "Apps.Web.SharedUI", "Applications\Web\SharedUI\Apps.Web.SharedUI.csproj", "{8CBF15C4-7FE3-4095-90D6-C2B43A34530D}"
EndProject
Project("{2150E333-8FDC-42A3-9474-1A3956D46DE8}") = "MPA", "MPA", "{7F430D55-9D07-4F7F-908A-BBEA4CD37384}"
EndProject
Project("{9A19103F-16F7-4668-BE54-9A1E7A4F7556}") = "Apps.Web.MVC", "Applications\Web\MVC\Apps.Web.MVC.csproj", "{1333CE52-8D2A-4D28-86C0-8539BA3A10A8}"
EndProject
Project("{9A19103F-16F7-4668-BE54-9A1E7A4F7556}") = "Apps.Web.MVCDirect", "Applications\Web\MVCDirect\Apps.Web.MVCDirect.csproj", "{C4F82125-8218-413E-B258-EF6422589EA5}"
EndProject
Project("{9A19103F-16F7-4668-BE54-9A1E7A4F7556}") = "Apps.Web.BlazorServer", "Applications\Web\BlazorServer\Apps.Web.BlazorServer.csproj", "{AD3F5192-970B-4D99-B6D0-D948FDBD4921}"
EndProject
Project("{9A19103F-16F7-4668-BE54-9A1E7A4F7556}") = "Apps.Web.BlazorServerDirect", "Applications\Web\BlazorServerDirect\Apps.Web.BlazorServerDirect.csproj", "{D66D21DA-4D1B-4797-B789-1B0D937C5451}"
EndProject
Project("{2150E333-8FDC-42A3-9474-1A3956D46DE8}") = "SPA", "SPA", "{8A50CDA2-C0E7-4143-9805-08207927C098}"
EndProject
Project("{9A19103F-16F7-4668-BE54-9A1E7A4F7556}") = "Apps.Web.Angular", "Applications\Web\Angular\Apps.Web.Angular.csproj", "{036460A8-710F-45A1-919C-0869D0A8E949}"
EndProject
Project("{9A19103F-16F7-4668-BE54-9A1E7A4F7556}") = "Apps.Web.React", "Applications\Web\React\Apps.Web.React.csproj", "{21EFA75C-13CA-46A5-969E-66827CA882FD}"
EndProject
Project("{9A19103F-16F7-4668-BE54-9A1E7A4F7556}") = "Apps.Web.BlazorClient", "Applications\Web\BlazorClient\Apps.Web.BlazorClient.csproj", "{A0CBD180-35D7-4B1E-8FBB-08E054DDDFAE}"
EndProject
Project("{2150E333-8FDC-42A3-9474-1A3956D46DE8}") = "Common", "Common", "{63C18278-CD80-45D3-ABF2-C7F53B6F7376}"
EndProject
Project("{9A19103F-16F7-4668-BE54-9A1E7A4F7556}") = "Data.Entity", "Data\Entity\Data.Entity.csproj", "{44FAFA54-67FD-40BA-B587-FC0560638A8A}"
EndProject
Project("{9A19103F-16F7-4668-BE54-9A1E7A4F7556}") = "Data.Entity.Utils", "Data\Entity.Utils\Data.Entity.Utils.csproj", "{61BF8485-0A2B-4BA2-A466-82F5E02B8648}"
EndProject
Project("{9A19103F-16F7-4668-BE54-9A1E7A4F7556}") = "Data.Query", "Data\Query\Data.Query.csproj", "{F851C142-A625-48D3-BF50-F45D22D4EBDC}"
EndProject
Project("{9A19103F-16F7-4668-BE54-9A1E7A4F7556}") = "Data.Repository", "Data\Repository\Data.Repository.csproj", "{38583E83-283D-4D75-B98A-3322108A0C83}"
EndProject
Project("{9A19103F-16F7-4668-BE54-9A1E7A4F7556}") = "Data.Repository.Interfaces", "Data\Repository.Interfaces\Data.Repository.Interfaces.csproj", "{3333DB1D-9060-4D2D-B245-6082FAE78F2D}"
EndProject
Project("{9A19103F-16F7-4668-BE54-9A1E7A4F7556}") = "Domain.Abstractions", "Domain\Abstractions\Domain.Abstractions.csproj", "{AF1C9AFC-E814-4F67-9360-F8E538000B2E}"
EndProject
Project("{9A19103F-16F7-4668-BE54-9A1E7A4F7556}") = "Domain.Extensions", "Domain\Extensions\Domain.Extensions.csproj", "{291E42F6-C068-469E-B210-28DCDEE8ECE8}"
EndProject
Project("{9A19103F-16F7-4668-BE54-9A1E7A4F7556}") = "Domain.Models", "Domain\Models\Domain.Models.csproj", "{FC98B19F-7661-41BC-B35B-D64C8700A3A1}"
EndProject
Project("{9A19103F-16F7-4668-BE54-9A1E7A4F7556}") = "Common.DTO", "Common\DTO\Common.DTO.csproj", "{6E16DE9F-54E6-484D-AEE6-BE5DC8ADE93D}"
EndProject
Project("{9A19103F-16F7-4668-BE54-9A1E7A4F7556}") = "Services.Abstractions", "Services\Abstractions\Services.Abstractions.csproj", "{99A2231C-139F-4047-8E20-1816612BB710}"
EndProject
Project("{9A19103F-16F7-4668-BE54-9A1E7A4F7556}") = "Services.GraphTypes", "Services\GraphTypes\Services.GraphTypes.csproj", "{0FD3F1B6-0EED-4E79-A069-23F46F8AA8EF}"
EndProject
Project("{9A19103F-16F7-4668-BE54-9A1E7A4F7556}") = "Common.DTO.Abstractions", "Common\DTO.Abstractions\Common.DTO.Abstractions.csproj", "{6A2659E8-2EC7-4FF6-B855-BD374A0BE754}"
EndProject
Project("{9A19103F-16F7-4668-BE54-9A1E7A4F7556}") = "Common.Extentions.DependencyInjection", "Common\Extentions.DependencyInjection\Common.Extentions.DependencyInjection.csproj", "{E727911D-F530-4AF3-8FA7-0B2C746BE184}"
EndProject
Project("{9A19103F-16F7-4668-BE54-9A1E7A4F7556}") = "SDK.Abstractions", "Common\SDK.Abstractions\SDK.Abstractions.csproj", "{9E42380D-83E0-4E69-8EB4-CF4382DABB63}"
EndProject
Project("{9A19103F-16F7-4668-BE54-9A1E7A4F7556}") = "SDK", "Common\SDK\SDK.csproj", "{8654EFB0-4680-4C3E-B7AA-84A9788FD493}"
EndProject
Project("{9A19103F-16F7-4668-BE54-9A1E7A4F7556}") = "SDK.Extensions", "Common\SDK.Extensions\SDK.Extensions.csproj", "{E1F4D72A-DF78-4FC6-BE55-1CA8BDAE110B}"
EndProject
Project("{9A19103F-16F7-4668-BE54-9A1E7A4F7556}") = "Apps.Shared.StaticAssets", "Applications\Shared\StaticAssets\Apps.Shared.StaticAssets.csproj", "{AB669142-5DAB-42F8-837B-E3B389093EB3}"
EndProject
Project("{9A19103F-16F7-4668-BE54-9A1E7A4F7556}") = "Apps.Shared.ViewModels.Mappers.Domain", "Applications\Shared\ViewModels.Mappers\Domain\Apps.Shared.ViewModels.Mappers.Domain.csproj", "{7054B1A0-A447-4895-B408-5161EEEFB2F3}"
EndProject
Project("{9A19103F-16F7-4668-BE54-9A1E7A4F7556}") = "Apps.Shared.ViewModels.Mappers.DTO", "Applications\Shared\ViewModels.Mappers\DTO\Apps.Shared.ViewModels.Mappers.DTO.csproj", "{1C2AB8AA-FB42-4ECD-812E-4E4A51FF9CCB}"
EndProject
Global
	GlobalSection(SolutionConfigurationPlatforms) = preSolution
		Debug|Any CPU = Debug|Any CPU
		Release|Any CPU = Release|Any CPU
	EndGlobalSection
	GlobalSection(ProjectConfigurationPlatforms) = postSolution
		{1DBD1BBF-0FFB-44BF-AC7B-08AD27FDA8F0}.Debug|Any CPU.ActiveCfg = Debug|Any CPU
		{1DBD1BBF-0FFB-44BF-AC7B-08AD27FDA8F0}.Debug|Any CPU.Build.0 = Debug|Any CPU
		{1DBD1BBF-0FFB-44BF-AC7B-08AD27FDA8F0}.Release|Any CPU.ActiveCfg = Release|Any CPU
		{1DBD1BBF-0FFB-44BF-AC7B-08AD27FDA8F0}.Release|Any CPU.Build.0 = Release|Any CPU
		{55FE2E4F-4467-4227-8C97-107C53028030}.Debug|Any CPU.ActiveCfg = Debug|Any CPU
		{55FE2E4F-4467-4227-8C97-107C53028030}.Debug|Any CPU.Build.0 = Debug|Any CPU
		{55FE2E4F-4467-4227-8C97-107C53028030}.Release|Any CPU.ActiveCfg = Release|Any CPU
		{55FE2E4F-4467-4227-8C97-107C53028030}.Release|Any CPU.Build.0 = Release|Any CPU
		{A03736C9-E9A9-42D0-8F46-1EDD6E706F61}.Debug|Any CPU.ActiveCfg = Debug|Any CPU
		{A03736C9-E9A9-42D0-8F46-1EDD6E706F61}.Debug|Any CPU.Build.0 = Debug|Any CPU
		{A03736C9-E9A9-42D0-8F46-1EDD6E706F61}.Release|Any CPU.ActiveCfg = Release|Any CPU
		{A03736C9-E9A9-42D0-8F46-1EDD6E706F61}.Release|Any CPU.Build.0 = Release|Any CPU
		{89FE53ED-0421-435F-AE83-40C696ABFF9E}.Debug|Any CPU.ActiveCfg = Debug|Any CPU
		{89FE53ED-0421-435F-AE83-40C696ABFF9E}.Debug|Any CPU.Build.0 = Debug|Any CPU
		{89FE53ED-0421-435F-AE83-40C696ABFF9E}.Release|Any CPU.ActiveCfg = Release|Any CPU
		{89FE53ED-0421-435F-AE83-40C696ABFF9E}.Release|Any CPU.Build.0 = Release|Any CPU
		{BF929C1E-6407-43F1-9CD5-35EEECDBAF26}.Debug|Any CPU.ActiveCfg = Debug|Any CPU
		{BF929C1E-6407-43F1-9CD5-35EEECDBAF26}.Debug|Any CPU.Build.0 = Debug|Any CPU
		{BF929C1E-6407-43F1-9CD5-35EEECDBAF26}.Release|Any CPU.ActiveCfg = Release|Any CPU
		{BF929C1E-6407-43F1-9CD5-35EEECDBAF26}.Release|Any CPU.Build.0 = Release|Any CPU
		{8CBF15C4-7FE3-4095-90D6-C2B43A34530D}.Debug|Any CPU.ActiveCfg = Debug|Any CPU
		{8CBF15C4-7FE3-4095-90D6-C2B43A34530D}.Debug|Any CPU.Build.0 = Debug|Any CPU
		{8CBF15C4-7FE3-4095-90D6-C2B43A34530D}.Release|Any CPU.ActiveCfg = Release|Any CPU
		{8CBF15C4-7FE3-4095-90D6-C2B43A34530D}.Release|Any CPU.Build.0 = Release|Any CPU
		{1333CE52-8D2A-4D28-86C0-8539BA3A10A8}.Debug|Any CPU.ActiveCfg = Debug|Any CPU
		{1333CE52-8D2A-4D28-86C0-8539BA3A10A8}.Debug|Any CPU.Build.0 = Debug|Any CPU
		{1333CE52-8D2A-4D28-86C0-8539BA3A10A8}.Release|Any CPU.ActiveCfg = Release|Any CPU
		{1333CE52-8D2A-4D28-86C0-8539BA3A10A8}.Release|Any CPU.Build.0 = Release|Any CPU
		{C4F82125-8218-413E-B258-EF6422589EA5}.Debug|Any CPU.ActiveCfg = Debug|Any CPU
		{C4F82125-8218-413E-B258-EF6422589EA5}.Debug|Any CPU.Build.0 = Debug|Any CPU
		{C4F82125-8218-413E-B258-EF6422589EA5}.Release|Any CPU.ActiveCfg = Release|Any CPU
		{C4F82125-8218-413E-B258-EF6422589EA5}.Release|Any CPU.Build.0 = Release|Any CPU
		{AD3F5192-970B-4D99-B6D0-D948FDBD4921}.Debug|Any CPU.ActiveCfg = Debug|Any CPU
		{AD3F5192-970B-4D99-B6D0-D948FDBD4921}.Debug|Any CPU.Build.0 = Debug|Any CPU
		{AD3F5192-970B-4D99-B6D0-D948FDBD4921}.Release|Any CPU.ActiveCfg = Release|Any CPU
		{AD3F5192-970B-4D99-B6D0-D948FDBD4921}.Release|Any CPU.Build.0 = Release|Any CPU
		{D66D21DA-4D1B-4797-B789-1B0D937C5451}.Debug|Any CPU.ActiveCfg = Debug|Any CPU
		{D66D21DA-4D1B-4797-B789-1B0D937C5451}.Debug|Any CPU.Build.0 = Debug|Any CPU
		{D66D21DA-4D1B-4797-B789-1B0D937C5451}.Release|Any CPU.ActiveCfg = Release|Any CPU
		{D66D21DA-4D1B-4797-B789-1B0D937C5451}.Release|Any CPU.Build.0 = Release|Any CPU
		{036460A8-710F-45A1-919C-0869D0A8E949}.Debug|Any CPU.ActiveCfg = Debug|Any CPU
		{036460A8-710F-45A1-919C-0869D0A8E949}.Debug|Any CPU.Build.0 = Debug|Any CPU
		{036460A8-710F-45A1-919C-0869D0A8E949}.Release|Any CPU.ActiveCfg = Release|Any CPU
		{036460A8-710F-45A1-919C-0869D0A8E949}.Release|Any CPU.Build.0 = Release|Any CPU
		{21EFA75C-13CA-46A5-969E-66827CA882FD}.Debug|Any CPU.ActiveCfg = Debug|Any CPU
		{21EFA75C-13CA-46A5-969E-66827CA882FD}.Debug|Any CPU.Build.0 = Debug|Any CPU
		{21EFA75C-13CA-46A5-969E-66827CA882FD}.Release|Any CPU.ActiveCfg = Release|Any CPU
		{21EFA75C-13CA-46A5-969E-66827CA882FD}.Release|Any CPU.Build.0 = Release|Any CPU
		{A0CBD180-35D7-4B1E-8FBB-08E054DDDFAE}.Debug|Any CPU.ActiveCfg = Debug|Any CPU
		{A0CBD180-35D7-4B1E-8FBB-08E054DDDFAE}.Debug|Any CPU.Build.0 = Debug|Any CPU
		{A0CBD180-35D7-4B1E-8FBB-08E054DDDFAE}.Release|Any CPU.ActiveCfg = Release|Any CPU
		{A0CBD180-35D7-4B1E-8FBB-08E054DDDFAE}.Release|Any CPU.Build.0 = Release|Any CPU
		{44FAFA54-67FD-40BA-B587-FC0560638A8A}.Debug|Any CPU.ActiveCfg = Debug|Any CPU
		{44FAFA54-67FD-40BA-B587-FC0560638A8A}.Debug|Any CPU.Build.0 = Debug|Any CPU
		{44FAFA54-67FD-40BA-B587-FC0560638A8A}.Release|Any CPU.ActiveCfg = Release|Any CPU
		{44FAFA54-67FD-40BA-B587-FC0560638A8A}.Release|Any CPU.Build.0 = Release|Any CPU
		{61BF8485-0A2B-4BA2-A466-82F5E02B8648}.Debug|Any CPU.ActiveCfg = Debug|Any CPU
		{61BF8485-0A2B-4BA2-A466-82F5E02B8648}.Debug|Any CPU.Build.0 = Debug|Any CPU
		{61BF8485-0A2B-4BA2-A466-82F5E02B8648}.Release|Any CPU.ActiveCfg = Release|Any CPU
		{61BF8485-0A2B-4BA2-A466-82F5E02B8648}.Release|Any CPU.Build.0 = Release|Any CPU
		{F851C142-A625-48D3-BF50-F45D22D4EBDC}.Debug|Any CPU.ActiveCfg = Debug|Any CPU
		{F851C142-A625-48D3-BF50-F45D22D4EBDC}.Debug|Any CPU.Build.0 = Debug|Any CPU
		{F851C142-A625-48D3-BF50-F45D22D4EBDC}.Release|Any CPU.ActiveCfg = Release|Any CPU
		{F851C142-A625-48D3-BF50-F45D22D4EBDC}.Release|Any CPU.Build.0 = Release|Any CPU
		{38583E83-283D-4D75-B98A-3322108A0C83}.Debug|Any CPU.ActiveCfg = Debug|Any CPU
		{38583E83-283D-4D75-B98A-3322108A0C83}.Debug|Any CPU.Build.0 = Debug|Any CPU
		{38583E83-283D-4D75-B98A-3322108A0C83}.Release|Any CPU.ActiveCfg = Release|Any CPU
		{38583E83-283D-4D75-B98A-3322108A0C83}.Release|Any CPU.Build.0 = Release|Any CPU
		{3333DB1D-9060-4D2D-B245-6082FAE78F2D}.Debug|Any CPU.ActiveCfg = Debug|Any CPU
		{3333DB1D-9060-4D2D-B245-6082FAE78F2D}.Debug|Any CPU.Build.0 = Debug|Any CPU
		{3333DB1D-9060-4D2D-B245-6082FAE78F2D}.Release|Any CPU.ActiveCfg = Release|Any CPU
		{3333DB1D-9060-4D2D-B245-6082FAE78F2D}.Release|Any CPU.Build.0 = Release|Any CPU
		{AF1C9AFC-E814-4F67-9360-F8E538000B2E}.Debug|Any CPU.ActiveCfg = Debug|Any CPU
		{AF1C9AFC-E814-4F67-9360-F8E538000B2E}.Debug|Any CPU.Build.0 = Debug|Any CPU
		{AF1C9AFC-E814-4F67-9360-F8E538000B2E}.Release|Any CPU.ActiveCfg = Release|Any CPU
		{AF1C9AFC-E814-4F67-9360-F8E538000B2E}.Release|Any CPU.Build.0 = Release|Any CPU
		{291E42F6-C068-469E-B210-28DCDEE8ECE8}.Debug|Any CPU.ActiveCfg = Debug|Any CPU
		{291E42F6-C068-469E-B210-28DCDEE8ECE8}.Debug|Any CPU.Build.0 = Debug|Any CPU
		{291E42F6-C068-469E-B210-28DCDEE8ECE8}.Release|Any CPU.ActiveCfg = Release|Any CPU
		{291E42F6-C068-469E-B210-28DCDEE8ECE8}.Release|Any CPU.Build.0 = Release|Any CPU
		{FC98B19F-7661-41BC-B35B-D64C8700A3A1}.Debug|Any CPU.ActiveCfg = Debug|Any CPU
		{FC98B19F-7661-41BC-B35B-D64C8700A3A1}.Debug|Any CPU.Build.0 = Debug|Any CPU
		{FC98B19F-7661-41BC-B35B-D64C8700A3A1}.Release|Any CPU.ActiveCfg = Release|Any CPU
		{FC98B19F-7661-41BC-B35B-D64C8700A3A1}.Release|Any CPU.Build.0 = Release|Any CPU
		{6E16DE9F-54E6-484D-AEE6-BE5DC8ADE93D}.Debug|Any CPU.ActiveCfg = Debug|Any CPU
		{6E16DE9F-54E6-484D-AEE6-BE5DC8ADE93D}.Debug|Any CPU.Build.0 = Debug|Any CPU
		{6E16DE9F-54E6-484D-AEE6-BE5DC8ADE93D}.Release|Any CPU.ActiveCfg = Release|Any CPU
		{6E16DE9F-54E6-484D-AEE6-BE5DC8ADE93D}.Release|Any CPU.Build.0 = Release|Any CPU
		{99A2231C-139F-4047-8E20-1816612BB710}.Debug|Any CPU.ActiveCfg = Debug|Any CPU
		{99A2231C-139F-4047-8E20-1816612BB710}.Debug|Any CPU.Build.0 = Debug|Any CPU
		{99A2231C-139F-4047-8E20-1816612BB710}.Release|Any CPU.ActiveCfg = Release|Any CPU
		{99A2231C-139F-4047-8E20-1816612BB710}.Release|Any CPU.Build.0 = Release|Any CPU
		{0FD3F1B6-0EED-4E79-A069-23F46F8AA8EF}.Debug|Any CPU.ActiveCfg = Debug|Any CPU
		{0FD3F1B6-0EED-4E79-A069-23F46F8AA8EF}.Debug|Any CPU.Build.0 = Debug|Any CPU
		{0FD3F1B6-0EED-4E79-A069-23F46F8AA8EF}.Release|Any CPU.ActiveCfg = Release|Any CPU
		{0FD3F1B6-0EED-4E79-A069-23F46F8AA8EF}.Release|Any CPU.Build.0 = Release|Any CPU
		{6A2659E8-2EC7-4FF6-B855-BD374A0BE754}.Debug|Any CPU.ActiveCfg = Debug|Any CPU
		{6A2659E8-2EC7-4FF6-B855-BD374A0BE754}.Debug|Any CPU.Build.0 = Debug|Any CPU
		{6A2659E8-2EC7-4FF6-B855-BD374A0BE754}.Release|Any CPU.ActiveCfg = Release|Any CPU
		{6A2659E8-2EC7-4FF6-B855-BD374A0BE754}.Release|Any CPU.Build.0 = Release|Any CPU
		{E727911D-F530-4AF3-8FA7-0B2C746BE184}.Debug|Any CPU.ActiveCfg = Debug|Any CPU
		{E727911D-F530-4AF3-8FA7-0B2C746BE184}.Debug|Any CPU.Build.0 = Debug|Any CPU
		{E727911D-F530-4AF3-8FA7-0B2C746BE184}.Release|Any CPU.ActiveCfg = Release|Any CPU
		{E727911D-F530-4AF3-8FA7-0B2C746BE184}.Release|Any CPU.Build.0 = Release|Any CPU
		{9E42380D-83E0-4E69-8EB4-CF4382DABB63}.Debug|Any CPU.ActiveCfg = Debug|Any CPU
		{9E42380D-83E0-4E69-8EB4-CF4382DABB63}.Debug|Any CPU.Build.0 = Debug|Any CPU
		{9E42380D-83E0-4E69-8EB4-CF4382DABB63}.Release|Any CPU.ActiveCfg = Release|Any CPU
		{9E42380D-83E0-4E69-8EB4-CF4382DABB63}.Release|Any CPU.Build.0 = Release|Any CPU
		{8654EFB0-4680-4C3E-B7AA-84A9788FD493}.Debug|Any CPU.ActiveCfg = Debug|Any CPU
		{8654EFB0-4680-4C3E-B7AA-84A9788FD493}.Debug|Any CPU.Build.0 = Debug|Any CPU
		{8654EFB0-4680-4C3E-B7AA-84A9788FD493}.Release|Any CPU.ActiveCfg = Release|Any CPU
		{8654EFB0-4680-4C3E-B7AA-84A9788FD493}.Release|Any CPU.Build.0 = Release|Any CPU
		{E1F4D72A-DF78-4FC6-BE55-1CA8BDAE110B}.Debug|Any CPU.ActiveCfg = Debug|Any CPU
		{E1F4D72A-DF78-4FC6-BE55-1CA8BDAE110B}.Debug|Any CPU.Build.0 = Debug|Any CPU
		{E1F4D72A-DF78-4FC6-BE55-1CA8BDAE110B}.Release|Any CPU.ActiveCfg = Release|Any CPU
		{E1F4D72A-DF78-4FC6-BE55-1CA8BDAE110B}.Release|Any CPU.Build.0 = Release|Any CPU
		{AB669142-5DAB-42F8-837B-E3B389093EB3}.Debug|Any CPU.ActiveCfg = Debug|Any CPU
		{AB669142-5DAB-42F8-837B-E3B389093EB3}.Debug|Any CPU.Build.0 = Debug|Any CPU
		{AB669142-5DAB-42F8-837B-E3B389093EB3}.Release|Any CPU.ActiveCfg = Release|Any CPU
		{AB669142-5DAB-42F8-837B-E3B389093EB3}.Release|Any CPU.Build.0 = Release|Any CPU
		{7054B1A0-A447-4895-B408-5161EEEFB2F3}.Debug|Any CPU.ActiveCfg = Debug|Any CPU
		{7054B1A0-A447-4895-B408-5161EEEFB2F3}.Debug|Any CPU.Build.0 = Debug|Any CPU
		{7054B1A0-A447-4895-B408-5161EEEFB2F3}.Release|Any CPU.ActiveCfg = Release|Any CPU
		{7054B1A0-A447-4895-B408-5161EEEFB2F3}.Release|Any CPU.Build.0 = Release|Any CPU
		{1C2AB8AA-FB42-4ECD-812E-4E4A51FF9CCB}.Debug|Any CPU.ActiveCfg = Debug|Any CPU
		{1C2AB8AA-FB42-4ECD-812E-4E4A51FF9CCB}.Debug|Any CPU.Build.0 = Debug|Any CPU
		{1C2AB8AA-FB42-4ECD-812E-4E4A51FF9CCB}.Release|Any CPU.ActiveCfg = Release|Any CPU
		{1C2AB8AA-FB42-4ECD-812E-4E4A51FF9CCB}.Release|Any CPU.Build.0 = Release|Any CPU
	EndGlobalSection
	GlobalSection(SolutionProperties) = preSolution
		HideSolutionNode = FALSE
	EndGlobalSection
	GlobalSection(NestedProjects) = preSolution
		{1DBD1BBF-0FFB-44BF-AC7B-08AD27FDA8F0} = {BD46683B-69B0-48FD-88DB-E90A077D2C62}
		{F5501CDC-3BFE-4DB7-A53F-D4EEA5C02B2D} = {7EF4D2A2-2508-4DEB-BC9C-212A17FB7842}
		{BCEBFE02-7C7F-4893-9F8D-7F0EE49779C2} = {F5501CDC-3BFE-4DB7-A53F-D4EEA5C02B2D}
		{55FE2E4F-4467-4227-8C97-107C53028030} = {BCEBFE02-7C7F-4893-9F8D-7F0EE49779C2}
		{A03736C9-E9A9-42D0-8F46-1EDD6E706F61} = {BCEBFE02-7C7F-4893-9F8D-7F0EE49779C2}
		{89FE53ED-0421-435F-AE83-40C696ABFF9E} = {F5501CDC-3BFE-4DB7-A53F-D4EEA5C02B2D}
		{BF929C1E-6407-43F1-9CD5-35EEECDBAF26} = {F5501CDC-3BFE-4DB7-A53F-D4EEA5C02B2D}
		{89DD075F-E4D8-4027-945E-7F60BD5634C4} = {7EF4D2A2-2508-4DEB-BC9C-212A17FB7842}
		{8CBF15C4-7FE3-4095-90D6-C2B43A34530D} = {89DD075F-E4D8-4027-945E-7F60BD5634C4}
		{7F430D55-9D07-4F7F-908A-BBEA4CD37384} = {89DD075F-E4D8-4027-945E-7F60BD5634C4}
		{1333CE52-8D2A-4D28-86C0-8539BA3A10A8} = {7F430D55-9D07-4F7F-908A-BBEA4CD37384}
		{C4F82125-8218-413E-B258-EF6422589EA5} = {7F430D55-9D07-4F7F-908A-BBEA4CD37384}
		{AD3F5192-970B-4D99-B6D0-D948FDBD4921} = {7F430D55-9D07-4F7F-908A-BBEA4CD37384}
		{D66D21DA-4D1B-4797-B789-1B0D937C5451} = {7F430D55-9D07-4F7F-908A-BBEA4CD37384}
		{8A50CDA2-C0E7-4143-9805-08207927C098} = {89DD075F-E4D8-4027-945E-7F60BD5634C4}
		{036460A8-710F-45A1-919C-0869D0A8E949} = {8A50CDA2-C0E7-4143-9805-08207927C098}
		{21EFA75C-13CA-46A5-969E-66827CA882FD} = {8A50CDA2-C0E7-4143-9805-08207927C098}
		{A0CBD180-35D7-4B1E-8FBB-08E054DDDFAE} = {8A50CDA2-C0E7-4143-9805-08207927C098}
		{44FAFA54-67FD-40BA-B587-FC0560638A8A} = {2EE7D4E2-ED42-4C86-B63A-33E0B25275B8}
		{61BF8485-0A2B-4BA2-A466-82F5E02B8648} = {2EE7D4E2-ED42-4C86-B63A-33E0B25275B8}
		{F851C142-A625-48D3-BF50-F45D22D4EBDC} = {2EE7D4E2-ED42-4C86-B63A-33E0B25275B8}
		{38583E83-283D-4D75-B98A-3322108A0C83} = {2EE7D4E2-ED42-4C86-B63A-33E0B25275B8}
		{3333DB1D-9060-4D2D-B245-6082FAE78F2D} = {2EE7D4E2-ED42-4C86-B63A-33E0B25275B8}
		{AF1C9AFC-E814-4F67-9360-F8E538000B2E} = {F99CC46C-1B1D-46E4-9A9C-40F231B4D547}
		{291E42F6-C068-469E-B210-28DCDEE8ECE8} = {F99CC46C-1B1D-46E4-9A9C-40F231B4D547}
		{FC98B19F-7661-41BC-B35B-D64C8700A3A1} = {F99CC46C-1B1D-46E4-9A9C-40F231B4D547}
		{6E16DE9F-54E6-484D-AEE6-BE5DC8ADE93D} = {63C18278-CD80-45D3-ABF2-C7F53B6F7376}
		{99A2231C-139F-4047-8E20-1816612BB710} = {BD46683B-69B0-48FD-88DB-E90A077D2C62}
		{0FD3F1B6-0EED-4E79-A069-23F46F8AA8EF} = {BD46683B-69B0-48FD-88DB-E90A077D2C62}
		{6A2659E8-2EC7-4FF6-B855-BD374A0BE754} = {63C18278-CD80-45D3-ABF2-C7F53B6F7376}
		{E727911D-F530-4AF3-8FA7-0B2C746BE184} = {63C18278-CD80-45D3-ABF2-C7F53B6F7376}
		{9E42380D-83E0-4E69-8EB4-CF4382DABB63} = {63C18278-CD80-45D3-ABF2-C7F53B6F7376}
		{8654EFB0-4680-4C3E-B7AA-84A9788FD493} = {63C18278-CD80-45D3-ABF2-C7F53B6F7376}
		{E1F4D72A-DF78-4FC6-BE55-1CA8BDAE110B} = {63C18278-CD80-45D3-ABF2-C7F53B6F7376}
		{AB669142-5DAB-42F8-837B-E3B389093EB3} = {F5501CDC-3BFE-4DB7-A53F-D4EEA5C02B2D}
		{7054B1A0-A447-4895-B408-5161EEEFB2F3} = {F5501CDC-3BFE-4DB7-A53F-D4EEA5C02B2D}
		{1C2AB8AA-FB42-4ECD-812E-4E4A51FF9CCB} = {F5501CDC-3BFE-4DB7-A53F-D4EEA5C02B2D}
	EndGlobalSection
	GlobalSection(ExtensibilityGlobals) = postSolution
		SolutionGuid = {28AB4725-9444-4B20-A370-20B2173CAC40}
	EndGlobalSection
EndGlobal
